{
    "version": 3,
    "terraform_version": "0.11.14",
    "serial": 4,
    "lineage": "a9e3fab4-fe0e-a01d-cb72-26a642687cdc",
    "modules": [
        {
            "path": [
                "root"
            ],
            "outputs": {},
            "resources": {
                "azurerm_network_interface.myterraformnic": {
                    "type": "azurerm_network_interface",
                    "depends_on": [
                        "azurerm_network_security_group.myterraformnsg",
                        "azurerm_public_ip.myterraformpublicip",
                        "azurerm_resource_group.rg",
                        "azurerm_subnet.myterraformsubnet"
                    ],
                    "primary": {
                        "id": "/subscriptions/cf2be2cb-24b7-4cb0-ba3c-7bdb3966bf29/resourceGroups/testResourceGroup/providers/Microsoft.Network/networkInterfaces/myNIC",
                        "attributes": {
                            "applied_dns_servers.#": "0",
                            "dns_servers.#": "0",
                            "enable_accelerated_networking": "false",
                            "enable_ip_forwarding": "false",
                            "id": "/subscriptions/cf2be2cb-24b7-4cb0-ba3c-7bdb3966bf29/resourceGroups/testResourceGroup/providers/Microsoft.Network/networkInterfaces/myNIC",
                            "internal_dns_name_label": "",
                            "internal_fqdn": "",
                            "ip_configuration.#": "1",
                            "ip_configuration.0.application_gateway_backend_address_pools_ids.#": "0",
                            "ip_configuration.0.application_security_group_ids.#": "0",
                            "ip_configuration.0.load_balancer_backend_address_pools_ids.#": "0",
                            "ip_configuration.0.load_balancer_inbound_nat_rules_ids.#": "0",
                            "ip_configuration.0.name": "myNicConfiguration",
                            "ip_configuration.0.primary": "true",
                            "ip_configuration.0.private_ip_address": "",
                            "ip_configuration.0.private_ip_address_allocation": "dynamic",
                            "ip_configuration.0.private_ip_address_version": "IPv4",
                            "ip_configuration.0.public_ip_address_id": "/subscriptions/cf2be2cb-24b7-4cb0-ba3c-7bdb3966bf29/resourceGroups/testResourceGroup/providers/Microsoft.Network/publicIPAddresses/myPublicIP",
                            "ip_configuration.0.subnet_id": "/subscriptions/cf2be2cb-24b7-4cb0-ba3c-7bdb3966bf29/resourceGroups/testResourceGroup/providers/Microsoft.Network/virtualNetworks/myVnet/subnets/mySubnet",
                            "location": "westus",
                            "mac_address": "",
                            "name": "myNIC",
                            "network_security_group_id": "/subscriptions/cf2be2cb-24b7-4cb0-ba3c-7bdb3966bf29/resourceGroups/testResourceGroup/providers/Microsoft.Network/networkSecurityGroups/myNetworkSecurityGroup",
                            "private_ip_address": "10.0.2.4",
                            "private_ip_addresses.#": "1",
                            "private_ip_addresses.0": "10.0.2.4",
                            "resource_group_name": "testResourceGroup",
                            "tags.%": "1",
                            "tags.environment": "Terraform Demo"
                        },
                        "meta": {},
                        "tainted": false
                    },
                    "deposed": [],
                    "provider": "provider.azurerm"
                },
                "azurerm_network_security_group.myterraformnsg": {
                    "type": "azurerm_network_security_group",
                    "depends_on": [
                        "azurerm_resource_group.rg"
                    ],
                    "primary": {
                        "id": "/subscriptions/cf2be2cb-24b7-4cb0-ba3c-7bdb3966bf29/resourceGroups/testResourceGroup/providers/Microsoft.Network/networkSecurityGroups/myNetworkSecurityGroup",
                        "attributes": {
                            "id": "/subscriptions/cf2be2cb-24b7-4cb0-ba3c-7bdb3966bf29/resourceGroups/testResourceGroup/providers/Microsoft.Network/networkSecurityGroups/myNetworkSecurityGroup",
                            "location": "westus",
                            "name": "myNetworkSecurityGroup",
                            "resource_group_name": "testResourceGroup",
                            "security_rule.#": "1",
                            "security_rule.2090309246.access": "Allow",
                            "security_rule.2090309246.description": "",
                            "security_rule.2090309246.destination_address_prefix": "*",
                            "security_rule.2090309246.destination_address_prefixes.#": "0",
                            "security_rule.2090309246.destination_application_security_group_ids.#": "0",
                            "security_rule.2090309246.destination_port_range": "22",
                            "security_rule.2090309246.destination_port_ranges.#": "0",
                            "security_rule.2090309246.direction": "Inbound",
                            "security_rule.2090309246.name": "SSH",
                            "security_rule.2090309246.priority": "1001",
                            "security_rule.2090309246.protocol": "Tcp",
                            "security_rule.2090309246.source_address_prefix": "*",
                            "security_rule.2090309246.source_address_prefixes.#": "0",
                            "security_rule.2090309246.source_application_security_group_ids.#": "0",
                            "security_rule.2090309246.source_port_range": "*",
                            "security_rule.2090309246.source_port_ranges.#": "0",
                            "tags.%": "1",
                            "tags.environment": "Terraform Demo"
                        },
                        "meta": {},
                        "tainted": false
                    },
                    "deposed": [],
                    "provider": "provider.azurerm"
                },
                "azurerm_public_ip.myterraformpublicip": {
                    "type": "azurerm_public_ip",
                    "depends_on": [
                        "azurerm_resource_group.rg"
                    ],
                    "primary": {
                        "id": "/subscriptions/cf2be2cb-24b7-4cb0-ba3c-7bdb3966bf29/resourceGroups/testResourceGroup/providers/Microsoft.Network/publicIPAddresses/myPublicIP",
                        "attributes": {
                            "allocation_method": "Dynamic",
                            "id": "/subscriptions/cf2be2cb-24b7-4cb0-ba3c-7bdb3966bf29/resourceGroups/testResourceGroup/providers/Microsoft.Network/publicIPAddresses/myPublicIP",
                            "idle_timeout_in_minutes": "4",
                            "ip_address": "",
                            "ip_version": "IPv4",
                            "location": "westus",
                            "name": "myPublicIP",
                            "public_ip_address_allocation": "Dynamic",
                            "resource_group_name": "testResourceGroup",
                            "sku": "Basic",
                            "tags.%": "1",
                            "tags.environment": "Terraform Demo",
                            "zones.#": "0"
                        },
                        "meta": {},
                        "tainted": false
                    },
                    "deposed": [],
                    "provider": "provider.azurerm"
                },
                "azurerm_resource_group.rg": {
                    "type": "azurerm_resource_group",
                    "depends_on": [],
                    "primary": {
                        "id": "/subscriptions/cf2be2cb-24b7-4cb0-ba3c-7bdb3966bf29/resourceGroups/testResourceGroup",
                        "attributes": {
                            "id": "/subscriptions/cf2be2cb-24b7-4cb0-ba3c-7bdb3966bf29/resourceGroups/testResourceGroup",
                            "location": "westus",
                            "name": "testResourceGroup",
                            "tags.%": "0"
                        },
                        "meta": {},
                        "tainted": false
                    },
                    "deposed": [],
                    "provider": "provider.azurerm"
                },
                "azurerm_storage_account.mystorageaccount": {
                    "type": "azurerm_storage_account",
                    "depends_on": [
                        "azurerm_resource_group.rg",
                        "random_id.randomId"
                    ],
                    "primary": {
                        "id": "/subscriptions/cf2be2cb-24b7-4cb0-ba3c-7bdb3966bf29/resourceGroups/testResourceGroup/providers/Microsoft.Storage/storageAccounts/diagb9a4606dd9e2f38f",
                        "attributes": {
                            "access_tier": "",
                            "account_encryption_source": "Microsoft.Storage",
                            "account_kind": "Storage",
                            "account_replication_type": "LRS",
                            "account_tier": "Standard",
                            "account_type": "Standard_LRS",
                            "enable_blob_encryption": "true",
                            "enable_file_encryption": "true",
                            "enable_https_traffic_only": "false",
                            "id": "/subscriptions/cf2be2cb-24b7-4cb0-ba3c-7bdb3966bf29/resourceGroups/testResourceGroup/providers/Microsoft.Storage/storageAccounts/diagb9a4606dd9e2f38f",
                            "identity.#": "0",
                            "is_hns_enabled": "false",
                            "location": "westus",
                            "name": "diagb9a4606dd9e2f38f",
                            "network_rules.#": "0",
                            "primary_access_key": "LrfOqg8RRg/oSY8HTorGsMBhdLaPNdi2nEIlsa5bjCg0HXWMTrHc8RGo03nfEIjeYLu4k8Zen++FSoDkoXTeIw==",
                            "primary_blob_connection_string": "DefaultEndpointsProtocol=https;BlobEndpoint=https://diagb9a4606dd9e2f38f.blob.core.windows.net/;AccountName=diagb9a4606dd9e2f38f;AccountKey=LrfOqg8RRg/oSY8HTorGsMBhdLaPNdi2nEIlsa5bjCg0HXWMTrHc8RGo03nfEIjeYLu4k8Zen++FSoDkoXTeIw==",
                            "primary_blob_endpoint": "https://diagb9a4606dd9e2f38f.blob.core.windows.net/",
                            "primary_blob_host": "diagb9a4606dd9e2f38f.blob.core.windows.net",
                            "primary_connection_string": "DefaultEndpointsProtocol=https;AccountName=diagb9a4606dd9e2f38f;AccountKey=LrfOqg8RRg/oSY8HTorGsMBhdLaPNdi2nEIlsa5bjCg0HXWMTrHc8RGo03nfEIjeYLu4k8Zen++FSoDkoXTeIw==;EndpointSuffix=core.windows.net",
                            "primary_dfs_endpoint": "",
                            "primary_dfs_host": "",
                            "primary_file_endpoint": "https://diagb9a4606dd9e2f38f.file.core.windows.net/",
                            "primary_file_host": "diagb9a4606dd9e2f38f.file.core.windows.net",
                            "primary_location": "westus",
                            "primary_queue_endpoint": "https://diagb9a4606dd9e2f38f.queue.core.windows.net/",
                            "primary_queue_host": "diagb9a4606dd9e2f38f.queue.core.windows.net",
                            "primary_table_endpoint": "https://diagb9a4606dd9e2f38f.table.core.windows.net/",
                            "primary_table_host": "diagb9a4606dd9e2f38f.table.core.windows.net",
                            "primary_web_endpoint": "",
                            "primary_web_host": "",
                            "resource_group_name": "testResourceGroup",
                            "secondary_access_key": "odaCGDGswH87LdCKedKJkXgdE/6IL/ixyyklR/27KylGqJwhTmZoL2/lgpF60iOUl4jAUl0sgSx13GUOGugVxg==",
                            "secondary_blob_connection_string": "",
                            "secondary_connection_string": "DefaultEndpointsProtocol=https;AccountName=diagb9a4606dd9e2f38f;AccountKey=odaCGDGswH87LdCKedKJkXgdE/6IL/ixyyklR/27KylGqJwhTmZoL2/lgpF60iOUl4jAUl0sgSx13GUOGugVxg==;EndpointSuffix=core.windows.net",
                            "secondary_location": "",
                            "tags.%": "1",
                            "tags.environment": "Terraform Demo"
                        },
                        "meta": {
                            "schema_version": "2"
                        },
                        "tainted": false
                    },
                    "deposed": [],
                    "provider": "provider.azurerm"
                },
                "azurerm_subnet.myterraformsubnet": {
                    "type": "azurerm_subnet",
                    "depends_on": [
                        "azurerm_resource_group.rg",
                        "azurerm_virtual_network.myterraformnetwork"
                    ],
                    "primary": {
                        "id": "/subscriptions/cf2be2cb-24b7-4cb0-ba3c-7bdb3966bf29/resourceGroups/testResourceGroup/providers/Microsoft.Network/virtualNetworks/myVnet/subnets/mySubnet",
                        "attributes": {
                            "address_prefix": "10.0.2.0/24",
                            "delegation.#": "0",
                            "id": "/subscriptions/cf2be2cb-24b7-4cb0-ba3c-7bdb3966bf29/resourceGroups/testResourceGroup/providers/Microsoft.Network/virtualNetworks/myVnet/subnets/mySubnet",
                            "ip_configurations.#": "0",
                            "name": "mySubnet",
                            "network_security_group_id": "",
                            "resource_group_name": "testResourceGroup",
                            "route_table_id": "",
                            "service_endpoints.#": "0",
                            "virtual_network_name": "myVnet"
                        },
                        "meta": {},
                        "tainted": false
                    },
                    "deposed": [],
                    "provider": "provider.azurerm"
                },
                "azurerm_virtual_machine.myterraformvm": {
                    "type": "azurerm_virtual_machine",
                    "depends_on": [
                        "azurerm_network_interface.myterraformnic",
                        "azurerm_resource_group.rg",
                        "azurerm_storage_account.mystorageaccount"
                    ],
                    "primary": {
                        "id": "/subscriptions/cf2be2cb-24b7-4cb0-ba3c-7bdb3966bf29/resourceGroups/testResourceGroup/providers/Microsoft.Compute/virtualMachines/myVM",
                        "attributes": {
                            "boot_diagnostics.#": "1",
                            "boot_diagnostics.0.enabled": "true",
                            "boot_diagnostics.0.storage_uri": "https://diagb9a4606dd9e2f38f.blob.core.windows.net/",
                            "delete_data_disks_on_termination": "false",
                            "delete_os_disk_on_termination": "false",
                            "id": "/subscriptions/cf2be2cb-24b7-4cb0-ba3c-7bdb3966bf29/resourceGroups/testResourceGroup/providers/Microsoft.Compute/virtualMachines/myVM",
                            "identity.#": "0",
                            "location": "westus",
                            "name": "myVM",
                            "network_interface_ids.#": "1",
                            "network_interface_ids.0": "/subscriptions/cf2be2cb-24b7-4cb0-ba3c-7bdb3966bf29/resourceGroups/testResourceGroup/providers/Microsoft.Network/networkInterfaces/myNIC",
                            "os_profile.#": "1",
                            "os_profile.1770182618.admin_password": "",
                            "os_profile.1770182618.admin_username": "azureuser",
                            "os_profile.1770182618.computer_name": "myvm",
                            "os_profile.1770182618.custom_data": "",
                            "os_profile_linux_config.#": "1",
                            "os_profile_linux_config.69840937.disable_password_authentication": "true",
                            "os_profile_linux_config.69840937.ssh_keys.#": "1",
                            "os_profile_linux_config.69840937.ssh_keys.0.key_data": "ssh-rsa  AAAAB3NzaC1yc2EAAAADAQABAAABAQCym+NouF8g0DKCnFhRX6qHBVYXyaTyiPZkwL33Hr4GrYFREP4cDeTNnklIeRwXfXdgOjF5QBnMGQIKe6pki/CoulTkElz62rCOKPVmMYuudTEMmBN7eYOihDPP4Q9BrmDTakwwMpTTNxiPwpjPZaeU8UUVwKQWYDngSOX40oLW68A6oe4QGkbi2j9XqF/HbOuq7dwQV49ZPwZXiIiK0W/NZjyd7vBqUZlifwHJoVxOVhi7zjxUlHESg1qGkWWboiBnXi1a3nq/MOHlGxGdVlhQiWS+zefZsm9ZlpTSUNEuJTOaL874HcF9DtFVl3zCKeAhMzLFp5RpOJkr0taWLAgN",
                            "os_profile_linux_config.69840937.ssh_keys.0.path": "/home/azureuser/.ssh/authorized_keys",
                            "os_profile_secrets.#": "0",
                            "os_profile_windows_config.#": "0",
                            "plan.#": "0",
                            "resource_group_name": "testResourceGroup",
                            "storage_data_disk.#": "0",
                            "storage_image_reference.#": "1",
                            "storage_image_reference.363552096.id": "",
                            "storage_image_reference.363552096.offer": "UbuntuServer",
                            "storage_image_reference.363552096.publisher": "Canonical",
                            "storage_image_reference.363552096.sku": "16.04.0-LTS",
                            "storage_image_reference.363552096.version": "latest",
                            "storage_os_disk.#": "1",
                            "storage_os_disk.0.caching": "ReadWrite",
                            "storage_os_disk.0.create_option": "FromImage",
                            "storage_os_disk.0.disk_size_gb": "30",
                            "storage_os_disk.0.image_uri": "",
                            "storage_os_disk.0.managed_disk_id": "/subscriptions/cf2be2cb-24b7-4cb0-ba3c-7bdb3966bf29/resourceGroups/testResourceGroup/providers/Microsoft.Compute/disks/myOsDisk",
                            "storage_os_disk.0.managed_disk_type": "Premium_LRS",
                            "storage_os_disk.0.name": "myOsDisk",
                            "storage_os_disk.0.os_type": "Linux",
                            "storage_os_disk.0.vhd_uri": "",
                            "storage_os_disk.0.write_accelerator_enabled": "false",
                            "tags.%": "1",
                            "tags.environment": "Terraform Demo",
                            "vm_size": "Standard_DS1_v2",
                            "zones.#": "0"
                        },
                        "meta": {},
                        "tainted": false
                    },
                    "deposed": [],
                    "provider": "provider.azurerm"
                },
                "azurerm_virtual_network.myterraformnetwork": {
                    "type": "azurerm_virtual_network",
                    "depends_on": [
                        "azurerm_resource_group.rg"
                    ],
                    "primary": {
                        "id": "/subscriptions/cf2be2cb-24b7-4cb0-ba3c-7bdb3966bf29/resourceGroups/testResourceGroup/providers/Microsoft.Network/virtualNetworks/myVnet",
                        "attributes": {
                            "address_space.#": "1",
                            "address_space.0": "10.0.0.0/16",
                            "ddos_protection_plan.#": "0",
                            "dns_servers.#": "0",
                            "id": "/subscriptions/cf2be2cb-24b7-4cb0-ba3c-7bdb3966bf29/resourceGroups/testResourceGroup/providers/Microsoft.Network/virtualNetworks/myVnet",
                            "location": "westus",
                            "name": "myVnet",
                            "resource_group_name": "testResourceGroup",
                            "subnet.#": "0",
                            "tags.%": "0"
                        },
                        "meta": {},
                        "tainted": false
                    },
                    "deposed": [],
                    "provider": "provider.azurerm"
                },
                "random_id.randomId": {
                    "type": "random_id",
                    "depends_on": [
                        "azurerm_resource_group.rg"
                    ],
                    "primary": {
                        "id": "uaRgbdni848",
                        "attributes": {
                            "b64": "uaRgbdni848",
                            "b64_std": "uaRgbdni848=",
                            "b64_url": "uaRgbdni848",
                            "byte_length": "8",
                            "dec": "13376922818120446863",
                            "hex": "b9a4606dd9e2f38f",
                            "id": "uaRgbdni848",
                            "keepers.%": "1",
                            "keepers.resource_group": "testResourceGroup"
                        },
                        "meta": {},
                        "tainted": false
                    },
                    "deposed": [],
                    "provider": "provider.random"
                }
            },
            "depends_on": []
        }
    ]
}
