{
    "version": 3,
    "terraform_version": "0.11.14",
    "serial": 8,
    "lineage": "debe3ddd-db27-57a8-e16e-e4294bf46a5d",
    "modules": [
        {
            "path": [
                "root"
            ],
            "outputs": {},
            "resources": {
                "azurerm_network_interface.myterraformnic.0": {
                    "type": "azurerm_network_interface",
                    "depends_on": [
                        "azurerm_network_security_group.myterraformnsg.*",
                        "azurerm_public_ip.myterraformpublicip.*",
                        "azurerm_resource_group.rg",
                        "azurerm_subnet.myterraformsubnet.*"
                    ],
                    "primary": {
                        "id": "/subscriptions/cf2be2cb-24b7-4cb0-ba3c-7bdb3966bf29/resourceGroups/testResourceGroupWUS/providers/Microsoft.Network/networkInterfaces/myNICWUS0",
                        "attributes": {
                            "applied_dns_servers.#": "0",
                            "dns_servers.#": "0",
                            "enable_accelerated_networking": "false",
                            "enable_ip_forwarding": "false",
                            "id": "/subscriptions/cf2be2cb-24b7-4cb0-ba3c-7bdb3966bf29/resourceGroups/testResourceGroupWUS/providers/Microsoft.Network/networkInterfaces/myNICWUS0",
                            "internal_dns_name_label": "",
                            "internal_fqdn": "",
                            "ip_configuration.#": "1",
                            "ip_configuration.0.application_gateway_backend_address_pools_ids.#": "0",
                            "ip_configuration.0.application_security_group_ids.#": "0",
                            "ip_configuration.0.load_balancer_backend_address_pools_ids.#": "0",
                            "ip_configuration.0.load_balancer_inbound_nat_rules_ids.#": "0",
                            "ip_configuration.0.name": "myNicConfigurationWUS0",
                            "ip_configuration.0.primary": "true",
                            "ip_configuration.0.private_ip_address": "",
                            "ip_configuration.0.private_ip_address_allocation": "dynamic",
                            "ip_configuration.0.private_ip_address_version": "IPv4",
                            "ip_configuration.0.public_ip_address_id": "/subscriptions/cf2be2cb-24b7-4cb0-ba3c-7bdb3966bf29/resourceGroups/testResourceGroupWUS/providers/Microsoft.Network/publicIPAddresses/myPublicIPWUS0",
                            "ip_configuration.0.subnet_id": "/subscriptions/cf2be2cb-24b7-4cb0-ba3c-7bdb3966bf29/resourceGroups/testResourceGroupWUS/providers/Microsoft.Network/virtualNetworks/myVNetWUS0/subnets/mySubnetWUS0",
                            "location": "westus",
                            "mac_address": "00-0D-3A-35-CF-55",
                            "name": "myNICWUS0",
                            "network_security_group_id": "/subscriptions/cf2be2cb-24b7-4cb0-ba3c-7bdb3966bf29/resourceGroups/testResourceGroupWUS/providers/Microsoft.Network/networkSecurityGroups/myNetworkSecurityGroupWUS0",
                            "private_ip_address": "10.0.0.5",
                            "private_ip_addresses.#": "1",
                            "private_ip_addresses.0": "10.0.0.5",
                            "resource_group_name": "testResourceGroupWUS",
                            "tags.%": "1",
                            "tags.environment": "Terraform Demo",
                            "virtual_machine_id": "/subscriptions/cf2be2cb-24b7-4cb0-ba3c-7bdb3966bf29/resourceGroups/testResourceGroupWUS/providers/Microsoft.Compute/virtualMachines/myVMNameWUS0"
                        },
                        "meta": {},
                        "tainted": false
                    },
                    "deposed": [],
                    "provider": "provider.azurerm"
                },
                "azurerm_network_interface.myterraformnic.1": {
                    "type": "azurerm_network_interface",
                    "depends_on": [
                        "azurerm_network_security_group.myterraformnsg.*",
                        "azurerm_public_ip.myterraformpublicip.*",
                        "azurerm_resource_group.rg",
                        "azurerm_subnet.myterraformsubnet.*"
                    ],
                    "primary": {
                        "id": "/subscriptions/cf2be2cb-24b7-4cb0-ba3c-7bdb3966bf29/resourceGroups/testResourceGroupWUS/providers/Microsoft.Network/networkInterfaces/myNICWUS1",
                        "attributes": {
                            "applied_dns_servers.#": "0",
                            "dns_servers.#": "0",
                            "enable_accelerated_networking": "false",
                            "enable_ip_forwarding": "false",
                            "id": "/subscriptions/cf2be2cb-24b7-4cb0-ba3c-7bdb3966bf29/resourceGroups/testResourceGroupWUS/providers/Microsoft.Network/networkInterfaces/myNICWUS1",
                            "internal_dns_name_label": "",
                            "internal_fqdn": "",
                            "ip_configuration.#": "1",
                            "ip_configuration.0.application_gateway_backend_address_pools_ids.#": "0",
                            "ip_configuration.0.application_security_group_ids.#": "0",
                            "ip_configuration.0.load_balancer_backend_address_pools_ids.#": "0",
                            "ip_configuration.0.load_balancer_inbound_nat_rules_ids.#": "0",
                            "ip_configuration.0.name": "myNicConfigurationWUS1",
                            "ip_configuration.0.primary": "true",
                            "ip_configuration.0.private_ip_address": "",
                            "ip_configuration.0.private_ip_address_allocation": "dynamic",
                            "ip_configuration.0.private_ip_address_version": "IPv4",
                            "ip_configuration.0.public_ip_address_id": "/subscriptions/cf2be2cb-24b7-4cb0-ba3c-7bdb3966bf29/resourceGroups/testResourceGroupWUS/providers/Microsoft.Network/publicIPAddresses/myPublicIPWUS1",
                            "ip_configuration.0.subnet_id": "/subscriptions/cf2be2cb-24b7-4cb0-ba3c-7bdb3966bf29/resourceGroups/testResourceGroupWUS/providers/Microsoft.Network/virtualNetworks/myVNetWUS0/subnets/mySubnetWUS0",
                            "location": "westus",
                            "mac_address": "00-0D-3A-35-C2-3A",
                            "name": "myNICWUS1",
                            "network_security_group_id": "/subscriptions/cf2be2cb-24b7-4cb0-ba3c-7bdb3966bf29/resourceGroups/testResourceGroupWUS/providers/Microsoft.Network/networkSecurityGroups/myNetworkSecurityGroupWUS1",
                            "private_ip_address": "10.0.0.4",
                            "private_ip_addresses.#": "1",
                            "private_ip_addresses.0": "10.0.0.4",
                            "resource_group_name": "testResourceGroupWUS",
                            "tags.%": "1",
                            "tags.environment": "Terraform Demo",
                            "virtual_machine_id": "/subscriptions/cf2be2cb-24b7-4cb0-ba3c-7bdb3966bf29/resourceGroups/testResourceGroupWUS/providers/Microsoft.Compute/virtualMachines/myVMNameWUS1"
                        },
                        "meta": {},
                        "tainted": false
                    },
                    "deposed": [],
                    "provider": "provider.azurerm"
                },
                "azurerm_network_interface.myterraformnic2.0": {
                    "type": "azurerm_network_interface",
                    "depends_on": [
                        "azurerm_network_security_group.myterraformnsg2.*",
                        "azurerm_public_ip.myterraformpublicip2.*",
                        "azurerm_resource_group.rg2",
                        "azurerm_subnet.myterraformsubnet2.*"
                    ],
                    "primary": {
                        "id": "/subscriptions/cf2be2cb-24b7-4cb0-ba3c-7bdb3966bf29/resourceGroups/testResourceGroupEUS/providers/Microsoft.Network/networkInterfaces/myNICEUS0",
                        "attributes": {
                            "applied_dns_servers.#": "0",
                            "dns_servers.#": "0",
                            "enable_accelerated_networking": "false",
                            "enable_ip_forwarding": "false",
                            "id": "/subscriptions/cf2be2cb-24b7-4cb0-ba3c-7bdb3966bf29/resourceGroups/testResourceGroupEUS/providers/Microsoft.Network/networkInterfaces/myNICEUS0",
                            "internal_dns_name_label": "",
                            "internal_fqdn": "",
                            "ip_configuration.#": "1",
                            "ip_configuration.0.application_gateway_backend_address_pools_ids.#": "0",
                            "ip_configuration.0.application_security_group_ids.#": "0",
                            "ip_configuration.0.load_balancer_backend_address_pools_ids.#": "0",
                            "ip_configuration.0.load_balancer_inbound_nat_rules_ids.#": "0",
                            "ip_configuration.0.name": "myNicConfigurationEUS0",
                            "ip_configuration.0.primary": "true",
                            "ip_configuration.0.private_ip_address": "",
                            "ip_configuration.0.private_ip_address_allocation": "dynamic",
                            "ip_configuration.0.private_ip_address_version": "IPv4",
                            "ip_configuration.0.public_ip_address_id": "/subscriptions/cf2be2cb-24b7-4cb0-ba3c-7bdb3966bf29/resourceGroups/testResourceGroupEUS/providers/Microsoft.Network/publicIPAddresses/myPublicIPEUS0",
                            "ip_configuration.0.subnet_id": "/subscriptions/cf2be2cb-24b7-4cb0-ba3c-7bdb3966bf29/resourceGroups/testResourceGroupEUS/providers/Microsoft.Network/virtualNetworks/myVNetEUS0/subnets/mySubnetEUS0",
                            "location": "eastus",
                            "mac_address": "",
                            "name": "myNICEUS0",
                            "network_security_group_id": "/subscriptions/cf2be2cb-24b7-4cb0-ba3c-7bdb3966bf29/resourceGroups/testResourceGroupEUS/providers/Microsoft.Network/networkSecurityGroups/myNetworkSecurityGroupEUS0",
                            "private_ip_address": "10.1.0.6",
                            "private_ip_addresses.#": "1",
                            "private_ip_addresses.0": "10.1.0.6",
                            "resource_group_name": "testResourceGroupEUS",
                            "tags.%": "1",
                            "tags.environment": "Terraform Demo"
                        },
                        "meta": {},
                        "tainted": false
                    },
                    "deposed": [],
                    "provider": "provider.azurerm"
                },
                "azurerm_network_interface.myterraformnic2.1": {
                    "type": "azurerm_network_interface",
                    "depends_on": [
                        "azurerm_network_security_group.myterraformnsg2.*",
                        "azurerm_public_ip.myterraformpublicip2.*",
                        "azurerm_resource_group.rg2",
                        "azurerm_subnet.myterraformsubnet2.*"
                    ],
                    "primary": {
                        "id": "/subscriptions/cf2be2cb-24b7-4cb0-ba3c-7bdb3966bf29/resourceGroups/testResourceGroupEUS/providers/Microsoft.Network/networkInterfaces/myNICEUS1",
                        "attributes": {
                            "applied_dns_servers.#": "0",
                            "dns_servers.#": "0",
                            "enable_accelerated_networking": "false",
                            "enable_ip_forwarding": "false",
                            "id": "/subscriptions/cf2be2cb-24b7-4cb0-ba3c-7bdb3966bf29/resourceGroups/testResourceGroupEUS/providers/Microsoft.Network/networkInterfaces/myNICEUS1",
                            "internal_dns_name_label": "",
                            "internal_fqdn": "",
                            "ip_configuration.#": "1",
                            "ip_configuration.0.application_gateway_backend_address_pools_ids.#": "0",
                            "ip_configuration.0.application_security_group_ids.#": "0",
                            "ip_configuration.0.load_balancer_backend_address_pools_ids.#": "0",
                            "ip_configuration.0.load_balancer_inbound_nat_rules_ids.#": "0",
                            "ip_configuration.0.name": "myNicConfigurationEUS1",
                            "ip_configuration.0.primary": "true",
                            "ip_configuration.0.private_ip_address": "",
                            "ip_configuration.0.private_ip_address_allocation": "dynamic",
                            "ip_configuration.0.private_ip_address_version": "IPv4",
                            "ip_configuration.0.public_ip_address_id": "/subscriptions/cf2be2cb-24b7-4cb0-ba3c-7bdb3966bf29/resourceGroups/testResourceGroupEUS/providers/Microsoft.Network/publicIPAddresses/myPublicIPEUS1",
                            "ip_configuration.0.subnet_id": "/subscriptions/cf2be2cb-24b7-4cb0-ba3c-7bdb3966bf29/resourceGroups/testResourceGroupEUS/providers/Microsoft.Network/virtualNetworks/myVNetEUS0/subnets/mySubnetEUS0",
                            "location": "eastus",
                            "mac_address": "",
                            "name": "myNICEUS1",
                            "network_security_group_id": "/subscriptions/cf2be2cb-24b7-4cb0-ba3c-7bdb3966bf29/resourceGroups/testResourceGroupEUS/providers/Microsoft.Network/networkSecurityGroups/myNetworkSecurityGroupEUS1",
                            "private_ip_address": "10.1.0.4",
                            "private_ip_addresses.#": "1",
                            "private_ip_addresses.0": "10.1.0.4",
                            "resource_group_name": "testResourceGroupEUS",
                            "tags.%": "1",
                            "tags.environment": "Terraform Demo"
                        },
                        "meta": {},
                        "tainted": false
                    },
                    "deposed": [],
                    "provider": "provider.azurerm"
                },
                "azurerm_network_interface.myterraformnic2.2": {
                    "type": "azurerm_network_interface",
                    "depends_on": [
                        "azurerm_network_security_group.myterraformnsg2.*",
                        "azurerm_public_ip.myterraformpublicip2.*",
                        "azurerm_resource_group.rg2",
                        "azurerm_subnet.myterraformsubnet2.*"
                    ],
                    "primary": {
                        "id": "/subscriptions/cf2be2cb-24b7-4cb0-ba3c-7bdb3966bf29/resourceGroups/testResourceGroupEUS/providers/Microsoft.Network/networkInterfaces/myNICEUS2",
                        "attributes": {
                            "applied_dns_servers.#": "0",
                            "dns_servers.#": "0",
                            "enable_accelerated_networking": "false",
                            "enable_ip_forwarding": "false",
                            "id": "/subscriptions/cf2be2cb-24b7-4cb0-ba3c-7bdb3966bf29/resourceGroups/testResourceGroupEUS/providers/Microsoft.Network/networkInterfaces/myNICEUS2",
                            "internal_dns_name_label": "",
                            "internal_fqdn": "",
                            "ip_configuration.#": "1",
                            "ip_configuration.0.application_gateway_backend_address_pools_ids.#": "0",
                            "ip_configuration.0.application_security_group_ids.#": "0",
                            "ip_configuration.0.load_balancer_backend_address_pools_ids.#": "0",
                            "ip_configuration.0.load_balancer_inbound_nat_rules_ids.#": "0",
                            "ip_configuration.0.name": "myNicConfigurationEUS2",
                            "ip_configuration.0.primary": "true",
                            "ip_configuration.0.private_ip_address": "",
                            "ip_configuration.0.private_ip_address_allocation": "dynamic",
                            "ip_configuration.0.private_ip_address_version": "IPv4",
                            "ip_configuration.0.public_ip_address_id": "/subscriptions/cf2be2cb-24b7-4cb0-ba3c-7bdb3966bf29/resourceGroups/testResourceGroupEUS/providers/Microsoft.Network/publicIPAddresses/myPublicIPEUS2",
                            "ip_configuration.0.subnet_id": "/subscriptions/cf2be2cb-24b7-4cb0-ba3c-7bdb3966bf29/resourceGroups/testResourceGroupEUS/providers/Microsoft.Network/virtualNetworks/myVNetEUS0/subnets/mySubnetEUS0",
                            "location": "eastus",
                            "mac_address": "",
                            "name": "myNICEUS2",
                            "network_security_group_id": "/subscriptions/cf2be2cb-24b7-4cb0-ba3c-7bdb3966bf29/resourceGroups/testResourceGroupEUS/providers/Microsoft.Network/networkSecurityGroups/myNetworkSecurityGroupEUS2",
                            "private_ip_address": "10.1.0.5",
                            "private_ip_addresses.#": "1",
                            "private_ip_addresses.0": "10.1.0.5",
                            "resource_group_name": "testResourceGroupEUS",
                            "tags.%": "1",
                            "tags.environment": "Terraform Demo"
                        },
                        "meta": {},
                        "tainted": false
                    },
                    "deposed": [],
                    "provider": "provider.azurerm"
                },
                "azurerm_network_security_group.myterraformnsg.0": {
                    "type": "azurerm_network_security_group",
                    "depends_on": [
                        "azurerm_resource_group.rg"
                    ],
                    "primary": {
                        "id": "/subscriptions/cf2be2cb-24b7-4cb0-ba3c-7bdb3966bf29/resourceGroups/testResourceGroupWUS/providers/Microsoft.Network/networkSecurityGroups/myNetworkSecurityGroupWUS0",
                        "attributes": {
                            "id": "/subscriptions/cf2be2cb-24b7-4cb0-ba3c-7bdb3966bf29/resourceGroups/testResourceGroupWUS/providers/Microsoft.Network/networkSecurityGroups/myNetworkSecurityGroupWUS0",
                            "location": "westus",
                            "name": "myNetworkSecurityGroupWUS0",
                            "resource_group_name": "testResourceGroupWUS",
                            "security_rule.#": "1",
                            "security_rule.2090309246.access": "Allow",
                            "security_rule.2090309246.description": "",
                            "security_rule.2090309246.destination_address_prefix": "*",
                            "security_rule.2090309246.destination_address_prefixes.#": "0",
                            "security_rule.2090309246.destination_application_security_group_ids.#": "0",
                            "security_rule.2090309246.destination_port_range": "22",
                            "security_rule.2090309246.destination_port_ranges.#": "0",
                            "security_rule.2090309246.direction": "Inbound",
                            "security_rule.2090309246.name": "SSH",
                            "security_rule.2090309246.priority": "1001",
                            "security_rule.2090309246.protocol": "Tcp",
                            "security_rule.2090309246.source_address_prefix": "*",
                            "security_rule.2090309246.source_address_prefixes.#": "0",
                            "security_rule.2090309246.source_application_security_group_ids.#": "0",
                            "security_rule.2090309246.source_port_range": "*",
                            "security_rule.2090309246.source_port_ranges.#": "0",
                            "tags.%": "1",
                            "tags.environment": "Terraform Demo"
                        },
                        "meta": {},
                        "tainted": false
                    },
                    "deposed": [],
                    "provider": "provider.azurerm"
                },
                "azurerm_network_security_group.myterraformnsg.1": {
                    "type": "azurerm_network_security_group",
                    "depends_on": [
                        "azurerm_resource_group.rg"
                    ],
                    "primary": {
                        "id": "/subscriptions/cf2be2cb-24b7-4cb0-ba3c-7bdb3966bf29/resourceGroups/testResourceGroupWUS/providers/Microsoft.Network/networkSecurityGroups/myNetworkSecurityGroupWUS1",
                        "attributes": {
                            "id": "/subscriptions/cf2be2cb-24b7-4cb0-ba3c-7bdb3966bf29/resourceGroups/testResourceGroupWUS/providers/Microsoft.Network/networkSecurityGroups/myNetworkSecurityGroupWUS1",
                            "location": "westus",
                            "name": "myNetworkSecurityGroupWUS1",
                            "resource_group_name": "testResourceGroupWUS",
                            "security_rule.#": "1",
                            "security_rule.2090309246.access": "Allow",
                            "security_rule.2090309246.description": "",
                            "security_rule.2090309246.destination_address_prefix": "*",
                            "security_rule.2090309246.destination_address_prefixes.#": "0",
                            "security_rule.2090309246.destination_application_security_group_ids.#": "0",
                            "security_rule.2090309246.destination_port_range": "22",
                            "security_rule.2090309246.destination_port_ranges.#": "0",
                            "security_rule.2090309246.direction": "Inbound",
                            "security_rule.2090309246.name": "SSH",
                            "security_rule.2090309246.priority": "1001",
                            "security_rule.2090309246.protocol": "Tcp",
                            "security_rule.2090309246.source_address_prefix": "*",
                            "security_rule.2090309246.source_address_prefixes.#": "0",
                            "security_rule.2090309246.source_application_security_group_ids.#": "0",
                            "security_rule.2090309246.source_port_range": "*",
                            "security_rule.2090309246.source_port_ranges.#": "0",
                            "tags.%": "1",
                            "tags.environment": "Terraform Demo"
                        },
                        "meta": {},
                        "tainted": false
                    },
                    "deposed": [],
                    "provider": "provider.azurerm"
                },
                "azurerm_network_security_group.myterraformnsg2.0": {
                    "type": "azurerm_network_security_group",
                    "depends_on": [
                        "azurerm_resource_group.rg2"
                    ],
                    "primary": {
                        "id": "/subscriptions/cf2be2cb-24b7-4cb0-ba3c-7bdb3966bf29/resourceGroups/testResourceGroupEUS/providers/Microsoft.Network/networkSecurityGroups/myNetworkSecurityGroupEUS0",
                        "attributes": {
                            "id": "/subscriptions/cf2be2cb-24b7-4cb0-ba3c-7bdb3966bf29/resourceGroups/testResourceGroupEUS/providers/Microsoft.Network/networkSecurityGroups/myNetworkSecurityGroupEUS0",
                            "location": "eastus",
                            "name": "myNetworkSecurityGroupEUS0",
                            "resource_group_name": "testResourceGroupEUS",
                            "security_rule.#": "1",
                            "security_rule.2090309246.access": "Allow",
                            "security_rule.2090309246.description": "",
                            "security_rule.2090309246.destination_address_prefix": "*",
                            "security_rule.2090309246.destination_address_prefixes.#": "0",
                            "security_rule.2090309246.destination_application_security_group_ids.#": "0",
                            "security_rule.2090309246.destination_port_range": "22",
                            "security_rule.2090309246.destination_port_ranges.#": "0",
                            "security_rule.2090309246.direction": "Inbound",
                            "security_rule.2090309246.name": "SSH",
                            "security_rule.2090309246.priority": "1001",
                            "security_rule.2090309246.protocol": "Tcp",
                            "security_rule.2090309246.source_address_prefix": "*",
                            "security_rule.2090309246.source_address_prefixes.#": "0",
                            "security_rule.2090309246.source_application_security_group_ids.#": "0",
                            "security_rule.2090309246.source_port_range": "*",
                            "security_rule.2090309246.source_port_ranges.#": "0",
                            "tags.%": "1",
                            "tags.environment": "Terraform Demo"
                        },
                        "meta": {},
                        "tainted": false
                    },
                    "deposed": [],
                    "provider": "provider.azurerm"
                },
                "azurerm_network_security_group.myterraformnsg2.1": {
                    "type": "azurerm_network_security_group",
                    "depends_on": [
                        "azurerm_resource_group.rg2"
                    ],
                    "primary": {
                        "id": "/subscriptions/cf2be2cb-24b7-4cb0-ba3c-7bdb3966bf29/resourceGroups/testResourceGroupEUS/providers/Microsoft.Network/networkSecurityGroups/myNetworkSecurityGroupEUS1",
                        "attributes": {
                            "id": "/subscriptions/cf2be2cb-24b7-4cb0-ba3c-7bdb3966bf29/resourceGroups/testResourceGroupEUS/providers/Microsoft.Network/networkSecurityGroups/myNetworkSecurityGroupEUS1",
                            "location": "eastus",
                            "name": "myNetworkSecurityGroupEUS1",
                            "resource_group_name": "testResourceGroupEUS",
                            "security_rule.#": "1",
                            "security_rule.2090309246.access": "Allow",
                            "security_rule.2090309246.description": "",
                            "security_rule.2090309246.destination_address_prefix": "*",
                            "security_rule.2090309246.destination_address_prefixes.#": "0",
                            "security_rule.2090309246.destination_application_security_group_ids.#": "0",
                            "security_rule.2090309246.destination_port_range": "22",
                            "security_rule.2090309246.destination_port_ranges.#": "0",
                            "security_rule.2090309246.direction": "Inbound",
                            "security_rule.2090309246.name": "SSH",
                            "security_rule.2090309246.priority": "1001",
                            "security_rule.2090309246.protocol": "Tcp",
                            "security_rule.2090309246.source_address_prefix": "*",
                            "security_rule.2090309246.source_address_prefixes.#": "0",
                            "security_rule.2090309246.source_application_security_group_ids.#": "0",
                            "security_rule.2090309246.source_port_range": "*",
                            "security_rule.2090309246.source_port_ranges.#": "0",
                            "tags.%": "1",
                            "tags.environment": "Terraform Demo"
                        },
                        "meta": {},
                        "tainted": false
                    },
                    "deposed": [],
                    "provider": "provider.azurerm"
                },
                "azurerm_network_security_group.myterraformnsg2.2": {
                    "type": "azurerm_network_security_group",
                    "depends_on": [
                        "azurerm_resource_group.rg2"
                    ],
                    "primary": {
                        "id": "/subscriptions/cf2be2cb-24b7-4cb0-ba3c-7bdb3966bf29/resourceGroups/testResourceGroupEUS/providers/Microsoft.Network/networkSecurityGroups/myNetworkSecurityGroupEUS2",
                        "attributes": {
                            "id": "/subscriptions/cf2be2cb-24b7-4cb0-ba3c-7bdb3966bf29/resourceGroups/testResourceGroupEUS/providers/Microsoft.Network/networkSecurityGroups/myNetworkSecurityGroupEUS2",
                            "location": "eastus",
                            "name": "myNetworkSecurityGroupEUS2",
                            "resource_group_name": "testResourceGroupEUS",
                            "security_rule.#": "1",
                            "security_rule.2090309246.access": "Allow",
                            "security_rule.2090309246.description": "",
                            "security_rule.2090309246.destination_address_prefix": "*",
                            "security_rule.2090309246.destination_address_prefixes.#": "0",
                            "security_rule.2090309246.destination_application_security_group_ids.#": "0",
                            "security_rule.2090309246.destination_port_range": "22",
                            "security_rule.2090309246.destination_port_ranges.#": "0",
                            "security_rule.2090309246.direction": "Inbound",
                            "security_rule.2090309246.name": "SSH",
                            "security_rule.2090309246.priority": "1001",
                            "security_rule.2090309246.protocol": "Tcp",
                            "security_rule.2090309246.source_address_prefix": "*",
                            "security_rule.2090309246.source_address_prefixes.#": "0",
                            "security_rule.2090309246.source_application_security_group_ids.#": "0",
                            "security_rule.2090309246.source_port_range": "*",
                            "security_rule.2090309246.source_port_ranges.#": "0",
                            "tags.%": "1",
                            "tags.environment": "Terraform Demo"
                        },
                        "meta": {},
                        "tainted": false
                    },
                    "deposed": [],
                    "provider": "provider.azurerm"
                },
                "azurerm_public_ip.myterraformpublicip.0": {
                    "type": "azurerm_public_ip",
                    "depends_on": [
                        "azurerm_resource_group.rg"
                    ],
                    "primary": {
                        "id": "/subscriptions/cf2be2cb-24b7-4cb0-ba3c-7bdb3966bf29/resourceGroups/testResourceGroupWUS/providers/Microsoft.Network/publicIPAddresses/myPublicIPWUS0",
                        "attributes": {
                            "allocation_method": "Dynamic",
                            "id": "/subscriptions/cf2be2cb-24b7-4cb0-ba3c-7bdb3966bf29/resourceGroups/testResourceGroupWUS/providers/Microsoft.Network/publicIPAddresses/myPublicIPWUS0",
                            "idle_timeout_in_minutes": "4",
                            "ip_address": "104.42.219.209",
                            "ip_version": "IPv4",
                            "location": "westus",
                            "name": "myPublicIPWUS0",
                            "public_ip_address_allocation": "Dynamic",
                            "resource_group_name": "testResourceGroupWUS",
                            "sku": "Basic",
                            "tags.%": "1",
                            "tags.environment": "Terraform Demo",
                            "zones.#": "0"
                        },
                        "meta": {},
                        "tainted": false
                    },
                    "deposed": [],
                    "provider": "provider.azurerm"
                },
                "azurerm_public_ip.myterraformpublicip.1": {
                    "type": "azurerm_public_ip",
                    "depends_on": [
                        "azurerm_resource_group.rg"
                    ],
                    "primary": {
                        "id": "/subscriptions/cf2be2cb-24b7-4cb0-ba3c-7bdb3966bf29/resourceGroups/testResourceGroupWUS/providers/Microsoft.Network/publicIPAddresses/myPublicIPWUS1",
                        "attributes": {
                            "allocation_method": "Dynamic",
                            "id": "/subscriptions/cf2be2cb-24b7-4cb0-ba3c-7bdb3966bf29/resourceGroups/testResourceGroupWUS/providers/Microsoft.Network/publicIPAddresses/myPublicIPWUS1",
                            "idle_timeout_in_minutes": "4",
                            "ip_address": "104.42.219.202",
                            "ip_version": "IPv4",
                            "location": "westus",
                            "name": "myPublicIPWUS1",
                            "public_ip_address_allocation": "Dynamic",
                            "resource_group_name": "testResourceGroupWUS",
                            "sku": "Basic",
                            "tags.%": "1",
                            "tags.environment": "Terraform Demo",
                            "zones.#": "0"
                        },
                        "meta": {},
                        "tainted": false
                    },
                    "deposed": [],
                    "provider": "provider.azurerm"
                },
                "azurerm_public_ip.myterraformpublicip2.0": {
                    "type": "azurerm_public_ip",
                    "depends_on": [
                        "azurerm_resource_group.rg2"
                    ],
                    "primary": {
                        "id": "/subscriptions/cf2be2cb-24b7-4cb0-ba3c-7bdb3966bf29/resourceGroups/testResourceGroupEUS/providers/Microsoft.Network/publicIPAddresses/myPublicIPEUS0",
                        "attributes": {
                            "allocation_method": "Dynamic",
                            "id": "/subscriptions/cf2be2cb-24b7-4cb0-ba3c-7bdb3966bf29/resourceGroups/testResourceGroupEUS/providers/Microsoft.Network/publicIPAddresses/myPublicIPEUS0",
                            "idle_timeout_in_minutes": "4",
                            "ip_address": "",
                            "ip_version": "IPv4",
                            "location": "eastus",
                            "name": "myPublicIPEUS0",
                            "public_ip_address_allocation": "Dynamic",
                            "resource_group_name": "testResourceGroupEUS",
                            "sku": "Basic",
                            "tags.%": "1",
                            "tags.environment": "Terraform Demo",
                            "zones.#": "0"
                        },
                        "meta": {},
                        "tainted": false
                    },
                    "deposed": [],
                    "provider": "provider.azurerm"
                },
                "azurerm_public_ip.myterraformpublicip2.1": {
                    "type": "azurerm_public_ip",
                    "depends_on": [
                        "azurerm_resource_group.rg2"
                    ],
                    "primary": {
                        "id": "/subscriptions/cf2be2cb-24b7-4cb0-ba3c-7bdb3966bf29/resourceGroups/testResourceGroupEUS/providers/Microsoft.Network/publicIPAddresses/myPublicIPEUS1",
                        "attributes": {
                            "allocation_method": "Dynamic",
                            "id": "/subscriptions/cf2be2cb-24b7-4cb0-ba3c-7bdb3966bf29/resourceGroups/testResourceGroupEUS/providers/Microsoft.Network/publicIPAddresses/myPublicIPEUS1",
                            "idle_timeout_in_minutes": "4",
                            "ip_address": "",
                            "ip_version": "IPv4",
                            "location": "eastus",
                            "name": "myPublicIPEUS1",
                            "public_ip_address_allocation": "Dynamic",
                            "resource_group_name": "testResourceGroupEUS",
                            "sku": "Basic",
                            "tags.%": "1",
                            "tags.environment": "Terraform Demo",
                            "zones.#": "0"
                        },
                        "meta": {},
                        "tainted": false
                    },
                    "deposed": [],
                    "provider": "provider.azurerm"
                },
                "azurerm_public_ip.myterraformpublicip2.2": {
                    "type": "azurerm_public_ip",
                    "depends_on": [
                        "azurerm_resource_group.rg2"
                    ],
                    "primary": {
                        "id": "/subscriptions/cf2be2cb-24b7-4cb0-ba3c-7bdb3966bf29/resourceGroups/testResourceGroupEUS/providers/Microsoft.Network/publicIPAddresses/myPublicIPEUS2",
                        "attributes": {
                            "allocation_method": "Dynamic",
                            "id": "/subscriptions/cf2be2cb-24b7-4cb0-ba3c-7bdb3966bf29/resourceGroups/testResourceGroupEUS/providers/Microsoft.Network/publicIPAddresses/myPublicIPEUS2",
                            "idle_timeout_in_minutes": "4",
                            "ip_address": "",
                            "ip_version": "IPv4",
                            "location": "eastus",
                            "name": "myPublicIPEUS2",
                            "public_ip_address_allocation": "Dynamic",
                            "resource_group_name": "testResourceGroupEUS",
                            "sku": "Basic",
                            "tags.%": "1",
                            "tags.environment": "Terraform Demo",
                            "zones.#": "0"
                        },
                        "meta": {},
                        "tainted": false
                    },
                    "deposed": [],
                    "provider": "provider.azurerm"
                },
                "azurerm_resource_group.rg": {
                    "type": "azurerm_resource_group",
                    "depends_on": [],
                    "primary": {
                        "id": "/subscriptions/cf2be2cb-24b7-4cb0-ba3c-7bdb3966bf29/resourceGroups/testResourceGroupWUS",
                        "attributes": {
                            "id": "/subscriptions/cf2be2cb-24b7-4cb0-ba3c-7bdb3966bf29/resourceGroups/testResourceGroupWUS",
                            "location": "westus",
                            "name": "testResourceGroupWUS",
                            "tags.%": "0"
                        },
                        "meta": {},
                        "tainted": false
                    },
                    "deposed": [],
                    "provider": "provider.azurerm"
                },
                "azurerm_resource_group.rg2": {
                    "type": "azurerm_resource_group",
                    "depends_on": [],
                    "primary": {
                        "id": "/subscriptions/cf2be2cb-24b7-4cb0-ba3c-7bdb3966bf29/resourceGroups/testResourceGroupEUS",
                        "attributes": {
                            "id": "/subscriptions/cf2be2cb-24b7-4cb0-ba3c-7bdb3966bf29/resourceGroups/testResourceGroupEUS",
                            "location": "eastus",
                            "name": "testResourceGroupEUS",
                            "tags.%": "0"
                        },
                        "meta": {},
                        "tainted": false
                    },
                    "deposed": [],
                    "provider": "provider.azurerm"
                },
                "azurerm_storage_account.mystorageaccount.0": {
                    "type": "azurerm_storage_account",
                    "depends_on": [
                        "azurerm_resource_group.rg",
                        "random_id.randomId"
                    ],
                    "primary": {
                        "id": "/subscriptions/cf2be2cb-24b7-4cb0-ba3c-7bdb3966bf29/resourceGroups/testResourceGroupWUS/providers/Microsoft.Storage/storageAccounts/diagda4b099446c70a3c0",
                        "attributes": {
                            "access_tier": "",
                            "account_encryption_source": "Microsoft.Storage",
                            "account_kind": "Storage",
                            "account_replication_type": "LRS",
                            "account_tier": "Standard",
                            "account_type": "Standard_LRS",
                            "enable_blob_encryption": "true",
                            "enable_file_encryption": "true",
                            "enable_https_traffic_only": "false",
                            "id": "/subscriptions/cf2be2cb-24b7-4cb0-ba3c-7bdb3966bf29/resourceGroups/testResourceGroupWUS/providers/Microsoft.Storage/storageAccounts/diagda4b099446c70a3c0",
                            "identity.#": "0",
                            "is_hns_enabled": "false",
                            "location": "westus",
                            "name": "diagda4b099446c70a3c0",
                            "network_rules.#": "0",
                            "primary_access_key": "crL3/+ktrDRM8v7oce1ZvQoxjdqzbU5m1EyOlJu/J1ACbpsmUVBR3txH6l4kPDAKa19bdUidcELivvLx9yXj9w==",
                            "primary_blob_connection_string": "DefaultEndpointsProtocol=https;BlobEndpoint=https://diagda4b099446c70a3c0.blob.core.windows.net/;AccountName=diagda4b099446c70a3c0;AccountKey=crL3/+ktrDRM8v7oce1ZvQoxjdqzbU5m1EyOlJu/J1ACbpsmUVBR3txH6l4kPDAKa19bdUidcELivvLx9yXj9w==",
                            "primary_blob_endpoint": "https://diagda4b099446c70a3c0.blob.core.windows.net/",
                            "primary_blob_host": "diagda4b099446c70a3c0.blob.core.windows.net",
                            "primary_connection_string": "DefaultEndpointsProtocol=https;AccountName=diagda4b099446c70a3c0;AccountKey=crL3/+ktrDRM8v7oce1ZvQoxjdqzbU5m1EyOlJu/J1ACbpsmUVBR3txH6l4kPDAKa19bdUidcELivvLx9yXj9w==;EndpointSuffix=core.windows.net",
                            "primary_dfs_endpoint": "",
                            "primary_dfs_host": "",
                            "primary_file_endpoint": "https://diagda4b099446c70a3c0.file.core.windows.net/",
                            "primary_file_host": "diagda4b099446c70a3c0.file.core.windows.net",
                            "primary_location": "westus",
                            "primary_queue_endpoint": "https://diagda4b099446c70a3c0.queue.core.windows.net/",
                            "primary_queue_host": "diagda4b099446c70a3c0.queue.core.windows.net",
                            "primary_table_endpoint": "https://diagda4b099446c70a3c0.table.core.windows.net/",
                            "primary_table_host": "diagda4b099446c70a3c0.table.core.windows.net",
                            "primary_web_endpoint": "",
                            "primary_web_host": "",
                            "resource_group_name": "testResourceGroupWUS",
                            "secondary_access_key": "jDhI6KkJDFHPYHBvQeIfdO6ht991bhOYblfVI2ysooSOTVz0Q/bB/4Z7RNnzyRDkYytj2GWTNviiI1qk/4XDBA==",
                            "secondary_blob_connection_string": "",
                            "secondary_connection_string": "DefaultEndpointsProtocol=https;AccountName=diagda4b099446c70a3c0;AccountKey=jDhI6KkJDFHPYHBvQeIfdO6ht991bhOYblfVI2ysooSOTVz0Q/bB/4Z7RNnzyRDkYytj2GWTNviiI1qk/4XDBA==;EndpointSuffix=core.windows.net",
                            "secondary_location": "",
                            "tags.%": "1",
                            "tags.environment": "Terraform Demo"
                        },
                        "meta": {
                            "schema_version": "2"
                        },
                        "tainted": false
                    },
                    "deposed": [],
                    "provider": "provider.azurerm"
                },
                "azurerm_storage_account.mystorageaccount.1": {
                    "type": "azurerm_storage_account",
                    "depends_on": [
                        "azurerm_resource_group.rg",
                        "random_id.randomId"
                    ],
                    "primary": {
                        "id": "/subscriptions/cf2be2cb-24b7-4cb0-ba3c-7bdb3966bf29/resourceGroups/testResourceGroupWUS/providers/Microsoft.Storage/storageAccounts/diagda4b099446c70a3c1",
                        "attributes": {
                            "access_tier": "",
                            "account_encryption_source": "Microsoft.Storage",
                            "account_kind": "Storage",
                            "account_replication_type": "LRS",
                            "account_tier": "Standard",
                            "account_type": "Standard_LRS",
                            "enable_blob_encryption": "true",
                            "enable_file_encryption": "true",
                            "enable_https_traffic_only": "false",
                            "id": "/subscriptions/cf2be2cb-24b7-4cb0-ba3c-7bdb3966bf29/resourceGroups/testResourceGroupWUS/providers/Microsoft.Storage/storageAccounts/diagda4b099446c70a3c1",
                            "identity.#": "0",
                            "is_hns_enabled": "false",
                            "location": "westus",
                            "name": "diagda4b099446c70a3c1",
                            "network_rules.#": "0",
                            "primary_access_key": "bOyOFxpIzpOE4iSv1B2PGX48cssrPG1acukbx1CNm7uP9vSo5Mr3k5A6OY/7RAXH8zKsq8j+wPzNqpNTTpT5NA==",
                            "primary_blob_connection_string": "DefaultEndpointsProtocol=https;BlobEndpoint=https://diagda4b099446c70a3c1.blob.core.windows.net/;AccountName=diagda4b099446c70a3c1;AccountKey=bOyOFxpIzpOE4iSv1B2PGX48cssrPG1acukbx1CNm7uP9vSo5Mr3k5A6OY/7RAXH8zKsq8j+wPzNqpNTTpT5NA==",
                            "primary_blob_endpoint": "https://diagda4b099446c70a3c1.blob.core.windows.net/",
                            "primary_blob_host": "diagda4b099446c70a3c1.blob.core.windows.net",
                            "primary_connection_string": "DefaultEndpointsProtocol=https;AccountName=diagda4b099446c70a3c1;AccountKey=bOyOFxpIzpOE4iSv1B2PGX48cssrPG1acukbx1CNm7uP9vSo5Mr3k5A6OY/7RAXH8zKsq8j+wPzNqpNTTpT5NA==;EndpointSuffix=core.windows.net",
                            "primary_dfs_endpoint": "",
                            "primary_dfs_host": "",
                            "primary_file_endpoint": "https://diagda4b099446c70a3c1.file.core.windows.net/",
                            "primary_file_host": "diagda4b099446c70a3c1.file.core.windows.net",
                            "primary_location": "westus",
                            "primary_queue_endpoint": "https://diagda4b099446c70a3c1.queue.core.windows.net/",
                            "primary_queue_host": "diagda4b099446c70a3c1.queue.core.windows.net",
                            "primary_table_endpoint": "https://diagda4b099446c70a3c1.table.core.windows.net/",
                            "primary_table_host": "diagda4b099446c70a3c1.table.core.windows.net",
                            "primary_web_endpoint": "",
                            "primary_web_host": "",
                            "resource_group_name": "testResourceGroupWUS",
                            "secondary_access_key": "Fiv3HjxKM1WiZjkjLNMAsbYG2ns9AObbHqsITCXfCbaSJD7b+KZq76w9a/G4o9Q/rRFWGbwr1gPKyjlKs9WPdw==",
                            "secondary_blob_connection_string": "",
                            "secondary_connection_string": "DefaultEndpointsProtocol=https;AccountName=diagda4b099446c70a3c1;AccountKey=Fiv3HjxKM1WiZjkjLNMAsbYG2ns9AObbHqsITCXfCbaSJD7b+KZq76w9a/G4o9Q/rRFWGbwr1gPKyjlKs9WPdw==;EndpointSuffix=core.windows.net",
                            "secondary_location": "",
                            "tags.%": "1",
                            "tags.environment": "Terraform Demo"
                        },
                        "meta": {
                            "schema_version": "2"
                        },
                        "tainted": false
                    },
                    "deposed": [],
                    "provider": "provider.azurerm"
                },
                "azurerm_storage_account.mystorageaccount2.0": {
                    "type": "azurerm_storage_account",
                    "depends_on": [
                        "azurerm_resource_group.rg2",
                        "random_id.randomId2"
                    ],
                    "primary": {
                        "id": "/subscriptions/cf2be2cb-24b7-4cb0-ba3c-7bdb3966bf29/resourceGroups/testResourceGroupEUS/providers/Microsoft.Storage/storageAccounts/diag1300d337342dbb5d0",
                        "attributes": {
                            "access_tier": "",
                            "account_encryption_source": "Microsoft.Storage",
                            "account_kind": "Storage",
                            "account_replication_type": "LRS",
                            "account_tier": "Standard",
                            "account_type": "Standard_LRS",
                            "enable_blob_encryption": "true",
                            "enable_file_encryption": "true",
                            "enable_https_traffic_only": "false",
                            "id": "/subscriptions/cf2be2cb-24b7-4cb0-ba3c-7bdb3966bf29/resourceGroups/testResourceGroupEUS/providers/Microsoft.Storage/storageAccounts/diag1300d337342dbb5d0",
                            "identity.#": "0",
                            "is_hns_enabled": "false",
                            "location": "eastus",
                            "name": "diag1300d337342dbb5d0",
                            "network_rules.#": "0",
                            "primary_access_key": "8fuGX0CZ4zSd58rcQDfl70vFaow9nrpROkXyJZpDE6SgQKcC34QcKhmwpMAukqYMEXu/z2HP/HzaB8Rw2DlA4A==",
                            "primary_blob_connection_string": "DefaultEndpointsProtocol=https;BlobEndpoint=https://diag1300d337342dbb5d0.blob.core.windows.net/;AccountName=diag1300d337342dbb5d0;AccountKey=8fuGX0CZ4zSd58rcQDfl70vFaow9nrpROkXyJZpDE6SgQKcC34QcKhmwpMAukqYMEXu/z2HP/HzaB8Rw2DlA4A==",
                            "primary_blob_endpoint": "https://diag1300d337342dbb5d0.blob.core.windows.net/",
                            "primary_blob_host": "diag1300d337342dbb5d0.blob.core.windows.net",
                            "primary_connection_string": "DefaultEndpointsProtocol=https;AccountName=diag1300d337342dbb5d0;AccountKey=8fuGX0CZ4zSd58rcQDfl70vFaow9nrpROkXyJZpDE6SgQKcC34QcKhmwpMAukqYMEXu/z2HP/HzaB8Rw2DlA4A==;EndpointSuffix=core.windows.net",
                            "primary_dfs_endpoint": "",
                            "primary_dfs_host": "",
                            "primary_file_endpoint": "https://diag1300d337342dbb5d0.file.core.windows.net/",
                            "primary_file_host": "diag1300d337342dbb5d0.file.core.windows.net",
                            "primary_location": "eastus",
                            "primary_queue_endpoint": "https://diag1300d337342dbb5d0.queue.core.windows.net/",
                            "primary_queue_host": "diag1300d337342dbb5d0.queue.core.windows.net",
                            "primary_table_endpoint": "https://diag1300d337342dbb5d0.table.core.windows.net/",
                            "primary_table_host": "diag1300d337342dbb5d0.table.core.windows.net",
                            "primary_web_endpoint": "",
                            "primary_web_host": "",
                            "resource_group_name": "testResourceGroupEUS",
                            "secondary_access_key": "eRr49AxPDxw0m8vJQ+8Elmi9T7Z1oOvJgJ/E7+KNys0d4arHK985PxoKCOMGaeVnPJAb+mMS8h/HsswBFXJpnA==",
                            "secondary_blob_connection_string": "",
                            "secondary_connection_string": "DefaultEndpointsProtocol=https;AccountName=diag1300d337342dbb5d0;AccountKey=eRr49AxPDxw0m8vJQ+8Elmi9T7Z1oOvJgJ/E7+KNys0d4arHK985PxoKCOMGaeVnPJAb+mMS8h/HsswBFXJpnA==;EndpointSuffix=core.windows.net",
                            "secondary_location": "",
                            "tags.%": "1",
                            "tags.environment": "Terraform Demo"
                        },
                        "meta": {
                            "schema_version": "2"
                        },
                        "tainted": false
                    },
                    "deposed": [],
                    "provider": "provider.azurerm"
                },
                "azurerm_storage_account.mystorageaccount2.1": {
                    "type": "azurerm_storage_account",
                    "depends_on": [
                        "azurerm_resource_group.rg2",
                        "random_id.randomId2"
                    ],
                    "primary": {
                        "id": "/subscriptions/cf2be2cb-24b7-4cb0-ba3c-7bdb3966bf29/resourceGroups/testResourceGroupEUS/providers/Microsoft.Storage/storageAccounts/diag1300d337342dbb5d1",
                        "attributes": {
                            "access_tier": "",
                            "account_encryption_source": "Microsoft.Storage",
                            "account_kind": "Storage",
                            "account_replication_type": "LRS",
                            "account_tier": "Standard",
                            "account_type": "Standard_LRS",
                            "enable_blob_encryption": "true",
                            "enable_file_encryption": "true",
                            "enable_https_traffic_only": "false",
                            "id": "/subscriptions/cf2be2cb-24b7-4cb0-ba3c-7bdb3966bf29/resourceGroups/testResourceGroupEUS/providers/Microsoft.Storage/storageAccounts/diag1300d337342dbb5d1",
                            "identity.#": "0",
                            "is_hns_enabled": "false",
                            "location": "eastus",
                            "name": "diag1300d337342dbb5d1",
                            "network_rules.#": "0",
                            "primary_access_key": "0juCa6/OOh3lM1Sc+x34o3Zs+nNVAsl+jXVHfExqxtRhGVHi1SU5VsZ+5tlY09AVfM316EO9LGobdF4HxFxLgQ==",
                            "primary_blob_connection_string": "DefaultEndpointsProtocol=https;BlobEndpoint=https://diag1300d337342dbb5d1.blob.core.windows.net/;AccountName=diag1300d337342dbb5d1;AccountKey=0juCa6/OOh3lM1Sc+x34o3Zs+nNVAsl+jXVHfExqxtRhGVHi1SU5VsZ+5tlY09AVfM316EO9LGobdF4HxFxLgQ==",
                            "primary_blob_endpoint": "https://diag1300d337342dbb5d1.blob.core.windows.net/",
                            "primary_blob_host": "diag1300d337342dbb5d1.blob.core.windows.net",
                            "primary_connection_string": "DefaultEndpointsProtocol=https;AccountName=diag1300d337342dbb5d1;AccountKey=0juCa6/OOh3lM1Sc+x34o3Zs+nNVAsl+jXVHfExqxtRhGVHi1SU5VsZ+5tlY09AVfM316EO9LGobdF4HxFxLgQ==;EndpointSuffix=core.windows.net",
                            "primary_dfs_endpoint": "",
                            "primary_dfs_host": "",
                            "primary_file_endpoint": "https://diag1300d337342dbb5d1.file.core.windows.net/",
                            "primary_file_host": "diag1300d337342dbb5d1.file.core.windows.net",
                            "primary_location": "eastus",
                            "primary_queue_endpoint": "https://diag1300d337342dbb5d1.queue.core.windows.net/",
                            "primary_queue_host": "diag1300d337342dbb5d1.queue.core.windows.net",
                            "primary_table_endpoint": "https://diag1300d337342dbb5d1.table.core.windows.net/",
                            "primary_table_host": "diag1300d337342dbb5d1.table.core.windows.net",
                            "primary_web_endpoint": "",
                            "primary_web_host": "",
                            "resource_group_name": "testResourceGroupEUS",
                            "secondary_access_key": "9yQdMuwg2YTQgzREAU78t/twsE2iA/LCKooTfmNs3mZ5Avk6Y/6mpUP1b+y+2uRBtBydr2toLkf1Qm8fesu/9g==",
                            "secondary_blob_connection_string": "",
                            "secondary_connection_string": "DefaultEndpointsProtocol=https;AccountName=diag1300d337342dbb5d1;AccountKey=9yQdMuwg2YTQgzREAU78t/twsE2iA/LCKooTfmNs3mZ5Avk6Y/6mpUP1b+y+2uRBtBydr2toLkf1Qm8fesu/9g==;EndpointSuffix=core.windows.net",
                            "secondary_location": "",
                            "tags.%": "1",
                            "tags.environment": "Terraform Demo"
                        },
                        "meta": {
                            "schema_version": "2"
                        },
                        "tainted": false
                    },
                    "deposed": [],
                    "provider": "provider.azurerm"
                },
                "azurerm_storage_account.mystorageaccount2.2": {
                    "type": "azurerm_storage_account",
                    "depends_on": [
                        "azurerm_resource_group.rg2",
                        "random_id.randomId2"
                    ],
                    "primary": {
                        "id": "/subscriptions/cf2be2cb-24b7-4cb0-ba3c-7bdb3966bf29/resourceGroups/testResourceGroupEUS/providers/Microsoft.Storage/storageAccounts/diag1300d337342dbb5d2",
                        "attributes": {
                            "access_tier": "",
                            "account_encryption_source": "Microsoft.Storage",
                            "account_kind": "Storage",
                            "account_replication_type": "LRS",
                            "account_tier": "Standard",
                            "account_type": "Standard_LRS",
                            "enable_blob_encryption": "true",
                            "enable_file_encryption": "true",
                            "enable_https_traffic_only": "false",
                            "id": "/subscriptions/cf2be2cb-24b7-4cb0-ba3c-7bdb3966bf29/resourceGroups/testResourceGroupEUS/providers/Microsoft.Storage/storageAccounts/diag1300d337342dbb5d2",
                            "identity.#": "0",
                            "is_hns_enabled": "false",
                            "location": "eastus",
                            "name": "diag1300d337342dbb5d2",
                            "network_rules.#": "0",
                            "primary_access_key": "WEnb8QdAacCoQ9ix+R2Sg8Bt8FSzLVAwKzBK+e9ZsELhPPst5xjU/0WYsbqB+gDtLbn7v3wngqwdn+DeBvdleg==",
                            "primary_blob_connection_string": "DefaultEndpointsProtocol=https;BlobEndpoint=https://diag1300d337342dbb5d2.blob.core.windows.net/;AccountName=diag1300d337342dbb5d2;AccountKey=WEnb8QdAacCoQ9ix+R2Sg8Bt8FSzLVAwKzBK+e9ZsELhPPst5xjU/0WYsbqB+gDtLbn7v3wngqwdn+DeBvdleg==",
                            "primary_blob_endpoint": "https://diag1300d337342dbb5d2.blob.core.windows.net/",
                            "primary_blob_host": "diag1300d337342dbb5d2.blob.core.windows.net",
                            "primary_connection_string": "DefaultEndpointsProtocol=https;AccountName=diag1300d337342dbb5d2;AccountKey=WEnb8QdAacCoQ9ix+R2Sg8Bt8FSzLVAwKzBK+e9ZsELhPPst5xjU/0WYsbqB+gDtLbn7v3wngqwdn+DeBvdleg==;EndpointSuffix=core.windows.net",
                            "primary_dfs_endpoint": "",
                            "primary_dfs_host": "",
                            "primary_file_endpoint": "https://diag1300d337342dbb5d2.file.core.windows.net/",
                            "primary_file_host": "diag1300d337342dbb5d2.file.core.windows.net",
                            "primary_location": "eastus",
                            "primary_queue_endpoint": "https://diag1300d337342dbb5d2.queue.core.windows.net/",
                            "primary_queue_host": "diag1300d337342dbb5d2.queue.core.windows.net",
                            "primary_table_endpoint": "https://diag1300d337342dbb5d2.table.core.windows.net/",
                            "primary_table_host": "diag1300d337342dbb5d2.table.core.windows.net",
                            "primary_web_endpoint": "",
                            "primary_web_host": "",
                            "resource_group_name": "testResourceGroupEUS",
                            "secondary_access_key": "MqWH7Jjjt1trsh3io/Le4okw30wHR0U0E0SLa4/7ebbcXZMmE6ycWENw607bT47p8NaxLCNZ5vtOvZMKtqdkFg==",
                            "secondary_blob_connection_string": "",
                            "secondary_connection_string": "DefaultEndpointsProtocol=https;AccountName=diag1300d337342dbb5d2;AccountKey=MqWH7Jjjt1trsh3io/Le4okw30wHR0U0E0SLa4/7ebbcXZMmE6ycWENw607bT47p8NaxLCNZ5vtOvZMKtqdkFg==;EndpointSuffix=core.windows.net",
                            "secondary_location": "",
                            "tags.%": "1",
                            "tags.environment": "Terraform Demo"
                        },
                        "meta": {
                            "schema_version": "2"
                        },
                        "tainted": false
                    },
                    "deposed": [],
                    "provider": "provider.azurerm"
                },
                "azurerm_subnet.myterraformsubnet": {
                    "type": "azurerm_subnet",
                    "depends_on": [
                        "azurerm_resource_group.rg",
                        "azurerm_virtual_network.myterraformnetwork"
                    ],
                    "primary": {
                        "id": "/subscriptions/cf2be2cb-24b7-4cb0-ba3c-7bdb3966bf29/resourceGroups/testResourceGroupWUS/providers/Microsoft.Network/virtualNetworks/myVNetWUS0/subnets/mySubnetWUS0",
                        "attributes": {
                            "address_prefix": "10.0.0.0/28",
                            "delegation.#": "0",
                            "id": "/subscriptions/cf2be2cb-24b7-4cb0-ba3c-7bdb3966bf29/resourceGroups/testResourceGroupWUS/providers/Microsoft.Network/virtualNetworks/myVNetWUS0/subnets/mySubnetWUS0",
                            "ip_configurations.#": "2",
                            "ip_configurations.2092860865": "/subscriptions/cf2be2cb-24b7-4cb0-ba3c-7bdb3966bf29/resourceGroups/testResourceGroupWUS/providers/Microsoft.Network/networkInterfaces/myNICWUS1/ipConfigurations/myNicConfigurationWUS1",
                            "ip_configurations.3819841014": "/subscriptions/cf2be2cb-24b7-4cb0-ba3c-7bdb3966bf29/resourceGroups/testResourceGroupWUS/providers/Microsoft.Network/networkInterfaces/myNICWUS0/ipConfigurations/myNicConfigurationWUS0",
                            "name": "mySubnetWUS0",
                            "network_security_group_id": "",
                            "resource_group_name": "testResourceGroupWUS",
                            "route_table_id": "",
                            "service_endpoints.#": "0",
                            "virtual_network_name": "myVNetWUS0"
                        },
                        "meta": {},
                        "tainted": false
                    },
                    "deposed": [],
                    "provider": "provider.azurerm"
                },
                "azurerm_subnet.myterraformsubnet2": {
                    "type": "azurerm_subnet",
                    "depends_on": [
                        "azurerm_resource_group.rg2",
                        "azurerm_virtual_network.myterraformnetwork2"
                    ],
                    "primary": {
                        "id": "/subscriptions/cf2be2cb-24b7-4cb0-ba3c-7bdb3966bf29/resourceGroups/testResourceGroupEUS/providers/Microsoft.Network/virtualNetworks/myVNetEUS0/subnets/mySubnetEUS0",
                        "attributes": {
                            "address_prefix": "10.1.0.0/28",
                            "delegation.#": "0",
                            "id": "/subscriptions/cf2be2cb-24b7-4cb0-ba3c-7bdb3966bf29/resourceGroups/testResourceGroupEUS/providers/Microsoft.Network/virtualNetworks/myVNetEUS0/subnets/mySubnetEUS0",
                            "ip_configurations.#": "0",
                            "name": "mySubnetEUS0",
                            "network_security_group_id": "",
                            "resource_group_name": "testResourceGroupEUS",
                            "route_table_id": "",
                            "service_endpoints.#": "0",
                            "virtual_network_name": "myVNetEUS0"
                        },
                        "meta": {},
                        "tainted": false
                    },
                    "deposed": [],
                    "provider": "provider.azurerm"
                },
                "azurerm_virtual_machine.myterraformvm.0": {
                    "type": "azurerm_virtual_machine",
                    "depends_on": [
                        "azurerm_network_interface.myterraformnic.*",
                        "azurerm_resource_group.rg",
                        "azurerm_storage_account.mystorageaccount.*"
                    ],
                    "primary": {
                        "id": "/subscriptions/cf2be2cb-24b7-4cb0-ba3c-7bdb3966bf29/resourceGroups/testResourceGroupWUS/providers/Microsoft.Compute/virtualMachines/myVMNameWUS0",
                        "attributes": {
                            "boot_diagnostics.#": "1",
                            "boot_diagnostics.0.enabled": "true",
                            "boot_diagnostics.0.storage_uri": "https://diagda4b099446c70a3c0.blob.core.windows.net/",
                            "delete_data_disks_on_termination": "false",
                            "delete_os_disk_on_termination": "false",
                            "id": "/subscriptions/cf2be2cb-24b7-4cb0-ba3c-7bdb3966bf29/resourceGroups/testResourceGroupWUS/providers/Microsoft.Compute/virtualMachines/myVMNameWUS0",
                            "identity.#": "0",
                            "location": "westus",
                            "name": "myVMNameWUS0",
                            "network_interface_ids.#": "1",
                            "network_interface_ids.0": "/subscriptions/cf2be2cb-24b7-4cb0-ba3c-7bdb3966bf29/resourceGroups/testResourceGroupWUS/providers/Microsoft.Network/networkInterfaces/myNICWUS0",
                            "os_profile.#": "1",
                            "os_profile.249456377.admin_password": "",
                            "os_profile.249456377.admin_username": "azureuser",
                            "os_profile.249456377.computer_name": "myvm0",
                            "os_profile.249456377.custom_data": "",
                            "os_profile_linux_config.#": "1",
                            "os_profile_linux_config.69840937.disable_password_authentication": "true",
                            "os_profile_linux_config.69840937.ssh_keys.#": "1",
                            "os_profile_linux_config.69840937.ssh_keys.0.key_data": "ssh-rsa  AAAAB3NzaC1yc2EAAAADAQABAAABAQCym+NouF8g0DKCnFhRX6qHBVYXyaTyiPZkwL33Hr4GrYFREP4cDeTNnklIeRwXfXdgOjF5QBnMGQIKe6pki/CoulTkElz62rCOKPVmMYuudTEMmBN7eYOihDPP4Q9BrmDTakwwMpTTNxiPwpjPZaeU8UUVwKQWYDngSOX40oLW68A6oe4QGkbi2j9XqF/HbOuq7dwQV49ZPwZXiIiK0W/NZjyd7vBqUZlifwHJoVxOVhi7zjxUlHESg1qGkWWboiBnXi1a3nq/MOHlGxGdVlhQiWS+zefZsm9ZlpTSUNEuJTOaL874HcF9DtFVl3zCKeAhMzLFp5RpOJkr0taWLAgN",
                            "os_profile_linux_config.69840937.ssh_keys.0.path": "/home/azureuser/.ssh/authorized_keys",
                            "os_profile_secrets.#": "0",
                            "os_profile_windows_config.#": "0",
                            "plan.#": "0",
                            "resource_group_name": "testResourceGroupWUS",
                            "storage_data_disk.#": "0",
                            "storage_image_reference.#": "1",
                            "storage_image_reference.363552096.id": "",
                            "storage_image_reference.363552096.offer": "UbuntuServer",
                            "storage_image_reference.363552096.publisher": "Canonical",
                            "storage_image_reference.363552096.sku": "16.04.0-LTS",
                            "storage_image_reference.363552096.version": "latest",
                            "storage_os_disk.#": "1",
                            "storage_os_disk.0.caching": "ReadWrite",
                            "storage_os_disk.0.create_option": "FromImage",
                            "storage_os_disk.0.disk_size_gb": "30",
                            "storage_os_disk.0.image_uri": "",
                            "storage_os_disk.0.managed_disk_id": "/subscriptions/cf2be2cb-24b7-4cb0-ba3c-7bdb3966bf29/resourceGroups/testResourceGroupWUS/providers/Microsoft.Compute/disks/myOsDisk0",
                            "storage_os_disk.0.managed_disk_type": "Premium_LRS",
                            "storage_os_disk.0.name": "myOsDisk0",
                            "storage_os_disk.0.os_type": "Linux",
                            "storage_os_disk.0.vhd_uri": "",
                            "storage_os_disk.0.write_accelerator_enabled": "false",
                            "tags.%": "1",
                            "tags.environment": "Terraform Demo",
                            "vm_size": "Standard_DS1_v2",
                            "zones.#": "0"
                        },
                        "meta": {},
                        "tainted": false
                    },
                    "deposed": [],
                    "provider": "provider.azurerm"
                },
                "azurerm_virtual_machine.myterraformvm.1": {
                    "type": "azurerm_virtual_machine",
                    "depends_on": [
                        "azurerm_network_interface.myterraformnic.*",
                        "azurerm_resource_group.rg",
                        "azurerm_storage_account.mystorageaccount.*"
                    ],
                    "primary": {
                        "id": "/subscriptions/cf2be2cb-24b7-4cb0-ba3c-7bdb3966bf29/resourceGroups/testResourceGroupWUS/providers/Microsoft.Compute/virtualMachines/myVMNameWUS1",
                        "attributes": {
                            "boot_diagnostics.#": "1",
                            "boot_diagnostics.0.enabled": "true",
                            "boot_diagnostics.0.storage_uri": "https://diagda4b099446c70a3c1.blob.core.windows.net/",
                            "delete_data_disks_on_termination": "false",
                            "delete_os_disk_on_termination": "false",
                            "id": "/subscriptions/cf2be2cb-24b7-4cb0-ba3c-7bdb3966bf29/resourceGroups/testResourceGroupWUS/providers/Microsoft.Compute/virtualMachines/myVMNameWUS1",
                            "identity.#": "0",
                            "location": "westus",
                            "name": "myVMNameWUS1",
                            "network_interface_ids.#": "1",
                            "network_interface_ids.0": "/subscriptions/cf2be2cb-24b7-4cb0-ba3c-7bdb3966bf29/resourceGroups/testResourceGroupWUS/providers/Microsoft.Network/networkInterfaces/myNICWUS1",
                            "os_profile.#": "1",
                            "os_profile.398809016.admin_password": "",
                            "os_profile.398809016.admin_username": "azureuser",
                            "os_profile.398809016.computer_name": "myvm1",
                            "os_profile.398809016.custom_data": "",
                            "os_profile_linux_config.#": "1",
                            "os_profile_linux_config.69840937.disable_password_authentication": "true",
                            "os_profile_linux_config.69840937.ssh_keys.#": "1",
                            "os_profile_linux_config.69840937.ssh_keys.0.key_data": "ssh-rsa  AAAAB3NzaC1yc2EAAAADAQABAAABAQCym+NouF8g0DKCnFhRX6qHBVYXyaTyiPZkwL33Hr4GrYFREP4cDeTNnklIeRwXfXdgOjF5QBnMGQIKe6pki/CoulTkElz62rCOKPVmMYuudTEMmBN7eYOihDPP4Q9BrmDTakwwMpTTNxiPwpjPZaeU8UUVwKQWYDngSOX40oLW68A6oe4QGkbi2j9XqF/HbOuq7dwQV49ZPwZXiIiK0W/NZjyd7vBqUZlifwHJoVxOVhi7zjxUlHESg1qGkWWboiBnXi1a3nq/MOHlGxGdVlhQiWS+zefZsm9ZlpTSUNEuJTOaL874HcF9DtFVl3zCKeAhMzLFp5RpOJkr0taWLAgN",
                            "os_profile_linux_config.69840937.ssh_keys.0.path": "/home/azureuser/.ssh/authorized_keys",
                            "os_profile_secrets.#": "0",
                            "os_profile_windows_config.#": "0",
                            "plan.#": "0",
                            "resource_group_name": "testResourceGroupWUS",
                            "storage_data_disk.#": "0",
                            "storage_image_reference.#": "1",
                            "storage_image_reference.363552096.id": "",
                            "storage_image_reference.363552096.offer": "UbuntuServer",
                            "storage_image_reference.363552096.publisher": "Canonical",
                            "storage_image_reference.363552096.sku": "16.04.0-LTS",
                            "storage_image_reference.363552096.version": "latest",
                            "storage_os_disk.#": "1",
                            "storage_os_disk.0.caching": "ReadWrite",
                            "storage_os_disk.0.create_option": "FromImage",
                            "storage_os_disk.0.disk_size_gb": "30",
                            "storage_os_disk.0.image_uri": "",
                            "storage_os_disk.0.managed_disk_id": "/subscriptions/cf2be2cb-24b7-4cb0-ba3c-7bdb3966bf29/resourceGroups/testResourceGroupWUS/providers/Microsoft.Compute/disks/myOsDisk1",
                            "storage_os_disk.0.managed_disk_type": "Premium_LRS",
                            "storage_os_disk.0.name": "myOsDisk1",
                            "storage_os_disk.0.os_type": "Linux",
                            "storage_os_disk.0.vhd_uri": "",
                            "storage_os_disk.0.write_accelerator_enabled": "false",
                            "tags.%": "1",
                            "tags.environment": "Terraform Demo",
                            "vm_size": "Standard_DS1_v2",
                            "zones.#": "0"
                        },
                        "meta": {},
                        "tainted": false
                    },
                    "deposed": [],
                    "provider": "provider.azurerm"
                },
                "azurerm_virtual_machine.myterraformvm2.0": {
                    "type": "azurerm_virtual_machine",
                    "depends_on": [
                        "azurerm_network_interface.myterraformnic2.*",
                        "azurerm_resource_group.rg2",
                        "azurerm_storage_account.mystorageaccount2.*"
                    ],
                    "primary": {
                        "id": "/subscriptions/cf2be2cb-24b7-4cb0-ba3c-7bdb3966bf29/resourceGroups/testResourceGroupEUS/providers/Microsoft.Compute/virtualMachines/myVMNameEUS0",
                        "attributes": {
                            "boot_diagnostics.#": "1",
                            "boot_diagnostics.0.enabled": "true",
                            "boot_diagnostics.0.storage_uri": "https://diag1300d337342dbb5d0.blob.core.windows.net/",
                            "delete_data_disks_on_termination": "false",
                            "delete_os_disk_on_termination": "false",
                            "id": "/subscriptions/cf2be2cb-24b7-4cb0-ba3c-7bdb3966bf29/resourceGroups/testResourceGroupEUS/providers/Microsoft.Compute/virtualMachines/myVMNameEUS0",
                            "identity.#": "0",
                            "location": "eastus",
                            "name": "myVMNameEUS0",
                            "network_interface_ids.#": "1",
                            "network_interface_ids.0": "/subscriptions/cf2be2cb-24b7-4cb0-ba3c-7bdb3966bf29/resourceGroups/testResourceGroupEUS/providers/Microsoft.Network/networkInterfaces/myNICEUS0",
                            "os_profile.#": "1",
                            "os_profile.249456377.admin_password": "",
                            "os_profile.249456377.admin_username": "azureuser",
                            "os_profile.249456377.computer_name": "myvm0",
                            "os_profile.249456377.custom_data": "",
                            "os_profile_linux_config.#": "1",
                            "os_profile_linux_config.69840937.disable_password_authentication": "true",
                            "os_profile_linux_config.69840937.ssh_keys.#": "1",
                            "os_profile_linux_config.69840937.ssh_keys.0.key_data": "ssh-rsa  AAAAB3NzaC1yc2EAAAADAQABAAABAQCym+NouF8g0DKCnFhRX6qHBVYXyaTyiPZkwL33Hr4GrYFREP4cDeTNnklIeRwXfXdgOjF5QBnMGQIKe6pki/CoulTkElz62rCOKPVmMYuudTEMmBN7eYOihDPP4Q9BrmDTakwwMpTTNxiPwpjPZaeU8UUVwKQWYDngSOX40oLW68A6oe4QGkbi2j9XqF/HbOuq7dwQV49ZPwZXiIiK0W/NZjyd7vBqUZlifwHJoVxOVhi7zjxUlHESg1qGkWWboiBnXi1a3nq/MOHlGxGdVlhQiWS+zefZsm9ZlpTSUNEuJTOaL874HcF9DtFVl3zCKeAhMzLFp5RpOJkr0taWLAgN",
                            "os_profile_linux_config.69840937.ssh_keys.0.path": "/home/azureuser/.ssh/authorized_keys",
                            "os_profile_secrets.#": "0",
                            "os_profile_windows_config.#": "0",
                            "plan.#": "0",
                            "resource_group_name": "testResourceGroupEUS",
                            "storage_data_disk.#": "0",
                            "storage_image_reference.#": "1",
                            "storage_image_reference.363552096.id": "",
                            "storage_image_reference.363552096.offer": "UbuntuServer",
                            "storage_image_reference.363552096.publisher": "Canonical",
                            "storage_image_reference.363552096.sku": "16.04.0-LTS",
                            "storage_image_reference.363552096.version": "latest",
                            "storage_os_disk.#": "1",
                            "storage_os_disk.0.caching": "ReadWrite",
                            "storage_os_disk.0.create_option": "FromImage",
                            "storage_os_disk.0.disk_size_gb": "30",
                            "storage_os_disk.0.image_uri": "",
                            "storage_os_disk.0.managed_disk_id": "/subscriptions/cf2be2cb-24b7-4cb0-ba3c-7bdb3966bf29/resourceGroups/testResourceGroupEUS/providers/Microsoft.Compute/disks/myOsDisk0",
                            "storage_os_disk.0.managed_disk_type": "Premium_LRS",
                            "storage_os_disk.0.name": "myOsDisk0",
                            "storage_os_disk.0.os_type": "Linux",
                            "storage_os_disk.0.vhd_uri": "",
                            "storage_os_disk.0.write_accelerator_enabled": "false",
                            "tags.%": "1",
                            "tags.environment": "Terraform Demo",
                            "vm_size": "Standard_B1s",
                            "zones.#": "0"
                        },
                        "meta": {},
                        "tainted": false
                    },
                    "deposed": [],
                    "provider": "provider.azurerm"
                },
                "azurerm_virtual_machine.myterraformvm2.1": {
                    "type": "azurerm_virtual_machine",
                    "depends_on": [
                        "azurerm_network_interface.myterraformnic2.*",
                        "azurerm_resource_group.rg2",
                        "azurerm_storage_account.mystorageaccount2.*"
                    ],
                    "primary": {
                        "id": "/subscriptions/cf2be2cb-24b7-4cb0-ba3c-7bdb3966bf29/resourceGroups/testResourceGroupEUS/providers/Microsoft.Compute/virtualMachines/myVMNameEUS1",
                        "attributes": {
                            "boot_diagnostics.#": "1",
                            "boot_diagnostics.0.enabled": "true",
                            "boot_diagnostics.0.storage_uri": "https://diag1300d337342dbb5d1.blob.core.windows.net/",
                            "delete_data_disks_on_termination": "false",
                            "delete_os_disk_on_termination": "false",
                            "id": "/subscriptions/cf2be2cb-24b7-4cb0-ba3c-7bdb3966bf29/resourceGroups/testResourceGroupEUS/providers/Microsoft.Compute/virtualMachines/myVMNameEUS1",
                            "identity.#": "0",
                            "location": "eastus",
                            "name": "myVMNameEUS1",
                            "network_interface_ids.#": "1",
                            "network_interface_ids.0": "/subscriptions/cf2be2cb-24b7-4cb0-ba3c-7bdb3966bf29/resourceGroups/testResourceGroupEUS/providers/Microsoft.Network/networkInterfaces/myNICEUS1",
                            "os_profile.#": "1",
                            "os_profile.398809016.admin_password": "",
                            "os_profile.398809016.admin_username": "azureuser",
                            "os_profile.398809016.computer_name": "myvm1",
                            "os_profile.398809016.custom_data": "",
                            "os_profile_linux_config.#": "1",
                            "os_profile_linux_config.69840937.disable_password_authentication": "true",
                            "os_profile_linux_config.69840937.ssh_keys.#": "1",
                            "os_profile_linux_config.69840937.ssh_keys.0.key_data": "ssh-rsa  AAAAB3NzaC1yc2EAAAADAQABAAABAQCym+NouF8g0DKCnFhRX6qHBVYXyaTyiPZkwL33Hr4GrYFREP4cDeTNnklIeRwXfXdgOjF5QBnMGQIKe6pki/CoulTkElz62rCOKPVmMYuudTEMmBN7eYOihDPP4Q9BrmDTakwwMpTTNxiPwpjPZaeU8UUVwKQWYDngSOX40oLW68A6oe4QGkbi2j9XqF/HbOuq7dwQV49ZPwZXiIiK0W/NZjyd7vBqUZlifwHJoVxOVhi7zjxUlHESg1qGkWWboiBnXi1a3nq/MOHlGxGdVlhQiWS+zefZsm9ZlpTSUNEuJTOaL874HcF9DtFVl3zCKeAhMzLFp5RpOJkr0taWLAgN",
                            "os_profile_linux_config.69840937.ssh_keys.0.path": "/home/azureuser/.ssh/authorized_keys",
                            "os_profile_secrets.#": "0",
                            "os_profile_windows_config.#": "0",
                            "plan.#": "0",
                            "resource_group_name": "testResourceGroupEUS",
                            "storage_data_disk.#": "0",
                            "storage_image_reference.#": "1",
                            "storage_image_reference.363552096.id": "",
                            "storage_image_reference.363552096.offer": "UbuntuServer",
                            "storage_image_reference.363552096.publisher": "Canonical",
                            "storage_image_reference.363552096.sku": "16.04.0-LTS",
                            "storage_image_reference.363552096.version": "latest",
                            "storage_os_disk.#": "1",
                            "storage_os_disk.0.caching": "ReadWrite",
                            "storage_os_disk.0.create_option": "FromImage",
                            "storage_os_disk.0.disk_size_gb": "30",
                            "storage_os_disk.0.image_uri": "",
                            "storage_os_disk.0.managed_disk_id": "/subscriptions/cf2be2cb-24b7-4cb0-ba3c-7bdb3966bf29/resourceGroups/testResourceGroupEUS/providers/Microsoft.Compute/disks/myOsDisk1",
                            "storage_os_disk.0.managed_disk_type": "Premium_LRS",
                            "storage_os_disk.0.name": "myOsDisk1",
                            "storage_os_disk.0.os_type": "Linux",
                            "storage_os_disk.0.vhd_uri": "",
                            "storage_os_disk.0.write_accelerator_enabled": "false",
                            "tags.%": "1",
                            "tags.environment": "Terraform Demo",
                            "vm_size": "Standard_B1s",
                            "zones.#": "0"
                        },
                        "meta": {},
                        "tainted": false
                    },
                    "deposed": [],
                    "provider": "provider.azurerm"
                },
                "azurerm_virtual_machine.myterraformvm2.2": {
                    "type": "azurerm_virtual_machine",
                    "depends_on": [
                        "azurerm_network_interface.myterraformnic2.*",
                        "azurerm_resource_group.rg2",
                        "azurerm_storage_account.mystorageaccount2.*"
                    ],
                    "primary": {
                        "id": "/subscriptions/cf2be2cb-24b7-4cb0-ba3c-7bdb3966bf29/resourceGroups/testResourceGroupEUS/providers/Microsoft.Compute/virtualMachines/myVMNameEUS2",
                        "attributes": {
                            "boot_diagnostics.#": "1",
                            "boot_diagnostics.0.enabled": "true",
                            "boot_diagnostics.0.storage_uri": "https://diag1300d337342dbb5d2.blob.core.windows.net/",
                            "delete_data_disks_on_termination": "false",
                            "delete_os_disk_on_termination": "false",
                            "id": "/subscriptions/cf2be2cb-24b7-4cb0-ba3c-7bdb3966bf29/resourceGroups/testResourceGroupEUS/providers/Microsoft.Compute/virtualMachines/myVMNameEUS2",
                            "identity.#": "0",
                            "location": "eastus",
                            "name": "myVMNameEUS2",
                            "network_interface_ids.#": "1",
                            "network_interface_ids.0": "/subscriptions/cf2be2cb-24b7-4cb0-ba3c-7bdb3966bf29/resourceGroups/testResourceGroupEUS/providers/Microsoft.Network/networkInterfaces/myNICEUS2",
                            "os_profile.#": "1",
                            "os_profile.1021838459.admin_password": "",
                            "os_profile.1021838459.admin_username": "azureuser",
                            "os_profile.1021838459.computer_name": "myvm2",
                            "os_profile.1021838459.custom_data": "",
                            "os_profile_linux_config.#": "1",
                            "os_profile_linux_config.69840937.disable_password_authentication": "true",
                            "os_profile_linux_config.69840937.ssh_keys.#": "1",
                            "os_profile_linux_config.69840937.ssh_keys.0.key_data": "ssh-rsa  AAAAB3NzaC1yc2EAAAADAQABAAABAQCym+NouF8g0DKCnFhRX6qHBVYXyaTyiPZkwL33Hr4GrYFREP4cDeTNnklIeRwXfXdgOjF5QBnMGQIKe6pki/CoulTkElz62rCOKPVmMYuudTEMmBN7eYOihDPP4Q9BrmDTakwwMpTTNxiPwpjPZaeU8UUVwKQWYDngSOX40oLW68A6oe4QGkbi2j9XqF/HbOuq7dwQV49ZPwZXiIiK0W/NZjyd7vBqUZlifwHJoVxOVhi7zjxUlHESg1qGkWWboiBnXi1a3nq/MOHlGxGdVlhQiWS+zefZsm9ZlpTSUNEuJTOaL874HcF9DtFVl3zCKeAhMzLFp5RpOJkr0taWLAgN",
                            "os_profile_linux_config.69840937.ssh_keys.0.path": "/home/azureuser/.ssh/authorized_keys",
                            "os_profile_secrets.#": "0",
                            "os_profile_windows_config.#": "0",
                            "plan.#": "0",
                            "resource_group_name": "testResourceGroupEUS",
                            "storage_data_disk.#": "0",
                            "storage_image_reference.#": "1",
                            "storage_image_reference.363552096.id": "",
                            "storage_image_reference.363552096.offer": "UbuntuServer",
                            "storage_image_reference.363552096.publisher": "Canonical",
                            "storage_image_reference.363552096.sku": "16.04.0-LTS",
                            "storage_image_reference.363552096.version": "latest",
                            "storage_os_disk.#": "1",
                            "storage_os_disk.0.caching": "ReadWrite",
                            "storage_os_disk.0.create_option": "FromImage",
                            "storage_os_disk.0.disk_size_gb": "30",
                            "storage_os_disk.0.image_uri": "",
                            "storage_os_disk.0.managed_disk_id": "/subscriptions/cf2be2cb-24b7-4cb0-ba3c-7bdb3966bf29/resourceGroups/testResourceGroupEUS/providers/Microsoft.Compute/disks/myOsDisk2",
                            "storage_os_disk.0.managed_disk_type": "Premium_LRS",
                            "storage_os_disk.0.name": "myOsDisk2",
                            "storage_os_disk.0.os_type": "Linux",
                            "storage_os_disk.0.vhd_uri": "",
                            "storage_os_disk.0.write_accelerator_enabled": "false",
                            "tags.%": "1",
                            "tags.environment": "Terraform Demo",
                            "vm_size": "Standard_B1s",
                            "zones.#": "0"
                        },
                        "meta": {},
                        "tainted": false
                    },
                    "deposed": [],
                    "provider": "provider.azurerm"
                },
                "azurerm_virtual_network.myterraformnetwork": {
                    "type": "azurerm_virtual_network",
                    "depends_on": [
                        "azurerm_resource_group.rg"
                    ],
                    "primary": {
                        "id": "/subscriptions/cf2be2cb-24b7-4cb0-ba3c-7bdb3966bf29/resourceGroups/testResourceGroupWUS/providers/Microsoft.Network/virtualNetworks/myVNetWUS0",
                        "attributes": {
                            "address_space.#": "1",
                            "address_space.0": "10.0.0.0/27",
                            "ddos_protection_plan.#": "0",
                            "dns_servers.#": "0",
                            "id": "/subscriptions/cf2be2cb-24b7-4cb0-ba3c-7bdb3966bf29/resourceGroups/testResourceGroupWUS/providers/Microsoft.Network/virtualNetworks/myVNetWUS0",
                            "location": "westus",
                            "name": "myVNetWUS0",
                            "resource_group_name": "testResourceGroupWUS",
                            "subnet.#": "1",
                            "subnet.1563699848.address_prefix": "10.0.0.0/28",
                            "subnet.1563699848.id": "/subscriptions/cf2be2cb-24b7-4cb0-ba3c-7bdb3966bf29/resourceGroups/testResourceGroupWUS/providers/Microsoft.Network/virtualNetworks/myVNetWUS0/subnets/mySubnetWUS0",
                            "subnet.1563699848.name": "mySubnetWUS0",
                            "subnet.1563699848.security_group": "",
                            "tags.%": "0"
                        },
                        "meta": {},
                        "tainted": false
                    },
                    "deposed": [],
                    "provider": "provider.azurerm"
                },
                "azurerm_virtual_network.myterraformnetwork2": {
                    "type": "azurerm_virtual_network",
                    "depends_on": [
                        "azurerm_resource_group.rg2"
                    ],
                    "primary": {
                        "id": "/subscriptions/cf2be2cb-24b7-4cb0-ba3c-7bdb3966bf29/resourceGroups/testResourceGroupEUS/providers/Microsoft.Network/virtualNetworks/myVNetEUS0",
                        "attributes": {
                            "address_space.#": "1",
                            "address_space.0": "10.1.0.0/27",
                            "ddos_protection_plan.#": "0",
                            "dns_servers.#": "0",
                            "id": "/subscriptions/cf2be2cb-24b7-4cb0-ba3c-7bdb3966bf29/resourceGroups/testResourceGroupEUS/providers/Microsoft.Network/virtualNetworks/myVNetEUS0",
                            "location": "eastus",
                            "name": "myVNetEUS0",
                            "resource_group_name": "testResourceGroupEUS",
                            "subnet.#": "0",
                            "tags.%": "0"
                        },
                        "meta": {},
                        "tainted": false
                    },
                    "deposed": [],
                    "provider": "provider.azurerm"
                },
                "random_id.randomId": {
                    "type": "random_id",
                    "depends_on": [
                        "azurerm_resource_group.rg"
                    ],
                    "primary": {
                        "id": "2ksJlEbHCjw",
                        "attributes": {
                            "b64": "2ksJlEbHCjw",
                            "b64_std": "2ksJlEbHCjw=",
                            "b64_url": "2ksJlEbHCjw",
                            "byte_length": "8",
                            "dec": "15729676655968848444",
                            "hex": "da4b099446c70a3c",
                            "id": "2ksJlEbHCjw",
                            "keepers.%": "1",
                            "keepers.resource_group": "testResourceGroupWUS"
                        },
                        "meta": {},
                        "tainted": false
                    },
                    "deposed": [],
                    "provider": "provider.random"
                },
                "random_id.randomId2": {
                    "type": "random_id",
                    "depends_on": [
                        "azurerm_resource_group.rg2"
                    ],
                    "primary": {
                        "id": "EwDTNzQtu10",
                        "attributes": {
                            "b64": "EwDTNzQtu10",
                            "b64_std": "EwDTNzQtu10=",
                            "b64_url": "EwDTNzQtu10",
                            "byte_length": "8",
                            "dec": "1369326520772705117",
                            "hex": "1300d337342dbb5d",
                            "id": "EwDTNzQtu10",
                            "keepers.%": "1",
                            "keepers.resource_group": "testResourceGroupEUS"
                        },
                        "meta": {},
                        "tainted": false
                    },
                    "deposed": [],
                    "provider": "provider.random"
                }
            },
            "depends_on": []
        }
    ]
}
