{
    "version": 3,
    "terraform_version": "0.11.14",
    "serial": 2,
    "lineage": "170f7acf-c607-f23c-95c2-03b00cab2138",
    "modules": [
        {
            "path": [
                "root"
            ],
            "outputs": {},
            "resources": {
                "azurerm_network_interface.myterraformnic.0": {
                    "type": "azurerm_network_interface",
                    "depends_on": [
                        "azurerm_network_security_group.myterraformnsg.*",
                        "azurerm_public_ip.myterraformpublicip.*",
                        "data.azurerm_resource_group.rg",
                        "data.azurerm_subnet.myterraformsubnet"
                    ],
                    "primary": {
                        "id": "/subscriptions/cf2be2cb-24b7-4cb0-ba3c-7bdb3966bf29/resourceGroups/TP4/providers/Microsoft.Network/networkInterfaces/NetworkInterface-0",
                        "attributes": {
                            "applied_dns_servers.#": "0",
                            "dns_servers.#": "0",
                            "enable_accelerated_networking": "false",
                            "enable_ip_forwarding": "false",
                            "id": "/subscriptions/cf2be2cb-24b7-4cb0-ba3c-7bdb3966bf29/resourceGroups/TP4/providers/Microsoft.Network/networkInterfaces/NetworkInterface-0",
                            "internal_dns_name_label": "",
                            "internal_fqdn": "",
                            "ip_configuration.#": "1",
                            "ip_configuration.0.application_gateway_backend_address_pools_ids.#": "0",
                            "ip_configuration.0.application_security_group_ids.#": "0",
                            "ip_configuration.0.load_balancer_backend_address_pools_ids.#": "0",
                            "ip_configuration.0.load_balancer_inbound_nat_rules_ids.#": "0",
                            "ip_configuration.0.name": "NIConfig-0",
                            "ip_configuration.0.primary": "true",
                            "ip_configuration.0.private_ip_address": "",
                            "ip_configuration.0.private_ip_address_allocation": "dynamic",
                            "ip_configuration.0.private_ip_address_version": "IPv4",
                            "ip_configuration.0.public_ip_address_id": "/subscriptions/cf2be2cb-24b7-4cb0-ba3c-7bdb3966bf29/resourceGroups/TP4/providers/Microsoft.Network/publicIPAddresses/VM-0",
                            "ip_configuration.0.subnet_id": "/subscriptions/cf2be2cb-24b7-4cb0-ba3c-7bdb3966bf29/resourceGroups/TP4/providers/Microsoft.Network/virtualNetworks/VNTP4/subnets/defaultSubVNTP4",
                            "location": "northeurope",
                            "mac_address": "00-0D-3A-B4-37-B7",
                            "name": "NetworkInterface-0",
                            "network_security_group_id": "/subscriptions/cf2be2cb-24b7-4cb0-ba3c-7bdb3966bf29/resourceGroups/TP4/providers/Microsoft.Network/networkSecurityGroups/NetworkSecurityGroup-0",
                            "private_ip_address": "10.0.1.6",
                            "private_ip_addresses.#": "1",
                            "private_ip_addresses.0": "10.0.1.6",
                            "resource_group_name": "TP4",
                            "tags.%": "1",
                            "tags.environment": "Terraform Demo",
                            "virtual_machine_id": "/subscriptions/cf2be2cb-24b7-4cb0-ba3c-7bdb3966bf29/resourceGroups/TP4/providers/Microsoft.Compute/virtualMachines/VM0"
                        },
                        "meta": {},
                        "tainted": false
                    },
                    "deposed": [],
                    "provider": "provider.azurerm"
                },
                "azurerm_network_interface.myterraformnic.1": {
                    "type": "azurerm_network_interface",
                    "depends_on": [
                        "azurerm_network_security_group.myterraformnsg.*",
                        "azurerm_public_ip.myterraformpublicip.*",
                        "data.azurerm_resource_group.rg",
                        "data.azurerm_subnet.myterraformsubnet"
                    ],
                    "primary": {
                        "id": "/subscriptions/cf2be2cb-24b7-4cb0-ba3c-7bdb3966bf29/resourceGroups/TP4/providers/Microsoft.Network/networkInterfaces/NetworkInterface-1",
                        "attributes": {
                            "applied_dns_servers.#": "0",
                            "dns_servers.#": "0",
                            "enable_accelerated_networking": "false",
                            "enable_ip_forwarding": "false",
                            "id": "/subscriptions/cf2be2cb-24b7-4cb0-ba3c-7bdb3966bf29/resourceGroups/TP4/providers/Microsoft.Network/networkInterfaces/NetworkInterface-1",
                            "internal_dns_name_label": "",
                            "internal_fqdn": "",
                            "ip_configuration.#": "1",
                            "ip_configuration.0.application_gateway_backend_address_pools_ids.#": "0",
                            "ip_configuration.0.application_security_group_ids.#": "0",
                            "ip_configuration.0.load_balancer_backend_address_pools_ids.#": "0",
                            "ip_configuration.0.load_balancer_inbound_nat_rules_ids.#": "0",
                            "ip_configuration.0.name": "NIConfig-1",
                            "ip_configuration.0.primary": "true",
                            "ip_configuration.0.private_ip_address": "",
                            "ip_configuration.0.private_ip_address_allocation": "dynamic",
                            "ip_configuration.0.private_ip_address_version": "IPv4",
                            "ip_configuration.0.public_ip_address_id": "/subscriptions/cf2be2cb-24b7-4cb0-ba3c-7bdb3966bf29/resourceGroups/TP4/providers/Microsoft.Network/publicIPAddresses/VM-1",
                            "ip_configuration.0.subnet_id": "/subscriptions/cf2be2cb-24b7-4cb0-ba3c-7bdb3966bf29/resourceGroups/TP4/providers/Microsoft.Network/virtualNetworks/VNTP4/subnets/defaultSubVNTP4",
                            "location": "northeurope",
                            "mac_address": "00-0D-3A-B4-38-FD",
                            "name": "NetworkInterface-1",
                            "network_security_group_id": "/subscriptions/cf2be2cb-24b7-4cb0-ba3c-7bdb3966bf29/resourceGroups/TP4/providers/Microsoft.Network/networkSecurityGroups/NetworkSecurityGroup-1",
                            "private_ip_address": "10.0.1.8",
                            "private_ip_addresses.#": "1",
                            "private_ip_addresses.0": "10.0.1.8",
                            "resource_group_name": "TP4",
                            "tags.%": "1",
                            "tags.environment": "Terraform Demo",
                            "virtual_machine_id": "/subscriptions/cf2be2cb-24b7-4cb0-ba3c-7bdb3966bf29/resourceGroups/TP4/providers/Microsoft.Compute/virtualMachines/VM1"
                        },
                        "meta": {},
                        "tainted": false
                    },
                    "deposed": [],
                    "provider": "provider.azurerm"
                },
                "azurerm_network_interface.myterraformnic.2": {
                    "type": "azurerm_network_interface",
                    "depends_on": [
                        "azurerm_network_security_group.myterraformnsg.*",
                        "azurerm_public_ip.myterraformpublicip.*",
                        "data.azurerm_resource_group.rg",
                        "data.azurerm_subnet.myterraformsubnet"
                    ],
                    "primary": {
                        "id": "/subscriptions/cf2be2cb-24b7-4cb0-ba3c-7bdb3966bf29/resourceGroups/TP4/providers/Microsoft.Network/networkInterfaces/NetworkInterface-2",
                        "attributes": {
                            "applied_dns_servers.#": "0",
                            "dns_servers.#": "0",
                            "enable_accelerated_networking": "false",
                            "enable_ip_forwarding": "false",
                            "id": "/subscriptions/cf2be2cb-24b7-4cb0-ba3c-7bdb3966bf29/resourceGroups/TP4/providers/Microsoft.Network/networkInterfaces/NetworkInterface-2",
                            "internal_dns_name_label": "",
                            "internal_fqdn": "",
                            "ip_configuration.#": "1",
                            "ip_configuration.0.application_gateway_backend_address_pools_ids.#": "0",
                            "ip_configuration.0.application_security_group_ids.#": "0",
                            "ip_configuration.0.load_balancer_backend_address_pools_ids.#": "0",
                            "ip_configuration.0.load_balancer_inbound_nat_rules_ids.#": "0",
                            "ip_configuration.0.name": "NIConfig-2",
                            "ip_configuration.0.primary": "true",
                            "ip_configuration.0.private_ip_address": "",
                            "ip_configuration.0.private_ip_address_allocation": "dynamic",
                            "ip_configuration.0.private_ip_address_version": "IPv4",
                            "ip_configuration.0.public_ip_address_id": "/subscriptions/cf2be2cb-24b7-4cb0-ba3c-7bdb3966bf29/resourceGroups/TP4/providers/Microsoft.Network/publicIPAddresses/VM-2",
                            "ip_configuration.0.subnet_id": "/subscriptions/cf2be2cb-24b7-4cb0-ba3c-7bdb3966bf29/resourceGroups/TP4/providers/Microsoft.Network/virtualNetworks/VNTP4/subnets/defaultSubVNTP4",
                            "location": "northeurope",
                            "mac_address": "00-0D-3A-B4-3C-F0",
                            "name": "NetworkInterface-2",
                            "network_security_group_id": "/subscriptions/cf2be2cb-24b7-4cb0-ba3c-7bdb3966bf29/resourceGroups/TP4/providers/Microsoft.Network/networkSecurityGroups/NetworkSecurityGroup-2",
                            "private_ip_address": "10.0.1.7",
                            "private_ip_addresses.#": "1",
                            "private_ip_addresses.0": "10.0.1.7",
                            "resource_group_name": "TP4",
                            "tags.%": "1",
                            "tags.environment": "Terraform Demo",
                            "virtual_machine_id": "/subscriptions/cf2be2cb-24b7-4cb0-ba3c-7bdb3966bf29/resourceGroups/TP4/providers/Microsoft.Compute/virtualMachines/VM2"
                        },
                        "meta": {},
                        "tainted": false
                    },
                    "deposed": [],
                    "provider": "provider.azurerm"
                },
                "azurerm_network_security_group.myterraformnsg.0": {
                    "type": "azurerm_network_security_group",
                    "depends_on": [
                        "data.azurerm_resource_group.rg"
                    ],
                    "primary": {
                        "id": "/subscriptions/cf2be2cb-24b7-4cb0-ba3c-7bdb3966bf29/resourceGroups/TP4/providers/Microsoft.Network/networkSecurityGroups/NetworkSecurityGroup-0",
                        "attributes": {
                            "id": "/subscriptions/cf2be2cb-24b7-4cb0-ba3c-7bdb3966bf29/resourceGroups/TP4/providers/Microsoft.Network/networkSecurityGroups/NetworkSecurityGroup-0",
                            "location": "northeurope",
                            "name": "NetworkSecurityGroup-0",
                            "resource_group_name": "TP4",
                            "security_rule.#": "1",
                            "security_rule.2090309246.access": "Allow",
                            "security_rule.2090309246.description": "",
                            "security_rule.2090309246.destination_address_prefix": "*",
                            "security_rule.2090309246.destination_address_prefixes.#": "0",
                            "security_rule.2090309246.destination_application_security_group_ids.#": "0",
                            "security_rule.2090309246.destination_port_range": "22",
                            "security_rule.2090309246.destination_port_ranges.#": "0",
                            "security_rule.2090309246.direction": "Inbound",
                            "security_rule.2090309246.name": "SSH",
                            "security_rule.2090309246.priority": "1001",
                            "security_rule.2090309246.protocol": "Tcp",
                            "security_rule.2090309246.source_address_prefix": "*",
                            "security_rule.2090309246.source_address_prefixes.#": "0",
                            "security_rule.2090309246.source_application_security_group_ids.#": "0",
                            "security_rule.2090309246.source_port_range": "*",
                            "security_rule.2090309246.source_port_ranges.#": "0",
                            "tags.%": "1",
                            "tags.environment": "Terraform Demo"
                        },
                        "meta": {},
                        "tainted": false
                    },
                    "deposed": [],
                    "provider": "provider.azurerm"
                },
                "azurerm_network_security_group.myterraformnsg.1": {
                    "type": "azurerm_network_security_group",
                    "depends_on": [
                        "data.azurerm_resource_group.rg"
                    ],
                    "primary": {
                        "id": "/subscriptions/cf2be2cb-24b7-4cb0-ba3c-7bdb3966bf29/resourceGroups/TP4/providers/Microsoft.Network/networkSecurityGroups/NetworkSecurityGroup-1",
                        "attributes": {
                            "id": "/subscriptions/cf2be2cb-24b7-4cb0-ba3c-7bdb3966bf29/resourceGroups/TP4/providers/Microsoft.Network/networkSecurityGroups/NetworkSecurityGroup-1",
                            "location": "northeurope",
                            "name": "NetworkSecurityGroup-1",
                            "resource_group_name": "TP4",
                            "security_rule.#": "1",
                            "security_rule.2090309246.access": "Allow",
                            "security_rule.2090309246.description": "",
                            "security_rule.2090309246.destination_address_prefix": "*",
                            "security_rule.2090309246.destination_address_prefixes.#": "0",
                            "security_rule.2090309246.destination_application_security_group_ids.#": "0",
                            "security_rule.2090309246.destination_port_range": "22",
                            "security_rule.2090309246.destination_port_ranges.#": "0",
                            "security_rule.2090309246.direction": "Inbound",
                            "security_rule.2090309246.name": "SSH",
                            "security_rule.2090309246.priority": "1001",
                            "security_rule.2090309246.protocol": "Tcp",
                            "security_rule.2090309246.source_address_prefix": "*",
                            "security_rule.2090309246.source_address_prefixes.#": "0",
                            "security_rule.2090309246.source_application_security_group_ids.#": "0",
                            "security_rule.2090309246.source_port_range": "*",
                            "security_rule.2090309246.source_port_ranges.#": "0",
                            "tags.%": "1",
                            "tags.environment": "Terraform Demo"
                        },
                        "meta": {},
                        "tainted": false
                    },
                    "deposed": [],
                    "provider": "provider.azurerm"
                },
                "azurerm_network_security_group.myterraformnsg.2": {
                    "type": "azurerm_network_security_group",
                    "depends_on": [
                        "data.azurerm_resource_group.rg"
                    ],
                    "primary": {
                        "id": "/subscriptions/cf2be2cb-24b7-4cb0-ba3c-7bdb3966bf29/resourceGroups/TP4/providers/Microsoft.Network/networkSecurityGroups/NetworkSecurityGroup-2",
                        "attributes": {
                            "id": "/subscriptions/cf2be2cb-24b7-4cb0-ba3c-7bdb3966bf29/resourceGroups/TP4/providers/Microsoft.Network/networkSecurityGroups/NetworkSecurityGroup-2",
                            "location": "northeurope",
                            "name": "NetworkSecurityGroup-2",
                            "resource_group_name": "TP4",
                            "security_rule.#": "1",
                            "security_rule.2090309246.access": "Allow",
                            "security_rule.2090309246.description": "",
                            "security_rule.2090309246.destination_address_prefix": "*",
                            "security_rule.2090309246.destination_address_prefixes.#": "0",
                            "security_rule.2090309246.destination_application_security_group_ids.#": "0",
                            "security_rule.2090309246.destination_port_range": "22",
                            "security_rule.2090309246.destination_port_ranges.#": "0",
                            "security_rule.2090309246.direction": "Inbound",
                            "security_rule.2090309246.name": "SSH",
                            "security_rule.2090309246.priority": "1001",
                            "security_rule.2090309246.protocol": "Tcp",
                            "security_rule.2090309246.source_address_prefix": "*",
                            "security_rule.2090309246.source_address_prefixes.#": "0",
                            "security_rule.2090309246.source_application_security_group_ids.#": "0",
                            "security_rule.2090309246.source_port_range": "*",
                            "security_rule.2090309246.source_port_ranges.#": "0",
                            "tags.%": "1",
                            "tags.environment": "Terraform Demo"
                        },
                        "meta": {},
                        "tainted": false
                    },
                    "deposed": [],
                    "provider": "provider.azurerm"
                },
                "azurerm_public_ip.myterraformpublicip.0": {
                    "type": "azurerm_public_ip",
                    "depends_on": [
                        "data.azurerm_resource_group.rg"
                    ],
                    "primary": {
                        "id": "/subscriptions/cf2be2cb-24b7-4cb0-ba3c-7bdb3966bf29/resourceGroups/TP4/providers/Microsoft.Network/publicIPAddresses/VM-0",
                        "attributes": {
                            "allocation_method": "Dynamic",
                            "id": "/subscriptions/cf2be2cb-24b7-4cb0-ba3c-7bdb3966bf29/resourceGroups/TP4/providers/Microsoft.Network/publicIPAddresses/VM-0",
                            "idle_timeout_in_minutes": "4",
                            "ip_address": "52.178.146.124",
                            "ip_version": "IPv4",
                            "location": "northeurope",
                            "name": "VM-0",
                            "public_ip_address_allocation": "Dynamic",
                            "resource_group_name": "TP4",
                            "sku": "Basic",
                            "tags.%": "1",
                            "tags.environment": "Terraform Demo",
                            "zones.#": "0"
                        },
                        "meta": {},
                        "tainted": false
                    },
                    "deposed": [],
                    "provider": "provider.azurerm"
                },
                "azurerm_public_ip.myterraformpublicip.1": {
                    "type": "azurerm_public_ip",
                    "depends_on": [
                        "data.azurerm_resource_group.rg"
                    ],
                    "primary": {
                        "id": "/subscriptions/cf2be2cb-24b7-4cb0-ba3c-7bdb3966bf29/resourceGroups/TP4/providers/Microsoft.Network/publicIPAddresses/VM-1",
                        "attributes": {
                            "allocation_method": "Dynamic",
                            "id": "/subscriptions/cf2be2cb-24b7-4cb0-ba3c-7bdb3966bf29/resourceGroups/TP4/providers/Microsoft.Network/publicIPAddresses/VM-1",
                            "idle_timeout_in_minutes": "4",
                            "ip_address": "52.178.146.132",
                            "ip_version": "IPv4",
                            "location": "northeurope",
                            "name": "VM-1",
                            "public_ip_address_allocation": "Dynamic",
                            "resource_group_name": "TP4",
                            "sku": "Basic",
                            "tags.%": "1",
                            "tags.environment": "Terraform Demo",
                            "zones.#": "0"
                        },
                        "meta": {},
                        "tainted": false
                    },
                    "deposed": [],
                    "provider": "provider.azurerm"
                },
                "azurerm_public_ip.myterraformpublicip.2": {
                    "type": "azurerm_public_ip",
                    "depends_on": [
                        "data.azurerm_resource_group.rg"
                    ],
                    "primary": {
                        "id": "/subscriptions/cf2be2cb-24b7-4cb0-ba3c-7bdb3966bf29/resourceGroups/TP4/providers/Microsoft.Network/publicIPAddresses/VM-2",
                        "attributes": {
                            "allocation_method": "Dynamic",
                            "id": "/subscriptions/cf2be2cb-24b7-4cb0-ba3c-7bdb3966bf29/resourceGroups/TP4/providers/Microsoft.Network/publicIPAddresses/VM-2",
                            "idle_timeout_in_minutes": "4",
                            "ip_address": "52.178.146.122",
                            "ip_version": "IPv4",
                            "location": "northeurope",
                            "name": "VM-2",
                            "public_ip_address_allocation": "Dynamic",
                            "resource_group_name": "TP4",
                            "sku": "Basic",
                            "tags.%": "1",
                            "tags.environment": "Terraform Demo",
                            "zones.#": "0"
                        },
                        "meta": {},
                        "tainted": false
                    },
                    "deposed": [],
                    "provider": "provider.azurerm"
                },
                "azurerm_storage_account.mystorageaccount.0": {
                    "type": "azurerm_storage_account",
                    "depends_on": [
                        "data.azurerm_resource_group.rg",
                        "random_id.randomId"
                    ],
                    "primary": {
                        "id": "/subscriptions/cf2be2cb-24b7-4cb0-ba3c-7bdb3966bf29/resourceGroups/TP4/providers/Microsoft.Storage/storageAccounts/diagfeab60f8e84c2d330",
                        "attributes": {
                            "access_tier": "",
                            "account_encryption_source": "Microsoft.Storage",
                            "account_kind": "Storage",
                            "account_replication_type": "LRS",
                            "account_tier": "Standard",
                            "account_type": "Standard_LRS",
                            "enable_blob_encryption": "true",
                            "enable_file_encryption": "true",
                            "enable_https_traffic_only": "false",
                            "id": "/subscriptions/cf2be2cb-24b7-4cb0-ba3c-7bdb3966bf29/resourceGroups/TP4/providers/Microsoft.Storage/storageAccounts/diagfeab60f8e84c2d330",
                            "identity.#": "0",
                            "is_hns_enabled": "false",
                            "location": "northeurope",
                            "name": "diagfeab60f8e84c2d330",
                            "network_rules.#": "0",
                            "primary_access_key": "rPocsmeT+w9WR1cfPVt1bUZvwdWppfQHmoAG/A+eV6+3zqZeEvygFnkQnpoTY5oREFYub5XaDO5p6g0JSI9koA==",
                            "primary_blob_connection_string": "DefaultEndpointsProtocol=https;BlobEndpoint=https://diagfeab60f8e84c2d330.blob.core.windows.net/;AccountName=diagfeab60f8e84c2d330;AccountKey=rPocsmeT+w9WR1cfPVt1bUZvwdWppfQHmoAG/A+eV6+3zqZeEvygFnkQnpoTY5oREFYub5XaDO5p6g0JSI9koA==",
                            "primary_blob_endpoint": "https://diagfeab60f8e84c2d330.blob.core.windows.net/",
                            "primary_blob_host": "diagfeab60f8e84c2d330.blob.core.windows.net",
                            "primary_connection_string": "DefaultEndpointsProtocol=https;AccountName=diagfeab60f8e84c2d330;AccountKey=rPocsmeT+w9WR1cfPVt1bUZvwdWppfQHmoAG/A+eV6+3zqZeEvygFnkQnpoTY5oREFYub5XaDO5p6g0JSI9koA==;EndpointSuffix=core.windows.net",
                            "primary_dfs_endpoint": "",
                            "primary_dfs_host": "",
                            "primary_file_endpoint": "https://diagfeab60f8e84c2d330.file.core.windows.net/",
                            "primary_file_host": "diagfeab60f8e84c2d330.file.core.windows.net",
                            "primary_location": "northeurope",
                            "primary_queue_endpoint": "https://diagfeab60f8e84c2d330.queue.core.windows.net/",
                            "primary_queue_host": "diagfeab60f8e84c2d330.queue.core.windows.net",
                            "primary_table_endpoint": "https://diagfeab60f8e84c2d330.table.core.windows.net/",
                            "primary_table_host": "diagfeab60f8e84c2d330.table.core.windows.net",
                            "primary_web_endpoint": "",
                            "primary_web_host": "",
                            "resource_group_name": "TP4",
                            "secondary_access_key": "jlZ4ZuzsyGIwHr7K8lMt6rwo/8fq7n07CFVsf75WEEC+ZIpUQG+WmibYc1urvpDBHZ8rlIUt7akT4iPTQ624aA==",
                            "secondary_blob_connection_string": "",
                            "secondary_connection_string": "DefaultEndpointsProtocol=https;AccountName=diagfeab60f8e84c2d330;AccountKey=jlZ4ZuzsyGIwHr7K8lMt6rwo/8fq7n07CFVsf75WEEC+ZIpUQG+WmibYc1urvpDBHZ8rlIUt7akT4iPTQ624aA==;EndpointSuffix=core.windows.net",
                            "secondary_location": "",
                            "tags.%": "1",
                            "tags.environment": "Terraform Demo"
                        },
                        "meta": {
                            "schema_version": "2"
                        },
                        "tainted": false
                    },
                    "deposed": [],
                    "provider": "provider.azurerm"
                },
                "azurerm_storage_account.mystorageaccount.1": {
                    "type": "azurerm_storage_account",
                    "depends_on": [
                        "data.azurerm_resource_group.rg",
                        "random_id.randomId"
                    ],
                    "primary": {
                        "id": "/subscriptions/cf2be2cb-24b7-4cb0-ba3c-7bdb3966bf29/resourceGroups/TP4/providers/Microsoft.Storage/storageAccounts/diagfeab60f8e84c2d331",
                        "attributes": {
                            "access_tier": "",
                            "account_encryption_source": "Microsoft.Storage",
                            "account_kind": "Storage",
                            "account_replication_type": "LRS",
                            "account_tier": "Standard",
                            "account_type": "Standard_LRS",
                            "enable_blob_encryption": "true",
                            "enable_file_encryption": "true",
                            "enable_https_traffic_only": "false",
                            "id": "/subscriptions/cf2be2cb-24b7-4cb0-ba3c-7bdb3966bf29/resourceGroups/TP4/providers/Microsoft.Storage/storageAccounts/diagfeab60f8e84c2d331",
                            "identity.#": "0",
                            "is_hns_enabled": "false",
                            "location": "northeurope",
                            "name": "diagfeab60f8e84c2d331",
                            "network_rules.#": "0",
                            "primary_access_key": "1tFgRz50CekGEtoo6lznS+OaSNUCZkmOmy9wdozBZSi/6HLDYTvdOP1U1446hNNNN7iaaZ972q5zhN845gvtjw==",
                            "primary_blob_connection_string": "DefaultEndpointsProtocol=https;BlobEndpoint=https://diagfeab60f8e84c2d331.blob.core.windows.net/;AccountName=diagfeab60f8e84c2d331;AccountKey=1tFgRz50CekGEtoo6lznS+OaSNUCZkmOmy9wdozBZSi/6HLDYTvdOP1U1446hNNNN7iaaZ972q5zhN845gvtjw==",
                            "primary_blob_endpoint": "https://diagfeab60f8e84c2d331.blob.core.windows.net/",
                            "primary_blob_host": "diagfeab60f8e84c2d331.blob.core.windows.net",
                            "primary_connection_string": "DefaultEndpointsProtocol=https;AccountName=diagfeab60f8e84c2d331;AccountKey=1tFgRz50CekGEtoo6lznS+OaSNUCZkmOmy9wdozBZSi/6HLDYTvdOP1U1446hNNNN7iaaZ972q5zhN845gvtjw==;EndpointSuffix=core.windows.net",
                            "primary_dfs_endpoint": "",
                            "primary_dfs_host": "",
                            "primary_file_endpoint": "https://diagfeab60f8e84c2d331.file.core.windows.net/",
                            "primary_file_host": "diagfeab60f8e84c2d331.file.core.windows.net",
                            "primary_location": "northeurope",
                            "primary_queue_endpoint": "https://diagfeab60f8e84c2d331.queue.core.windows.net/",
                            "primary_queue_host": "diagfeab60f8e84c2d331.queue.core.windows.net",
                            "primary_table_endpoint": "https://diagfeab60f8e84c2d331.table.core.windows.net/",
                            "primary_table_host": "diagfeab60f8e84c2d331.table.core.windows.net",
                            "primary_web_endpoint": "",
                            "primary_web_host": "",
                            "resource_group_name": "TP4",
                            "secondary_access_key": "yBJy7K/cY4UjX9xGEBa7OcSoV2Cno6/u5zXJ6eLdhnGhMchMiYa6Bv3c0nnM8jqY7XJQmy/JUWerET39TvjGEg==",
                            "secondary_blob_connection_string": "",
                            "secondary_connection_string": "DefaultEndpointsProtocol=https;AccountName=diagfeab60f8e84c2d331;AccountKey=yBJy7K/cY4UjX9xGEBa7OcSoV2Cno6/u5zXJ6eLdhnGhMchMiYa6Bv3c0nnM8jqY7XJQmy/JUWerET39TvjGEg==;EndpointSuffix=core.windows.net",
                            "secondary_location": "",
                            "tags.%": "1",
                            "tags.environment": "Terraform Demo"
                        },
                        "meta": {
                            "schema_version": "2"
                        },
                        "tainted": false
                    },
                    "deposed": [],
                    "provider": "provider.azurerm"
                },
                "azurerm_storage_account.mystorageaccount.2": {
                    "type": "azurerm_storage_account",
                    "depends_on": [
                        "data.azurerm_resource_group.rg",
                        "random_id.randomId"
                    ],
                    "primary": {
                        "id": "/subscriptions/cf2be2cb-24b7-4cb0-ba3c-7bdb3966bf29/resourceGroups/TP4/providers/Microsoft.Storage/storageAccounts/diagfeab60f8e84c2d332",
                        "attributes": {
                            "access_tier": "",
                            "account_encryption_source": "Microsoft.Storage",
                            "account_kind": "Storage",
                            "account_replication_type": "LRS",
                            "account_tier": "Standard",
                            "account_type": "Standard_LRS",
                            "enable_blob_encryption": "true",
                            "enable_file_encryption": "true",
                            "enable_https_traffic_only": "false",
                            "id": "/subscriptions/cf2be2cb-24b7-4cb0-ba3c-7bdb3966bf29/resourceGroups/TP4/providers/Microsoft.Storage/storageAccounts/diagfeab60f8e84c2d332",
                            "identity.#": "0",
                            "is_hns_enabled": "false",
                            "location": "northeurope",
                            "name": "diagfeab60f8e84c2d332",
                            "network_rules.#": "0",
                            "primary_access_key": "r2ZSBhI9UDHk8D9gjHfeehKCiP+He6Xpvt/C0DQK9Upm1yd3rXvc8Hdc4VvxouXi0e3DNWqqLOe12OhZGPLJZw==",
                            "primary_blob_connection_string": "DefaultEndpointsProtocol=https;BlobEndpoint=https://diagfeab60f8e84c2d332.blob.core.windows.net/;AccountName=diagfeab60f8e84c2d332;AccountKey=r2ZSBhI9UDHk8D9gjHfeehKCiP+He6Xpvt/C0DQK9Upm1yd3rXvc8Hdc4VvxouXi0e3DNWqqLOe12OhZGPLJZw==",
                            "primary_blob_endpoint": "https://diagfeab60f8e84c2d332.blob.core.windows.net/",
                            "primary_blob_host": "diagfeab60f8e84c2d332.blob.core.windows.net",
                            "primary_connection_string": "DefaultEndpointsProtocol=https;AccountName=diagfeab60f8e84c2d332;AccountKey=r2ZSBhI9UDHk8D9gjHfeehKCiP+He6Xpvt/C0DQK9Upm1yd3rXvc8Hdc4VvxouXi0e3DNWqqLOe12OhZGPLJZw==;EndpointSuffix=core.windows.net",
                            "primary_dfs_endpoint": "",
                            "primary_dfs_host": "",
                            "primary_file_endpoint": "https://diagfeab60f8e84c2d332.file.core.windows.net/",
                            "primary_file_host": "diagfeab60f8e84c2d332.file.core.windows.net",
                            "primary_location": "northeurope",
                            "primary_queue_endpoint": "https://diagfeab60f8e84c2d332.queue.core.windows.net/",
                            "primary_queue_host": "diagfeab60f8e84c2d332.queue.core.windows.net",
                            "primary_table_endpoint": "https://diagfeab60f8e84c2d332.table.core.windows.net/",
                            "primary_table_host": "diagfeab60f8e84c2d332.table.core.windows.net",
                            "primary_web_endpoint": "",
                            "primary_web_host": "",
                            "resource_group_name": "TP4",
                            "secondary_access_key": "3doPYz8+8Cvi+aBynb7kUTy37+DFj4acPYFWDZPI1j4mapSsKVaIxx6CGUxmT2ueqxKbWjZzpob17IKBqAlH8g==",
                            "secondary_blob_connection_string": "",
                            "secondary_connection_string": "DefaultEndpointsProtocol=https;AccountName=diagfeab60f8e84c2d332;AccountKey=3doPYz8+8Cvi+aBynb7kUTy37+DFj4acPYFWDZPI1j4mapSsKVaIxx6CGUxmT2ueqxKbWjZzpob17IKBqAlH8g==;EndpointSuffix=core.windows.net",
                            "secondary_location": "",
                            "tags.%": "1",
                            "tags.environment": "Terraform Demo"
                        },
                        "meta": {
                            "schema_version": "2"
                        },
                        "tainted": false
                    },
                    "deposed": [],
                    "provider": "provider.azurerm"
                },
                "azurerm_virtual_machine.myterraformvm.0": {
                    "type": "azurerm_virtual_machine",
                    "depends_on": [
                        "azurerm_network_interface.myterraformnic.*",
                        "azurerm_storage_account.mystorageaccount.*",
                        "data.azurerm_resource_group.rg"
                    ],
                    "primary": {
                        "id": "/subscriptions/cf2be2cb-24b7-4cb0-ba3c-7bdb3966bf29/resourceGroups/TP4/providers/Microsoft.Compute/virtualMachines/VM0",
                        "attributes": {
                            "boot_diagnostics.#": "1",
                            "boot_diagnostics.0.enabled": "true",
                            "boot_diagnostics.0.storage_uri": "https://diagfeab60f8e84c2d330.blob.core.windows.net/",
                            "delete_data_disks_on_termination": "false",
                            "delete_os_disk_on_termination": "false",
                            "id": "/subscriptions/cf2be2cb-24b7-4cb0-ba3c-7bdb3966bf29/resourceGroups/TP4/providers/Microsoft.Compute/virtualMachines/VM0",
                            "identity.#": "0",
                            "location": "northeurope",
                            "name": "VM0",
                            "network_interface_ids.#": "1",
                            "network_interface_ids.0": "/subscriptions/cf2be2cb-24b7-4cb0-ba3c-7bdb3966bf29/resourceGroups/TP4/providers/Microsoft.Network/networkInterfaces/NetworkInterface-0",
                            "os_profile.#": "1",
                            "os_profile.249456377.admin_password": "",
                            "os_profile.249456377.admin_username": "azureuser",
                            "os_profile.249456377.computer_name": "myvm0",
                            "os_profile.249456377.custom_data": "",
                            "os_profile_linux_config.#": "1",
                            "os_profile_linux_config.69840937.disable_password_authentication": "true",
                            "os_profile_linux_config.69840937.ssh_keys.#": "1",
                            "os_profile_linux_config.69840937.ssh_keys.0.key_data": "ssh-rsa  AAAAB3NzaC1yc2EAAAADAQABAAABAQCym+NouF8g0DKCnFhRX6qHBVYXyaTyiPZkwL33Hr4GrYFREP4cDeTNnklIeRwXfXdgOjF5QBnMGQIKe6pki/CoulTkElz62rCOKPVmMYuudTEMmBN7eYOihDPP4Q9BrmDTakwwMpTTNxiPwpjPZaeU8UUVwKQWYDngSOX40oLW68A6oe4QGkbi2j9XqF/HbOuq7dwQV49ZPwZXiIiK0W/NZjyd7vBqUZlifwHJoVxOVhi7zjxUlHESg1qGkWWboiBnXi1a3nq/MOHlGxGdVlhQiWS+zefZsm9ZlpTSUNEuJTOaL874HcF9DtFVl3zCKeAhMzLFp5RpOJkr0taWLAgN",
                            "os_profile_linux_config.69840937.ssh_keys.0.path": "/home/azureuser/.ssh/authorized_keys",
                            "os_profile_secrets.#": "0",
                            "os_profile_windows_config.#": "0",
                            "plan.#": "0",
                            "resource_group_name": "TP4",
                            "storage_data_disk.#": "0",
                            "storage_image_reference.#": "1",
                            "storage_image_reference.363552096.id": "",
                            "storage_image_reference.363552096.offer": "UbuntuServer",
                            "storage_image_reference.363552096.publisher": "Canonical",
                            "storage_image_reference.363552096.sku": "16.04.0-LTS",
                            "storage_image_reference.363552096.version": "latest",
                            "storage_os_disk.#": "1",
                            "storage_os_disk.0.caching": "ReadWrite",
                            "storage_os_disk.0.create_option": "FromImage",
                            "storage_os_disk.0.disk_size_gb": "30",
                            "storage_os_disk.0.image_uri": "",
                            "storage_os_disk.0.managed_disk_id": "/subscriptions/cf2be2cb-24b7-4cb0-ba3c-7bdb3966bf29/resourceGroups/TP4/providers/Microsoft.Compute/disks/myOsDisk0",
                            "storage_os_disk.0.managed_disk_type": "Premium_LRS",
                            "storage_os_disk.0.name": "myOsDisk0",
                            "storage_os_disk.0.os_type": "Linux",
                            "storage_os_disk.0.vhd_uri": "",
                            "storage_os_disk.0.write_accelerator_enabled": "false",
                            "tags.%": "1",
                            "tags.environment": "Terraform Demo",
                            "vm_size": "Standard_B1s",
                            "zones.#": "0"
                        },
                        "meta": {},
                        "tainted": false
                    },
                    "deposed": [],
                    "provider": "provider.azurerm"
                },
                "azurerm_virtual_machine.myterraformvm.2": {
                    "type": "azurerm_virtual_machine",
                    "depends_on": [
                        "azurerm_network_interface.myterraformnic.*",
                        "azurerm_storage_account.mystorageaccount.*",
                        "data.azurerm_resource_group.rg"
                    ],
                    "primary": {
                        "id": "/subscriptions/cf2be2cb-24b7-4cb0-ba3c-7bdb3966bf29/resourceGroups/TP4/providers/Microsoft.Compute/virtualMachines/VM2",
                        "attributes": {
                            "boot_diagnostics.#": "1",
                            "boot_diagnostics.0.enabled": "true",
                            "boot_diagnostics.0.storage_uri": "https://diagfeab60f8e84c2d332.blob.core.windows.net/",
                            "delete_data_disks_on_termination": "false",
                            "delete_os_disk_on_termination": "false",
                            "id": "/subscriptions/cf2be2cb-24b7-4cb0-ba3c-7bdb3966bf29/resourceGroups/TP4/providers/Microsoft.Compute/virtualMachines/VM2",
                            "identity.#": "0",
                            "location": "northeurope",
                            "name": "VM2",
                            "network_interface_ids.#": "1",
                            "network_interface_ids.0": "/subscriptions/cf2be2cb-24b7-4cb0-ba3c-7bdb3966bf29/resourceGroups/TP4/providers/Microsoft.Network/networkInterfaces/NetworkInterface-2",
                            "os_profile.#": "1",
                            "os_profile.1021838459.admin_password": "",
                            "os_profile.1021838459.admin_username": "azureuser",
                            "os_profile.1021838459.computer_name": "myvm2",
                            "os_profile.1021838459.custom_data": "",
                            "os_profile_linux_config.#": "1",
                            "os_profile_linux_config.69840937.disable_password_authentication": "true",
                            "os_profile_linux_config.69840937.ssh_keys.#": "1",
                            "os_profile_linux_config.69840937.ssh_keys.0.key_data": "ssh-rsa  AAAAB3NzaC1yc2EAAAADAQABAAABAQCym+NouF8g0DKCnFhRX6qHBVYXyaTyiPZkwL33Hr4GrYFREP4cDeTNnklIeRwXfXdgOjF5QBnMGQIKe6pki/CoulTkElz62rCOKPVmMYuudTEMmBN7eYOihDPP4Q9BrmDTakwwMpTTNxiPwpjPZaeU8UUVwKQWYDngSOX40oLW68A6oe4QGkbi2j9XqF/HbOuq7dwQV49ZPwZXiIiK0W/NZjyd7vBqUZlifwHJoVxOVhi7zjxUlHESg1qGkWWboiBnXi1a3nq/MOHlGxGdVlhQiWS+zefZsm9ZlpTSUNEuJTOaL874HcF9DtFVl3zCKeAhMzLFp5RpOJkr0taWLAgN",
                            "os_profile_linux_config.69840937.ssh_keys.0.path": "/home/azureuser/.ssh/authorized_keys",
                            "os_profile_secrets.#": "0",
                            "os_profile_windows_config.#": "0",
                            "plan.#": "0",
                            "resource_group_name": "TP4",
                            "storage_data_disk.#": "0",
                            "storage_image_reference.#": "1",
                            "storage_image_reference.363552096.id": "",
                            "storage_image_reference.363552096.offer": "UbuntuServer",
                            "storage_image_reference.363552096.publisher": "Canonical",
                            "storage_image_reference.363552096.sku": "16.04.0-LTS",
                            "storage_image_reference.363552096.version": "latest",
                            "storage_os_disk.#": "1",
                            "storage_os_disk.0.caching": "ReadWrite",
                            "storage_os_disk.0.create_option": "FromImage",
                            "storage_os_disk.0.disk_size_gb": "30",
                            "storage_os_disk.0.image_uri": "",
                            "storage_os_disk.0.managed_disk_id": "/subscriptions/cf2be2cb-24b7-4cb0-ba3c-7bdb3966bf29/resourceGroups/TP4/providers/Microsoft.Compute/disks/myOsDisk2",
                            "storage_os_disk.0.managed_disk_type": "Premium_LRS",
                            "storage_os_disk.0.name": "myOsDisk2",
                            "storage_os_disk.0.os_type": "Linux",
                            "storage_os_disk.0.vhd_uri": "",
                            "storage_os_disk.0.write_accelerator_enabled": "false",
                            "tags.%": "1",
                            "tags.environment": "Terraform Demo",
                            "vm_size": "Standard_B1s",
                            "zones.#": "0"
                        },
                        "meta": {},
                        "tainted": false
                    },
                    "deposed": [],
                    "provider": "provider.azurerm"
                },
                "data.azurerm_resource_group.rg": {
                    "type": "azurerm_resource_group",
                    "depends_on": [],
                    "primary": {
                        "id": "/subscriptions/cf2be2cb-24b7-4cb0-ba3c-7bdb3966bf29/resourceGroups/TP4",
                        "attributes": {
                            "id": "/subscriptions/cf2be2cb-24b7-4cb0-ba3c-7bdb3966bf29/resourceGroups/TP4",
                            "location": "northeurope",
                            "name": "TP4",
                            "tags.%": "0"
                        },
                        "meta": {},
                        "tainted": false
                    },
                    "deposed": [],
                    "provider": "provider.azurerm"
                },
                "data.azurerm_subnet.myterraformsubnet": {
                    "type": "azurerm_subnet",
                    "depends_on": [],
                    "primary": {
                        "id": "/subscriptions/cf2be2cb-24b7-4cb0-ba3c-7bdb3966bf29/resourceGroups/TP4/providers/Microsoft.Network/virtualNetworks/VNTP4/subnets/defaultSubVNTP4",
                        "attributes": {
                            "address_prefix": "10.0.1.0/24",
                            "id": "/subscriptions/cf2be2cb-24b7-4cb0-ba3c-7bdb3966bf29/resourceGroups/TP4/providers/Microsoft.Network/virtualNetworks/VNTP4/subnets/defaultSubVNTP4",
                            "ip_configurations.#": "5",
                            "ip_configurations.1203988054": "/subscriptions/cf2be2cb-24b7-4cb0-ba3c-7bdb3966bf29/resourceGroups/TP4/providers/Microsoft.Network/networkInterfaces/NetworkInterface-1/ipConfigurations/NIConfig-1",
                            "ip_configurations.1373281656": "/subscriptions/cf2be2cb-24b7-4cb0-ba3c-7bdb3966bf29/resourceGroups/TP4/providers/Microsoft.Network/networkInterfaces/vmbase570/ipConfigurations/ipconfig1",
                            "ip_configurations.1405325284": "/subscriptions/cf2be2cb-24b7-4cb0-ba3c-7bdb3966bf29/resourceGroups/TP4/providers/Microsoft.Network/networkInterfaces/NetworkInterface-0/ipConfigurations/NIConfig-0",
                            "ip_configurations.2076335232": "/subscriptions/cf2be2cb-24b7-4cb0-ba3c-7bdb3966bf29/resourceGroups/TP4/providers/Microsoft.Network/networkInterfaces/NetworkInterface-2/ipConfigurations/NIConfig-2",
                            "ip_configurations.4205851872": "/subscriptions/cf2be2cb-24b7-4cb0-ba3c-7bdb3966bf29/resourceGroups/TP4/providers/Microsoft.Network/networkInterfaces/vm147/ipConfigurations/ipconfig1",
                            "name": "defaultSubVNTP4",
                            "network_security_group_id": "",
                            "resource_group_name": "TP4",
                            "route_table_id": "",
                            "service_endpoints.#": "0",
                            "virtual_network_name": "VNTP4"
                        },
                        "meta": {},
                        "tainted": false
                    },
                    "deposed": [],
                    "provider": "provider.azurerm"
                },
                "random_id.randomId": {
                    "type": "random_id",
                    "depends_on": [
                        "data.azurerm_resource_group.rg"
                    ],
                    "primary": {
                        "id": "_qtg-OhMLTM",
                        "attributes": {
                            "b64": "_qtg-OhMLTM",
                            "b64_std": "/qtg+OhMLTM=",
                            "b64_url": "_qtg-OhMLTM",
                            "byte_length": "8",
                            "dec": "18350867728816680243",
                            "hex": "feab60f8e84c2d33",
                            "id": "_qtg-OhMLTM",
                            "keepers.%": "1",
                            "keepers.resource_group": "TP4"
                        },
                        "meta": {},
                        "tainted": false
                    },
                    "deposed": [],
                    "provider": "provider.random"
                }
            },
            "depends_on": []
        }
    ]
}
