{
    "version": 3,
    "terraform_version": "0.11.14",
    "serial": 18,
    "lineage": "362ce904-582d-6d5e-6418-620d95e4d15b",
    "modules": [
        {
            "path": [
                "root"
            ],
            "outputs": {},
            "resources": {
                "azurerm_availability_set.lbas": {
                    "type": "azurerm_availability_set",
                    "depends_on": [
                        "azurerm_resource_group.rg"
                    ],
                    "primary": {
                        "id": "/subscriptions/cf2be2cb-24b7-4cb0-ba3c-7bdb3966bf29/resourceGroups/TP5/providers/Microsoft.Compute/availabilitySets/acceptanceTestAvailability",
                        "attributes": {
                            "id": "/subscriptions/cf2be2cb-24b7-4cb0-ba3c-7bdb3966bf29/resourceGroups/TP5/providers/Microsoft.Compute/availabilitySets/acceptanceTestAvailability",
                            "location": "westus",
                            "managed": "true",
                            "name": "acceptanceTestAvailability",
                            "platform_fault_domain_count": "2",
                            "platform_update_domain_count": "2",
                            "resource_group_name": "TP5",
                            "tags.%": "1",
                            "tags.environment": "Production"
                        },
                        "meta": {},
                        "tainted": false
                    },
                    "deposed": [],
                    "provider": "provider.azurerm"
                },
                "azurerm_lb.lblb": {
                    "type": "azurerm_lb",
                    "depends_on": [
                        "azurerm_public_ip.lbip",
                        "azurerm_resource_group.rg"
                    ],
                    "primary": {
                        "id": "/subscriptions/cf2be2cb-24b7-4cb0-ba3c-7bdb3966bf29/resourceGroups/TP5/providers/Microsoft.Network/loadBalancers/LoadBalancer",
                        "attributes": {
                            "frontend_ip_configuration.#": "1",
                            "frontend_ip_configuration.0.inbound_nat_rules.#": "0",
                            "frontend_ip_configuration.0.load_balancer_rules.#": "0",
                            "frontend_ip_configuration.0.name": "PublicIPAddressLB",
                            "frontend_ip_configuration.0.outbound_rules.#": "0",
                            "frontend_ip_configuration.0.private_ip_address": "",
                            "frontend_ip_configuration.0.private_ip_address_allocation": "Dynamic",
                            "frontend_ip_configuration.0.public_ip_address_id": "/subscriptions/cf2be2cb-24b7-4cb0-ba3c-7bdb3966bf29/resourceGroups/TP5/providers/Microsoft.Network/publicIPAddresses/PublicIPForLB",
                            "frontend_ip_configuration.0.subnet_id": "",
                            "frontend_ip_configuration.0.zones.#": "0",
                            "id": "/subscriptions/cf2be2cb-24b7-4cb0-ba3c-7bdb3966bf29/resourceGroups/TP5/providers/Microsoft.Network/loadBalancers/LoadBalancer",
                            "location": "westus",
                            "name": "LoadBalancer",
                            "private_ip_address": "",
                            "private_ip_addresses.#": "0",
                            "resource_group_name": "TP5",
                            "sku": "Basic",
                            "tags.%": "0"
                        },
                        "meta": {},
                        "tainted": false
                    },
                    "deposed": [],
                    "provider": "provider.azurerm"
                },
                "azurerm_lb_backend_address_pool.lbba": {
                    "type": "azurerm_lb_backend_address_pool",
                    "depends_on": [
                        "azurerm_lb.lblb",
                        "azurerm_resource_group.rg"
                    ],
                    "primary": {
                        "id": "/subscriptions/cf2be2cb-24b7-4cb0-ba3c-7bdb3966bf29/resourceGroups/TP5/providers/Microsoft.Network/loadBalancers/LoadBalancer/backendAddressPools/BackEndAddressPool",
                        "attributes": {
                            "backend_ip_configurations.#": "0",
                            "id": "/subscriptions/cf2be2cb-24b7-4cb0-ba3c-7bdb3966bf29/resourceGroups/TP5/providers/Microsoft.Network/loadBalancers/LoadBalancer/backendAddressPools/BackEndAddressPool",
                            "load_balancing_rules.#": "0",
                            "loadbalancer_id": "/subscriptions/cf2be2cb-24b7-4cb0-ba3c-7bdb3966bf29/resourceGroups/TP5/providers/Microsoft.Network/loadBalancers/LoadBalancer",
                            "name": "BackEndAddressPool",
                            "resource_group_name": "TP5"
                        },
                        "meta": {},
                        "tainted": false
                    },
                    "deposed": [],
                    "provider": "provider.azurerm"
                },
                "azurerm_network_interface.myterraformnic.0": {
                    "type": "azurerm_network_interface",
                    "depends_on": [
                        "azurerm_resource_group.rg",
                        "azurerm_subnet.myterraformsubnet"
                    ],
                    "primary": {
                        "id": "/subscriptions/cf2be2cb-24b7-4cb0-ba3c-7bdb3966bf29/resourceGroups/TP5/providers/Microsoft.Network/networkInterfaces/myNICWUS0",
                        "attributes": {
                            "applied_dns_servers.#": "0",
                            "dns_servers.#": "0",
                            "enable_accelerated_networking": "false",
                            "enable_ip_forwarding": "false",
                            "id": "/subscriptions/cf2be2cb-24b7-4cb0-ba3c-7bdb3966bf29/resourceGroups/TP5/providers/Microsoft.Network/networkInterfaces/myNICWUS0",
                            "internal_dns_name_label": "",
                            "internal_fqdn": "",
                            "ip_configuration.#": "1",
                            "ip_configuration.0.application_gateway_backend_address_pools_ids.#": "0",
                            "ip_configuration.0.application_security_group_ids.#": "0",
                            "ip_configuration.0.load_balancer_backend_address_pools_ids.#": "0",
                            "ip_configuration.0.load_balancer_inbound_nat_rules_ids.#": "0",
                            "ip_configuration.0.name": "myNicConfigurationWUS0",
                            "ip_configuration.0.primary": "true",
                            "ip_configuration.0.private_ip_address": "",
                            "ip_configuration.0.private_ip_address_allocation": "dynamic",
                            "ip_configuration.0.private_ip_address_version": "IPv4",
                            "ip_configuration.0.public_ip_address_id": "",
                            "ip_configuration.0.subnet_id": "/subscriptions/cf2be2cb-24b7-4cb0-ba3c-7bdb3966bf29/resourceGroups/TP5/providers/Microsoft.Network/virtualNetworks/myVNetWUS/subnets/mySubnetWUS",
                            "location": "westus",
                            "mac_address": "",
                            "name": "myNICWUS0",
                            "network_security_group_id": "",
                            "private_ip_address": "10.0.0.5",
                            "private_ip_addresses.#": "1",
                            "private_ip_addresses.0": "10.0.0.5",
                            "resource_group_name": "TP5",
                            "tags.%": "1",
                            "tags.environment": "dev"
                        },
                        "meta": {},
                        "tainted": false
                    },
                    "deposed": [],
                    "provider": "provider.azurerm"
                },
                "azurerm_network_interface.myterraformnic.1": {
                    "type": "azurerm_network_interface",
                    "depends_on": [
                        "azurerm_resource_group.rg",
                        "azurerm_subnet.myterraformsubnet"
                    ],
                    "primary": {
                        "id": "/subscriptions/cf2be2cb-24b7-4cb0-ba3c-7bdb3966bf29/resourceGroups/TP5/providers/Microsoft.Network/networkInterfaces/myNICWUS1",
                        "attributes": {
                            "applied_dns_servers.#": "0",
                            "dns_servers.#": "0",
                            "enable_accelerated_networking": "false",
                            "enable_ip_forwarding": "false",
                            "id": "/subscriptions/cf2be2cb-24b7-4cb0-ba3c-7bdb3966bf29/resourceGroups/TP5/providers/Microsoft.Network/networkInterfaces/myNICWUS1",
                            "internal_dns_name_label": "",
                            "internal_fqdn": "",
                            "ip_configuration.#": "1",
                            "ip_configuration.0.application_gateway_backend_address_pools_ids.#": "0",
                            "ip_configuration.0.application_security_group_ids.#": "0",
                            "ip_configuration.0.load_balancer_backend_address_pools_ids.#": "0",
                            "ip_configuration.0.load_balancer_inbound_nat_rules_ids.#": "0",
                            "ip_configuration.0.name": "myNicConfigurationWUS1",
                            "ip_configuration.0.primary": "true",
                            "ip_configuration.0.private_ip_address": "",
                            "ip_configuration.0.private_ip_address_allocation": "dynamic",
                            "ip_configuration.0.private_ip_address_version": "IPv4",
                            "ip_configuration.0.public_ip_address_id": "",
                            "ip_configuration.0.subnet_id": "/subscriptions/cf2be2cb-24b7-4cb0-ba3c-7bdb3966bf29/resourceGroups/TP5/providers/Microsoft.Network/virtualNetworks/myVNetWUS/subnets/mySubnetWUS",
                            "location": "westus",
                            "mac_address": "",
                            "name": "myNICWUS1",
                            "network_security_group_id": "",
                            "private_ip_address": "10.0.0.4",
                            "private_ip_addresses.#": "1",
                            "private_ip_addresses.0": "10.0.0.4",
                            "resource_group_name": "TP5",
                            "tags.%": "1",
                            "tags.environment": "dev"
                        },
                        "meta": {},
                        "tainted": false
                    },
                    "deposed": [],
                    "provider": "provider.azurerm"
                },
                "azurerm_network_interface.myterraformnic2": {
                    "type": "azurerm_network_interface",
                    "depends_on": [
                        "azurerm_public_ip.myterraformpublicip2",
                        "azurerm_resource_group.rg",
                        "azurerm_subnet.myterraformsubnet2"
                    ],
                    "primary": {
                        "id": "/subscriptions/cf2be2cb-24b7-4cb0-ba3c-7bdb3966bf29/resourceGroups/TP5/providers/Microsoft.Network/networkInterfaces/myNICEUS",
                        "attributes": {
                            "applied_dns_servers.#": "0",
                            "dns_servers.#": "0",
                            "enable_accelerated_networking": "false",
                            "enable_ip_forwarding": "false",
                            "id": "/subscriptions/cf2be2cb-24b7-4cb0-ba3c-7bdb3966bf29/resourceGroups/TP5/providers/Microsoft.Network/networkInterfaces/myNICEUS",
                            "internal_dns_name_label": "",
                            "internal_fqdn": "",
                            "ip_configuration.#": "1",
                            "ip_configuration.0.application_gateway_backend_address_pools_ids.#": "0",
                            "ip_configuration.0.application_security_group_ids.#": "0",
                            "ip_configuration.0.load_balancer_backend_address_pools_ids.#": "0",
                            "ip_configuration.0.load_balancer_inbound_nat_rules_ids.#": "0",
                            "ip_configuration.0.name": "myNicConfigurationEUS",
                            "ip_configuration.0.primary": "true",
                            "ip_configuration.0.private_ip_address": "",
                            "ip_configuration.0.private_ip_address_allocation": "dynamic",
                            "ip_configuration.0.private_ip_address_version": "IPv4",
                            "ip_configuration.0.public_ip_address_id": "/subscriptions/cf2be2cb-24b7-4cb0-ba3c-7bdb3966bf29/resourceGroups/TP5/providers/Microsoft.Network/publicIPAddresses/myPublicIPEUS",
                            "ip_configuration.0.subnet_id": "/subscriptions/cf2be2cb-24b7-4cb0-ba3c-7bdb3966bf29/resourceGroups/TP5/providers/Microsoft.Network/virtualNetworks/myVNetEUS/subnets/mySubnetEUS",
                            "location": "westus",
                            "mac_address": "",
                            "name": "myNICEUS",
                            "network_security_group_id": "",
                            "private_ip_address": "11.0.0.4",
                            "private_ip_addresses.#": "1",
                            "private_ip_addresses.0": "11.0.0.4",
                            "resource_group_name": "TP5",
                            "tags.%": "1",
                            "tags.environment": "dev"
                        },
                        "meta": {},
                        "tainted": false
                    },
                    "deposed": [],
                    "provider": "provider.azurerm"
                },
                "azurerm_network_interface.myterraformnic3": {
                    "type": "azurerm_network_interface",
                    "depends_on": [
                        "azurerm_public_ip.myterraformpublicip3",
                        "azurerm_resource_group.rg",
                        "azurerm_subnet.myterraformsubnet3"
                    ],
                    "primary": {
                        "id": "/subscriptions/cf2be2cb-24b7-4cb0-ba3c-7bdb3966bf29/resourceGroups/TP5/providers/Microsoft.Network/networkInterfaces/myNICNE",
                        "attributes": {
                            "applied_dns_servers.#": "0",
                            "dns_servers.#": "0",
                            "enable_accelerated_networking": "false",
                            "enable_ip_forwarding": "false",
                            "id": "/subscriptions/cf2be2cb-24b7-4cb0-ba3c-7bdb3966bf29/resourceGroups/TP5/providers/Microsoft.Network/networkInterfaces/myNICNE",
                            "internal_dns_name_label": "",
                            "internal_fqdn": "",
                            "ip_configuration.#": "1",
                            "ip_configuration.0.application_gateway_backend_address_pools_ids.#": "0",
                            "ip_configuration.0.application_security_group_ids.#": "0",
                            "ip_configuration.0.load_balancer_backend_address_pools_ids.#": "0",
                            "ip_configuration.0.load_balancer_inbound_nat_rules_ids.#": "0",
                            "ip_configuration.0.name": "myNicConfigurationNE",
                            "ip_configuration.0.primary": "true",
                            "ip_configuration.0.private_ip_address": "",
                            "ip_configuration.0.private_ip_address_allocation": "dynamic",
                            "ip_configuration.0.private_ip_address_version": "IPv4",
                            "ip_configuration.0.public_ip_address_id": "/subscriptions/cf2be2cb-24b7-4cb0-ba3c-7bdb3966bf29/resourceGroups/TP5/providers/Microsoft.Network/publicIPAddresses/myPublicIPsNE",
                            "ip_configuration.0.subnet_id": "/subscriptions/cf2be2cb-24b7-4cb0-ba3c-7bdb3966bf29/resourceGroups/TP5/providers/Microsoft.Network/virtualNetworks/myVNetNE/subnets/mySubnetNE",
                            "location": "westus",
                            "mac_address": "",
                            "name": "myNICNE",
                            "network_security_group_id": "",
                            "private_ip_address": "12.0.0.4",
                            "private_ip_addresses.#": "1",
                            "private_ip_addresses.0": "12.0.0.4",
                            "resource_group_name": "TP5",
                            "tags.%": "1",
                            "tags.environment": "dev"
                        },
                        "meta": {},
                        "tainted": false
                    },
                    "deposed": [],
                    "provider": "provider.azurerm"
                },
                "azurerm_network_interface_backend_address_pool_association.assoLB.0": {
                    "type": "azurerm_network_interface_backend_address_pool_association",
                    "depends_on": [
                        "azurerm_lb_backend_address_pool.lbba",
                        "azurerm_network_interface.myterraformnic.*"
                    ],
                    "primary": {
                        "id": "/subscriptions/cf2be2cb-24b7-4cb0-ba3c-7bdb3966bf29/resourceGroups/TP5/providers/Microsoft.Network/networkInterfaces/myNICWUS0/ipConfigurations/myNicConfigurationWUS0|/subscriptions/cf2be2cb-24b7-4cb0-ba3c-7bdb3966bf29/resourceGroups/TP5/providers/Microsoft.Network/loadBalancers/LoadBalancer/backendAddressPools/BackEndAddressPool",
                        "attributes": {
                            "backend_address_pool_id": "/subscriptions/cf2be2cb-24b7-4cb0-ba3c-7bdb3966bf29/resourceGroups/TP5/providers/Microsoft.Network/loadBalancers/LoadBalancer/backendAddressPools/BackEndAddressPool",
                            "id": "/subscriptions/cf2be2cb-24b7-4cb0-ba3c-7bdb3966bf29/resourceGroups/TP5/providers/Microsoft.Network/networkInterfaces/myNICWUS0/ipConfigurations/myNicConfigurationWUS0|/subscriptions/cf2be2cb-24b7-4cb0-ba3c-7bdb3966bf29/resourceGroups/TP5/providers/Microsoft.Network/loadBalancers/LoadBalancer/backendAddressPools/BackEndAddressPool",
                            "ip_configuration_name": "myNicConfigurationWUS0",
                            "network_interface_id": "/subscriptions/cf2be2cb-24b7-4cb0-ba3c-7bdb3966bf29/resourceGroups/TP5/providers/Microsoft.Network/networkInterfaces/myNICWUS0"
                        },
                        "meta": {},
                        "tainted": false
                    },
                    "deposed": [],
                    "provider": "provider.azurerm"
                },
                "azurerm_network_interface_backend_address_pool_association.assoLB.1": {
                    "type": "azurerm_network_interface_backend_address_pool_association",
                    "depends_on": [
                        "azurerm_lb_backend_address_pool.lbba",
                        "azurerm_network_interface.myterraformnic.*"
                    ],
                    "primary": {
                        "id": "/subscriptions/cf2be2cb-24b7-4cb0-ba3c-7bdb3966bf29/resourceGroups/TP5/providers/Microsoft.Network/networkInterfaces/myNICWUS1/ipConfigurations/myNicConfigurationWUS1|/subscriptions/cf2be2cb-24b7-4cb0-ba3c-7bdb3966bf29/resourceGroups/TP5/providers/Microsoft.Network/loadBalancers/LoadBalancer/backendAddressPools/BackEndAddressPool",
                        "attributes": {
                            "backend_address_pool_id": "/subscriptions/cf2be2cb-24b7-4cb0-ba3c-7bdb3966bf29/resourceGroups/TP5/providers/Microsoft.Network/loadBalancers/LoadBalancer/backendAddressPools/BackEndAddressPool",
                            "id": "/subscriptions/cf2be2cb-24b7-4cb0-ba3c-7bdb3966bf29/resourceGroups/TP5/providers/Microsoft.Network/networkInterfaces/myNICWUS1/ipConfigurations/myNicConfigurationWUS1|/subscriptions/cf2be2cb-24b7-4cb0-ba3c-7bdb3966bf29/resourceGroups/TP5/providers/Microsoft.Network/loadBalancers/LoadBalancer/backendAddressPools/BackEndAddressPool",
                            "ip_configuration_name": "myNicConfigurationWUS1",
                            "network_interface_id": "/subscriptions/cf2be2cb-24b7-4cb0-ba3c-7bdb3966bf29/resourceGroups/TP5/providers/Microsoft.Network/networkInterfaces/myNICWUS1"
                        },
                        "meta": {},
                        "tainted": false
                    },
                    "deposed": [],
                    "provider": "provider.azurerm"
                },
                "azurerm_network_security_group.myterraformnsg": {
                    "type": "azurerm_network_security_group",
                    "depends_on": [
                        "azurerm_resource_group.rg"
                    ],
                    "primary": {
                        "id": "/subscriptions/cf2be2cb-24b7-4cb0-ba3c-7bdb3966bf29/resourceGroups/TP5/providers/Microsoft.Network/networkSecurityGroups/myNetworkSecurityGroupWUS",
                        "attributes": {
                            "id": "/subscriptions/cf2be2cb-24b7-4cb0-ba3c-7bdb3966bf29/resourceGroups/TP5/providers/Microsoft.Network/networkSecurityGroups/myNetworkSecurityGroupWUS",
                            "location": "westus",
                            "name": "myNetworkSecurityGroupWUS",
                            "resource_group_name": "TP5",
                            "security_rule.#": "4",
                            "security_rule.1723643083.access": "Allow",
                            "security_rule.1723643083.description": "",
                            "security_rule.1723643083.destination_address_prefix": "11.0.0.0/28",
                            "security_rule.1723643083.destination_address_prefixes.#": "0",
                            "security_rule.1723643083.destination_application_security_group_ids.#": "0",
                            "security_rule.1723643083.destination_port_range": "80",
                            "security_rule.1723643083.destination_port_ranges.#": "0",
                            "security_rule.1723643083.direction": "Inbound",
                            "security_rule.1723643083.name": "HTTP",
                            "security_rule.1723643083.priority": "1000",
                            "security_rule.1723643083.protocol": "Tcp",
                            "security_rule.1723643083.source_address_prefix": "*",
                            "security_rule.1723643083.source_address_prefixes.#": "0",
                            "security_rule.1723643083.source_application_security_group_ids.#": "0",
                            "security_rule.1723643083.source_port_range": "80",
                            "security_rule.1723643083.source_port_ranges.#": "0",
                            "security_rule.2211276141.access": "Allow",
                            "security_rule.2211276141.description": "",
                            "security_rule.2211276141.destination_address_prefix": "11.0.0.0/28",
                            "security_rule.2211276141.destination_address_prefixes.#": "0",
                            "security_rule.2211276141.destination_application_security_group_ids.#": "0",
                            "security_rule.2211276141.destination_port_range": "22",
                            "security_rule.2211276141.destination_port_ranges.#": "0",
                            "security_rule.2211276141.direction": "Inbound",
                            "security_rule.2211276141.name": "SSH",
                            "security_rule.2211276141.priority": "1010",
                            "security_rule.2211276141.protocol": "Tcp",
                            "security_rule.2211276141.source_address_prefix": "*",
                            "security_rule.2211276141.source_address_prefixes.#": "0",
                            "security_rule.2211276141.source_application_security_group_ids.#": "0",
                            "security_rule.2211276141.source_port_range": "22",
                            "security_rule.2211276141.source_port_ranges.#": "0",
                            "security_rule.2794118659.access": "Allow",
                            "security_rule.2794118659.description": "",
                            "security_rule.2794118659.destination_address_prefix": "10.0.0.0/28",
                            "security_rule.2794118659.destination_address_prefixes.#": "0",
                            "security_rule.2794118659.destination_application_security_group_ids.#": "0",
                            "security_rule.2794118659.destination_port_range": "7050",
                            "security_rule.2794118659.destination_port_ranges.#": "0",
                            "security_rule.2794118659.direction": "Inbound",
                            "security_rule.2794118659.name": "HTTP2",
                            "security_rule.2794118659.priority": "1020",
                            "security_rule.2794118659.protocol": "Tcp",
                            "security_rule.2794118659.source_address_prefix": "11.0.0.0/28",
                            "security_rule.2794118659.source_address_prefixes.#": "0",
                            "security_rule.2794118659.source_application_security_group_ids.#": "0",
                            "security_rule.2794118659.source_port_range": "7050",
                            "security_rule.2794118659.source_port_ranges.#": "0",
                            "security_rule.3404745302.access": "Allow",
                            "security_rule.3404745302.description": "",
                            "security_rule.3404745302.destination_address_prefix": "11.0.0.0/28",
                            "security_rule.3404745302.destination_address_prefixes.#": "0",
                            "security_rule.3404745302.destination_application_security_group_ids.#": "0",
                            "security_rule.3404745302.destination_port_range": "7050",
                            "security_rule.3404745302.destination_port_ranges.#": "0",
                            "security_rule.3404745302.direction": "Outbound",
                            "security_rule.3404745302.name": "HTTP3",
                            "security_rule.3404745302.priority": "1030",
                            "security_rule.3404745302.protocol": "Tcp",
                            "security_rule.3404745302.source_address_prefix": "10.0.0.0/28",
                            "security_rule.3404745302.source_address_prefixes.#": "0",
                            "security_rule.3404745302.source_application_security_group_ids.#": "0",
                            "security_rule.3404745302.source_port_range": "7050",
                            "security_rule.3404745302.source_port_ranges.#": "0",
                            "tags.%": "1",
                            "tags.environment": "dev"
                        },
                        "meta": {},
                        "tainted": false
                    },
                    "deposed": [],
                    "provider": "provider.azurerm"
                },
                "azurerm_network_security_group.myterraformnsg2": {
                    "type": "azurerm_network_security_group",
                    "depends_on": [
                        "azurerm_resource_group.rg"
                    ],
                    "primary": {
                        "id": "/subscriptions/cf2be2cb-24b7-4cb0-ba3c-7bdb3966bf29/resourceGroups/TP5/providers/Microsoft.Network/networkSecurityGroups/myNetworkSecurityGroupEUS",
                        "attributes": {
                            "id": "/subscriptions/cf2be2cb-24b7-4cb0-ba3c-7bdb3966bf29/resourceGroups/TP5/providers/Microsoft.Network/networkSecurityGroups/myNetworkSecurityGroupEUS",
                            "location": "westus",
                            "name": "myNetworkSecurityGroupEUS",
                            "resource_group_name": "TP5",
                            "security_rule.#": "4",
                            "security_rule.178118325.access": "Allow",
                            "security_rule.178118325.description": "",
                            "security_rule.178118325.destination_address_prefix": "12.0.0.0/28",
                            "security_rule.178118325.destination_address_prefixes.#": "0",
                            "security_rule.178118325.destination_application_security_group_ids.#": "0",
                            "security_rule.178118325.destination_port_range": "1251",
                            "security_rule.178118325.destination_port_ranges.#": "0",
                            "security_rule.178118325.direction": "Outbound",
                            "security_rule.178118325.name": "HTTP-25",
                            "security_rule.178118325.priority": "1550",
                            "security_rule.178118325.protocol": "Tcp",
                            "security_rule.178118325.source_address_prefix": "11.0.0.0/28",
                            "security_rule.178118325.source_address_prefixes.#": "0",
                            "security_rule.178118325.source_application_security_group_ids.#": "0",
                            "security_rule.178118325.source_port_range": "1251",
                            "security_rule.178118325.source_port_ranges.#": "0",
                            "security_rule.4049059965.access": "Allow",
                            "security_rule.4049059965.description": "",
                            "security_rule.4049059965.destination_address_prefix": "11.0.0.0/28",
                            "security_rule.4049059965.destination_address_prefixes.#": "0",
                            "security_rule.4049059965.destination_application_security_group_ids.#": "0",
                            "security_rule.4049059965.destination_port_range": "7050",
                            "security_rule.4049059965.destination_port_ranges.#": "0",
                            "security_rule.4049059965.direction": "Inbound",
                            "security_rule.4049059965.name": "HTTP-22",
                            "security_rule.4049059965.priority": "1520",
                            "security_rule.4049059965.protocol": "Tcp",
                            "security_rule.4049059965.source_address_prefix": "10.0.0.0/28",
                            "security_rule.4049059965.source_address_prefixes.#": "0",
                            "security_rule.4049059965.source_application_security_group_ids.#": "0",
                            "security_rule.4049059965.source_port_range": "7050",
                            "security_rule.4049059965.source_port_ranges.#": "0",
                            "security_rule.4180685908.access": "Allow",
                            "security_rule.4180685908.description": "",
                            "security_rule.4180685908.destination_address_prefix": "10.0.0.0/28",
                            "security_rule.4180685908.destination_address_prefixes.#": "0",
                            "security_rule.4180685908.destination_application_security_group_ids.#": "0",
                            "security_rule.4180685908.destination_port_range": "7050",
                            "security_rule.4180685908.destination_port_ranges.#": "0",
                            "security_rule.4180685908.direction": "Outbound",
                            "security_rule.4180685908.name": "HTTP-23",
                            "security_rule.4180685908.priority": "1530",
                            "security_rule.4180685908.protocol": "Tcp",
                            "security_rule.4180685908.source_address_prefix": "11.0.0.0/28",
                            "security_rule.4180685908.source_address_prefixes.#": "0",
                            "security_rule.4180685908.source_application_security_group_ids.#": "0",
                            "security_rule.4180685908.source_port_range": "7050",
                            "security_rule.4180685908.source_port_ranges.#": "0",
                            "security_rule.54538071.access": "Allow",
                            "security_rule.54538071.description": "",
                            "security_rule.54538071.destination_address_prefix": "11.0.0.0/28",
                            "security_rule.54538071.destination_address_prefixes.#": "0",
                            "security_rule.54538071.destination_application_security_group_ids.#": "0",
                            "security_rule.54538071.destination_port_range": "1251",
                            "security_rule.54538071.destination_port_ranges.#": "0",
                            "security_rule.54538071.direction": "Inbound",
                            "security_rule.54538071.name": "HTTP-24",
                            "security_rule.54538071.priority": "1540",
                            "security_rule.54538071.protocol": "Tcp",
                            "security_rule.54538071.source_address_prefix": "12.0.0.0/28",
                            "security_rule.54538071.source_address_prefixes.#": "0",
                            "security_rule.54538071.source_application_security_group_ids.#": "0",
                            "security_rule.54538071.source_port_range": "1251",
                            "security_rule.54538071.source_port_ranges.#": "0",
                            "tags.%": "1",
                            "tags.environment": "dev"
                        },
                        "meta": {},
                        "tainted": false
                    },
                    "deposed": [],
                    "provider": "provider.azurerm"
                },
                "azurerm_network_security_group.myterraformnsg3": {
                    "type": "azurerm_network_security_group",
                    "depends_on": [
                        "azurerm_resource_group.rg"
                    ],
                    "primary": {
                        "id": "/subscriptions/cf2be2cb-24b7-4cb0-ba3c-7bdb3966bf29/resourceGroups/TP5/providers/Microsoft.Network/networkSecurityGroups/myNetworkSecurityGroupNE",
                        "attributes": {
                            "id": "/subscriptions/cf2be2cb-24b7-4cb0-ba3c-7bdb3966bf29/resourceGroups/TP5/providers/Microsoft.Network/networkSecurityGroups/myNetworkSecurityGroupNE",
                            "location": "westus",
                            "name": "myNetworkSecurityGroupNE",
                            "resource_group_name": "TP5",
                            "security_rule.#": "3",
                            "security_rule.2750668275.access": "Allow",
                            "security_rule.2750668275.description": "",
                            "security_rule.2750668275.destination_address_prefix": "*",
                            "security_rule.2750668275.destination_address_prefixes.#": "0",
                            "security_rule.2750668275.destination_application_security_group_ids.#": "0",
                            "security_rule.2750668275.destination_port_range": "445",
                            "security_rule.2750668275.destination_port_ranges.#": "0",
                            "security_rule.2750668275.direction": "Outbound",
                            "security_rule.2750668275.name": "HTTP-31",
                            "security_rule.2750668275.priority": "1100",
                            "security_rule.2750668275.protocol": "Tcp",
                            "security_rule.2750668275.source_address_prefix": "12.0.0.0/28",
                            "security_rule.2750668275.source_address_prefixes.#": "0",
                            "security_rule.2750668275.source_application_security_group_ids.#": "0",
                            "security_rule.2750668275.source_port_range": "445",
                            "security_rule.2750668275.source_port_ranges.#": "0",
                            "security_rule.2807089246.access": "Allow",
                            "security_rule.2807089246.description": "",
                            "security_rule.2807089246.destination_address_prefix": "12.0.0.0/28",
                            "security_rule.2807089246.destination_address_prefixes.#": "0",
                            "security_rule.2807089246.destination_application_security_group_ids.#": "0",
                            "security_rule.2807089246.destination_port_range": "1251",
                            "security_rule.2807089246.destination_port_ranges.#": "0",
                            "security_rule.2807089246.direction": "Inbound",
                            "security_rule.2807089246.name": "HTTP-32",
                            "security_rule.2807089246.priority": "1120",
                            "security_rule.2807089246.protocol": "Tcp",
                            "security_rule.2807089246.source_address_prefix": "11.0.0.0/28",
                            "security_rule.2807089246.source_address_prefixes.#": "0",
                            "security_rule.2807089246.source_application_security_group_ids.#": "0",
                            "security_rule.2807089246.source_port_range": "1251",
                            "security_rule.2807089246.source_port_ranges.#": "0",
                            "security_rule.308051268.access": "Allow",
                            "security_rule.308051268.description": "",
                            "security_rule.308051268.destination_address_prefix": "11.0.0.0/28",
                            "security_rule.308051268.destination_address_prefixes.#": "0",
                            "security_rule.308051268.destination_application_security_group_ids.#": "0",
                            "security_rule.308051268.destination_port_range": "1251",
                            "security_rule.308051268.destination_port_ranges.#": "0",
                            "security_rule.308051268.direction": "Outbound",
                            "security_rule.308051268.name": "HTTP-33",
                            "security_rule.308051268.priority": "1130",
                            "security_rule.308051268.protocol": "Tcp",
                            "security_rule.308051268.source_address_prefix": "12.0.0.0/28",
                            "security_rule.308051268.source_address_prefixes.#": "0",
                            "security_rule.308051268.source_application_security_group_ids.#": "0",
                            "security_rule.308051268.source_port_range": "1251",
                            "security_rule.308051268.source_port_ranges.#": "0",
                            "tags.%": "1",
                            "tags.environment": "dev"
                        },
                        "meta": {},
                        "tainted": false
                    },
                    "deposed": [],
                    "provider": "provider.azurerm"
                },
                "azurerm_public_ip.lbip": {
                    "type": "azurerm_public_ip",
                    "depends_on": [
                        "azurerm_resource_group.rg"
                    ],
                    "primary": {
                        "id": "/subscriptions/cf2be2cb-24b7-4cb0-ba3c-7bdb3966bf29/resourceGroups/TP5/providers/Microsoft.Network/publicIPAddresses/PublicIPForLB",
                        "attributes": {
                            "allocation_method": "Static",
                            "id": "/subscriptions/cf2be2cb-24b7-4cb0-ba3c-7bdb3966bf29/resourceGroups/TP5/providers/Microsoft.Network/publicIPAddresses/PublicIPForLB",
                            "idle_timeout_in_minutes": "4",
                            "ip_address": "13.91.47.2",
                            "ip_version": "IPv4",
                            "location": "westus",
                            "name": "PublicIPForLB",
                            "public_ip_address_allocation": "Static",
                            "resource_group_name": "TP5",
                            "sku": "Basic",
                            "tags.%": "0",
                            "zones.#": "0"
                        },
                        "meta": {},
                        "tainted": false
                    },
                    "deposed": [],
                    "provider": "provider.azurerm"
                },
                "azurerm_public_ip.myterraformpublicip2": {
                    "type": "azurerm_public_ip",
                    "depends_on": [
                        "azurerm_resource_group.rg"
                    ],
                    "primary": {
                        "id": "/subscriptions/cf2be2cb-24b7-4cb0-ba3c-7bdb3966bf29/resourceGroups/TP5/providers/Microsoft.Network/publicIPAddresses/myPublicIPEUS",
                        "attributes": {
                            "allocation_method": "Dynamic",
                            "id": "/subscriptions/cf2be2cb-24b7-4cb0-ba3c-7bdb3966bf29/resourceGroups/TP5/providers/Microsoft.Network/publicIPAddresses/myPublicIPEUS",
                            "idle_timeout_in_minutes": "4",
                            "ip_address": "",
                            "ip_version": "IPv4",
                            "location": "westus",
                            "name": "myPublicIPEUS",
                            "public_ip_address_allocation": "Dynamic",
                            "resource_group_name": "TP5",
                            "sku": "Basic",
                            "tags.%": "1",
                            "tags.environment": "dev",
                            "zones.#": "0"
                        },
                        "meta": {},
                        "tainted": false
                    },
                    "deposed": [],
                    "provider": "provider.azurerm"
                },
                "azurerm_public_ip.myterraformpublicip3": {
                    "type": "azurerm_public_ip",
                    "depends_on": [
                        "azurerm_resource_group.rg"
                    ],
                    "primary": {
                        "id": "/subscriptions/cf2be2cb-24b7-4cb0-ba3c-7bdb3966bf29/resourceGroups/TP5/providers/Microsoft.Network/publicIPAddresses/myPublicIPsNE",
                        "attributes": {
                            "allocation_method": "Dynamic",
                            "id": "/subscriptions/cf2be2cb-24b7-4cb0-ba3c-7bdb3966bf29/resourceGroups/TP5/providers/Microsoft.Network/publicIPAddresses/myPublicIPsNE",
                            "idle_timeout_in_minutes": "4",
                            "ip_address": "",
                            "ip_version": "IPv4",
                            "location": "westus",
                            "name": "myPublicIPsNE",
                            "public_ip_address_allocation": "Dynamic",
                            "resource_group_name": "TP5",
                            "sku": "Basic",
                            "tags.%": "1",
                            "tags.environment": "dev",
                            "zones.#": "0"
                        },
                        "meta": {},
                        "tainted": false
                    },
                    "deposed": [],
                    "provider": "provider.azurerm"
                },
                "azurerm_resource_group.rg": {
                    "type": "azurerm_resource_group",
                    "depends_on": [],
                    "primary": {
                        "id": "/subscriptions/cf2be2cb-24b7-4cb0-ba3c-7bdb3966bf29/resourceGroups/TP5",
                        "attributes": {
                            "id": "/subscriptions/cf2be2cb-24b7-4cb0-ba3c-7bdb3966bf29/resourceGroups/TP5",
                            "location": "westus",
                            "name": "TP5",
                            "tags.%": "0"
                        },
                        "meta": {},
                        "tainted": false
                    },
                    "deposed": [],
                    "provider": "provider.azurerm"
                },
                "azurerm_storage_account.mystorageaccount.0": {
                    "type": "azurerm_storage_account",
                    "depends_on": [
                        "azurerm_resource_group.rg",
                        "random_id.randomId"
                    ],
                    "primary": {
                        "id": "/subscriptions/cf2be2cb-24b7-4cb0-ba3c-7bdb3966bf29/resourceGroups/TP5/providers/Microsoft.Storage/storageAccounts/diagcf2b636d87e203fa0",
                        "attributes": {
                            "access_tier": "",
                            "account_encryption_source": "Microsoft.Storage",
                            "account_kind": "Storage",
                            "account_replication_type": "LRS",
                            "account_tier": "Standard",
                            "account_type": "Standard_LRS",
                            "enable_blob_encryption": "true",
                            "enable_file_encryption": "true",
                            "enable_https_traffic_only": "false",
                            "id": "/subscriptions/cf2be2cb-24b7-4cb0-ba3c-7bdb3966bf29/resourceGroups/TP5/providers/Microsoft.Storage/storageAccounts/diagcf2b636d87e203fa0",
                            "identity.#": "0",
                            "is_hns_enabled": "false",
                            "location": "westus",
                            "name": "diagcf2b636d87e203fa0",
                            "network_rules.#": "0",
                            "primary_access_key": "qptNaqxk413K9WzyEee4XAtFWC4nJdXmuwLmPftYgKhMPEA1tC4eeb4V+ywJA6qod+ayjBhdNqQewG3Vsrl7KA==",
                            "primary_blob_connection_string": "DefaultEndpointsProtocol=https;BlobEndpoint=https://diagcf2b636d87e203fa0.blob.core.windows.net/;AccountName=diagcf2b636d87e203fa0;AccountKey=qptNaqxk413K9WzyEee4XAtFWC4nJdXmuwLmPftYgKhMPEA1tC4eeb4V+ywJA6qod+ayjBhdNqQewG3Vsrl7KA==",
                            "primary_blob_endpoint": "https://diagcf2b636d87e203fa0.blob.core.windows.net/",
                            "primary_blob_host": "diagcf2b636d87e203fa0.blob.core.windows.net",
                            "primary_connection_string": "DefaultEndpointsProtocol=https;AccountName=diagcf2b636d87e203fa0;AccountKey=qptNaqxk413K9WzyEee4XAtFWC4nJdXmuwLmPftYgKhMPEA1tC4eeb4V+ywJA6qod+ayjBhdNqQewG3Vsrl7KA==;EndpointSuffix=core.windows.net",
                            "primary_dfs_endpoint": "",
                            "primary_dfs_host": "",
                            "primary_file_endpoint": "https://diagcf2b636d87e203fa0.file.core.windows.net/",
                            "primary_file_host": "diagcf2b636d87e203fa0.file.core.windows.net",
                            "primary_location": "westus",
                            "primary_queue_endpoint": "https://diagcf2b636d87e203fa0.queue.core.windows.net/",
                            "primary_queue_host": "diagcf2b636d87e203fa0.queue.core.windows.net",
                            "primary_table_endpoint": "https://diagcf2b636d87e203fa0.table.core.windows.net/",
                            "primary_table_host": "diagcf2b636d87e203fa0.table.core.windows.net",
                            "primary_web_endpoint": "",
                            "primary_web_host": "",
                            "resource_group_name": "TP5",
                            "secondary_access_key": "LR7+mDXOpdQdLSm6KKW6L04zlU/GXh3o5TgOOOW88ARN9N7hUnBXy4yjGajMjM+2Y4xw9spy3XLpzPSq0M9r6w==",
                            "secondary_blob_connection_string": "",
                            "secondary_connection_string": "DefaultEndpointsProtocol=https;AccountName=diagcf2b636d87e203fa0;AccountKey=LR7+mDXOpdQdLSm6KKW6L04zlU/GXh3o5TgOOOW88ARN9N7hUnBXy4yjGajMjM+2Y4xw9spy3XLpzPSq0M9r6w==;EndpointSuffix=core.windows.net",
                            "secondary_location": "",
                            "tags.%": "1",
                            "tags.environment": "dev"
                        },
                        "meta": {
                            "schema_version": "2"
                        },
                        "tainted": false
                    },
                    "deposed": [],
                    "provider": "provider.azurerm"
                },
                "azurerm_storage_account.mystorageaccount.1": {
                    "type": "azurerm_storage_account",
                    "depends_on": [
                        "azurerm_resource_group.rg",
                        "random_id.randomId"
                    ],
                    "primary": {
                        "id": "/subscriptions/cf2be2cb-24b7-4cb0-ba3c-7bdb3966bf29/resourceGroups/TP5/providers/Microsoft.Storage/storageAccounts/diagcf2b636d87e203fa1",
                        "attributes": {
                            "access_tier": "",
                            "account_encryption_source": "Microsoft.Storage",
                            "account_kind": "Storage",
                            "account_replication_type": "LRS",
                            "account_tier": "Standard",
                            "account_type": "Standard_LRS",
                            "enable_blob_encryption": "true",
                            "enable_file_encryption": "true",
                            "enable_https_traffic_only": "false",
                            "id": "/subscriptions/cf2be2cb-24b7-4cb0-ba3c-7bdb3966bf29/resourceGroups/TP5/providers/Microsoft.Storage/storageAccounts/diagcf2b636d87e203fa1",
                            "identity.#": "0",
                            "is_hns_enabled": "false",
                            "location": "westus",
                            "name": "diagcf2b636d87e203fa1",
                            "network_rules.#": "0",
                            "primary_access_key": "bjY/lf8hdeGzwc/DujwA2knLX0T+8ubFipMjEybFdB1bQqLfUVljTh6btL6+94Sgrf/HMRzEA4T+Eqjw8YytAQ==",
                            "primary_blob_connection_string": "DefaultEndpointsProtocol=https;BlobEndpoint=https://diagcf2b636d87e203fa1.blob.core.windows.net/;AccountName=diagcf2b636d87e203fa1;AccountKey=bjY/lf8hdeGzwc/DujwA2knLX0T+8ubFipMjEybFdB1bQqLfUVljTh6btL6+94Sgrf/HMRzEA4T+Eqjw8YytAQ==",
                            "primary_blob_endpoint": "https://diagcf2b636d87e203fa1.blob.core.windows.net/",
                            "primary_blob_host": "diagcf2b636d87e203fa1.blob.core.windows.net",
                            "primary_connection_string": "DefaultEndpointsProtocol=https;AccountName=diagcf2b636d87e203fa1;AccountKey=bjY/lf8hdeGzwc/DujwA2knLX0T+8ubFipMjEybFdB1bQqLfUVljTh6btL6+94Sgrf/HMRzEA4T+Eqjw8YytAQ==;EndpointSuffix=core.windows.net",
                            "primary_dfs_endpoint": "",
                            "primary_dfs_host": "",
                            "primary_file_endpoint": "https://diagcf2b636d87e203fa1.file.core.windows.net/",
                            "primary_file_host": "diagcf2b636d87e203fa1.file.core.windows.net",
                            "primary_location": "westus",
                            "primary_queue_endpoint": "https://diagcf2b636d87e203fa1.queue.core.windows.net/",
                            "primary_queue_host": "diagcf2b636d87e203fa1.queue.core.windows.net",
                            "primary_table_endpoint": "https://diagcf2b636d87e203fa1.table.core.windows.net/",
                            "primary_table_host": "diagcf2b636d87e203fa1.table.core.windows.net",
                            "primary_web_endpoint": "",
                            "primary_web_host": "",
                            "resource_group_name": "TP5",
                            "secondary_access_key": "TcTTxC1S0tkPaIx89+UpUd+VVIJvjCFkKuK983K7JA0E3Y78wV2+NI59D4NzsxFIEcxJdPCAtrpX9tX1MibZ6g==",
                            "secondary_blob_connection_string": "",
                            "secondary_connection_string": "DefaultEndpointsProtocol=https;AccountName=diagcf2b636d87e203fa1;AccountKey=TcTTxC1S0tkPaIx89+UpUd+VVIJvjCFkKuK983K7JA0E3Y78wV2+NI59D4NzsxFIEcxJdPCAtrpX9tX1MibZ6g==;EndpointSuffix=core.windows.net",
                            "secondary_location": "",
                            "tags.%": "1",
                            "tags.environment": "dev"
                        },
                        "meta": {
                            "schema_version": "2"
                        },
                        "tainted": false
                    },
                    "deposed": [],
                    "provider": "provider.azurerm"
                },
                "azurerm_storage_account.mystorageaccount2": {
                    "type": "azurerm_storage_account",
                    "depends_on": [
                        "azurerm_resource_group.rg",
                        "random_id.randomId2"
                    ],
                    "primary": {
                        "id": "/subscriptions/cf2be2cb-24b7-4cb0-ba3c-7bdb3966bf29/resourceGroups/TP5/providers/Microsoft.Storage/storageAccounts/diagcd5806372d25d29d",
                        "attributes": {
                            "access_tier": "",
                            "account_encryption_source": "Microsoft.Storage",
                            "account_kind": "Storage",
                            "account_replication_type": "LRS",
                            "account_tier": "Standard",
                            "account_type": "Standard_LRS",
                            "enable_blob_encryption": "true",
                            "enable_file_encryption": "true",
                            "enable_https_traffic_only": "false",
                            "id": "/subscriptions/cf2be2cb-24b7-4cb0-ba3c-7bdb3966bf29/resourceGroups/TP5/providers/Microsoft.Storage/storageAccounts/diagcd5806372d25d29d",
                            "identity.#": "0",
                            "is_hns_enabled": "false",
                            "location": "westus",
                            "name": "diagcd5806372d25d29d",
                            "network_rules.#": "0",
                            "primary_access_key": "sDgaUH4PsC18bouFufsL+5Knaqw2MNPntzwI+YAxEsx3XoFT5ndAUfFiuM3a2daNIg9msUOesVlcmOfVlZdE8Q==",
                            "primary_blob_connection_string": "DefaultEndpointsProtocol=https;BlobEndpoint=https://diagcd5806372d25d29d.blob.core.windows.net/;AccountName=diagcd5806372d25d29d;AccountKey=sDgaUH4PsC18bouFufsL+5Knaqw2MNPntzwI+YAxEsx3XoFT5ndAUfFiuM3a2daNIg9msUOesVlcmOfVlZdE8Q==",
                            "primary_blob_endpoint": "https://diagcd5806372d25d29d.blob.core.windows.net/",
                            "primary_blob_host": "diagcd5806372d25d29d.blob.core.windows.net",
                            "primary_connection_string": "DefaultEndpointsProtocol=https;AccountName=diagcd5806372d25d29d;AccountKey=sDgaUH4PsC18bouFufsL+5Knaqw2MNPntzwI+YAxEsx3XoFT5ndAUfFiuM3a2daNIg9msUOesVlcmOfVlZdE8Q==;EndpointSuffix=core.windows.net",
                            "primary_dfs_endpoint": "",
                            "primary_dfs_host": "",
                            "primary_file_endpoint": "https://diagcd5806372d25d29d.file.core.windows.net/",
                            "primary_file_host": "diagcd5806372d25d29d.file.core.windows.net",
                            "primary_location": "westus",
                            "primary_queue_endpoint": "https://diagcd5806372d25d29d.queue.core.windows.net/",
                            "primary_queue_host": "diagcd5806372d25d29d.queue.core.windows.net",
                            "primary_table_endpoint": "https://diagcd5806372d25d29d.table.core.windows.net/",
                            "primary_table_host": "diagcd5806372d25d29d.table.core.windows.net",
                            "primary_web_endpoint": "",
                            "primary_web_host": "",
                            "resource_group_name": "TP5",
                            "secondary_access_key": "/NXRhw1L4h5Zyni6BH7RXtAWdR8viv6Xa+uMtV0ESduMmI+6d76Cjnsi3/Dnky/Yja6ZL1d7XgqFeM5Tvu9n6A==",
                            "secondary_blob_connection_string": "",
                            "secondary_connection_string": "DefaultEndpointsProtocol=https;AccountName=diagcd5806372d25d29d;AccountKey=/NXRhw1L4h5Zyni6BH7RXtAWdR8viv6Xa+uMtV0ESduMmI+6d76Cjnsi3/Dnky/Yja6ZL1d7XgqFeM5Tvu9n6A==;EndpointSuffix=core.windows.net",
                            "secondary_location": "",
                            "tags.%": "1",
                            "tags.environment": "dev"
                        },
                        "meta": {
                            "schema_version": "2"
                        },
                        "tainted": false
                    },
                    "deposed": [],
                    "provider": "provider.azurerm"
                },
                "azurerm_storage_account.mystorageaccount3": {
                    "type": "azurerm_storage_account",
                    "depends_on": [
                        "azurerm_resource_group.rg",
                        "random_id.randomId3"
                    ],
                    "primary": {
                        "id": "/subscriptions/cf2be2cb-24b7-4cb0-ba3c-7bdb3966bf29/resourceGroups/TP5/providers/Microsoft.Storage/storageAccounts/diag4c2861b7e19eaf94",
                        "attributes": {
                            "access_tier": "",
                            "account_encryption_source": "Microsoft.Storage",
                            "account_kind": "Storage",
                            "account_replication_type": "LRS",
                            "account_tier": "Standard",
                            "account_type": "Standard_LRS",
                            "enable_blob_encryption": "true",
                            "enable_file_encryption": "true",
                            "enable_https_traffic_only": "false",
                            "id": "/subscriptions/cf2be2cb-24b7-4cb0-ba3c-7bdb3966bf29/resourceGroups/TP5/providers/Microsoft.Storage/storageAccounts/diag4c2861b7e19eaf94",
                            "identity.#": "0",
                            "is_hns_enabled": "false",
                            "location": "westus",
                            "name": "diag4c2861b7e19eaf94",
                            "network_rules.#": "0",
                            "primary_access_key": "NClm4r+jfV6m/RvYeoPk8hSFtjv78BxEz6Vht4B6VmTMD1JE4vjp/1C2pyYgvxzVE4O2ow4ef+HjoAEHcZwFmg==",
                            "primary_blob_connection_string": "DefaultEndpointsProtocol=https;BlobEndpoint=https://diag4c2861b7e19eaf94.blob.core.windows.net/;AccountName=diag4c2861b7e19eaf94;AccountKey=NClm4r+jfV6m/RvYeoPk8hSFtjv78BxEz6Vht4B6VmTMD1JE4vjp/1C2pyYgvxzVE4O2ow4ef+HjoAEHcZwFmg==",
                            "primary_blob_endpoint": "https://diag4c2861b7e19eaf94.blob.core.windows.net/",
                            "primary_blob_host": "diag4c2861b7e19eaf94.blob.core.windows.net",
                            "primary_connection_string": "DefaultEndpointsProtocol=https;AccountName=diag4c2861b7e19eaf94;AccountKey=NClm4r+jfV6m/RvYeoPk8hSFtjv78BxEz6Vht4B6VmTMD1JE4vjp/1C2pyYgvxzVE4O2ow4ef+HjoAEHcZwFmg==;EndpointSuffix=core.windows.net",
                            "primary_dfs_endpoint": "",
                            "primary_dfs_host": "",
                            "primary_file_endpoint": "https://diag4c2861b7e19eaf94.file.core.windows.net/",
                            "primary_file_host": "diag4c2861b7e19eaf94.file.core.windows.net",
                            "primary_location": "westus",
                            "primary_queue_endpoint": "https://diag4c2861b7e19eaf94.queue.core.windows.net/",
                            "primary_queue_host": "diag4c2861b7e19eaf94.queue.core.windows.net",
                            "primary_table_endpoint": "https://diag4c2861b7e19eaf94.table.core.windows.net/",
                            "primary_table_host": "diag4c2861b7e19eaf94.table.core.windows.net",
                            "primary_web_endpoint": "",
                            "primary_web_host": "",
                            "resource_group_name": "TP5",
                            "secondary_access_key": "sbnrvOd0DK2a2jxjGbaONtWKSv0k6ooqI4aS+8tYZKL1Lm4zqral6duL/OMLHEdo5wJ19ssNWUQzdqxOLO9FNg==",
                            "secondary_blob_connection_string": "",
                            "secondary_connection_string": "DefaultEndpointsProtocol=https;AccountName=diag4c2861b7e19eaf94;AccountKey=sbnrvOd0DK2a2jxjGbaONtWKSv0k6ooqI4aS+8tYZKL1Lm4zqral6duL/OMLHEdo5wJ19ssNWUQzdqxOLO9FNg==;EndpointSuffix=core.windows.net",
                            "secondary_location": "",
                            "tags.%": "1",
                            "tags.environment": "dev"
                        },
                        "meta": {
                            "schema_version": "2"
                        },
                        "tainted": false
                    },
                    "deposed": [],
                    "provider": "provider.azurerm"
                },
                "azurerm_subnet.myterraformsubnet": {
                    "type": "azurerm_subnet",
                    "depends_on": [
                        "azurerm_resource_group.rg",
                        "azurerm_virtual_network.myterraformnetwork"
                    ],
                    "primary": {
                        "id": "/subscriptions/cf2be2cb-24b7-4cb0-ba3c-7bdb3966bf29/resourceGroups/TP5/providers/Microsoft.Network/virtualNetworks/myVNetWUS/subnets/mySubnetWUS",
                        "attributes": {
                            "address_prefix": "10.0.0.0/28",
                            "delegation.#": "0",
                            "id": "/subscriptions/cf2be2cb-24b7-4cb0-ba3c-7bdb3966bf29/resourceGroups/TP5/providers/Microsoft.Network/virtualNetworks/myVNetWUS/subnets/mySubnetWUS",
                            "ip_configurations.#": "0",
                            "name": "mySubnetWUS",
                            "network_security_group_id": "",
                            "resource_group_name": "TP5",
                            "route_table_id": "",
                            "service_endpoints.#": "0",
                            "virtual_network_name": "myVNetWUS"
                        },
                        "meta": {},
                        "tainted": false
                    },
                    "deposed": [],
                    "provider": "provider.azurerm"
                },
                "azurerm_subnet.myterraformsubnet2": {
                    "type": "azurerm_subnet",
                    "depends_on": [
                        "azurerm_resource_group.rg",
                        "azurerm_virtual_network.myterraformnetwork2"
                    ],
                    "primary": {
                        "id": "/subscriptions/cf2be2cb-24b7-4cb0-ba3c-7bdb3966bf29/resourceGroups/TP5/providers/Microsoft.Network/virtualNetworks/myVNetEUS/subnets/mySubnetEUS",
                        "attributes": {
                            "address_prefix": "11.0.0.0/28",
                            "delegation.#": "0",
                            "id": "/subscriptions/cf2be2cb-24b7-4cb0-ba3c-7bdb3966bf29/resourceGroups/TP5/providers/Microsoft.Network/virtualNetworks/myVNetEUS/subnets/mySubnetEUS",
                            "ip_configurations.#": "0",
                            "name": "mySubnetEUS",
                            "network_security_group_id": "",
                            "resource_group_name": "TP5",
                            "route_table_id": "",
                            "service_endpoints.#": "0",
                            "virtual_network_name": "myVNetEUS"
                        },
                        "meta": {},
                        "tainted": false
                    },
                    "deposed": [],
                    "provider": "provider.azurerm"
                },
                "azurerm_subnet.myterraformsubnet3": {
                    "type": "azurerm_subnet",
                    "depends_on": [
                        "azurerm_resource_group.rg",
                        "azurerm_virtual_network.myterraformnetwork3"
                    ],
                    "primary": {
                        "id": "/subscriptions/cf2be2cb-24b7-4cb0-ba3c-7bdb3966bf29/resourceGroups/TP5/providers/Microsoft.Network/virtualNetworks/myVNetNE/subnets/mySubnetNE",
                        "attributes": {
                            "address_prefix": "12.0.0.0/28",
                            "delegation.#": "0",
                            "id": "/subscriptions/cf2be2cb-24b7-4cb0-ba3c-7bdb3966bf29/resourceGroups/TP5/providers/Microsoft.Network/virtualNetworks/myVNetNE/subnets/mySubnetNE",
                            "ip_configurations.#": "0",
                            "name": "mySubnetNE",
                            "network_security_group_id": "",
                            "resource_group_name": "TP5",
                            "route_table_id": "",
                            "service_endpoints.#": "0",
                            "virtual_network_name": "myVNetNE"
                        },
                        "meta": {},
                        "tainted": false
                    },
                    "deposed": [],
                    "provider": "provider.azurerm"
                },
                "azurerm_subnet_network_security_group_association.associate": {
                    "type": "azurerm_subnet_network_security_group_association",
                    "depends_on": [
                        "azurerm_network_security_group.myterraformnsg",
                        "azurerm_subnet.myterraformsubnet"
                    ],
                    "primary": {
                        "id": "/subscriptions/cf2be2cb-24b7-4cb0-ba3c-7bdb3966bf29/resourceGroups/TP5/providers/Microsoft.Network/virtualNetworks/myVNetWUS/subnets/mySubnetWUS",
                        "attributes": {
                            "id": "/subscriptions/cf2be2cb-24b7-4cb0-ba3c-7bdb3966bf29/resourceGroups/TP5/providers/Microsoft.Network/virtualNetworks/myVNetWUS/subnets/mySubnetWUS",
                            "network_security_group_id": "/subscriptions/cf2be2cb-24b7-4cb0-ba3c-7bdb3966bf29/resourceGroups/TP5/providers/Microsoft.Network/networkSecurityGroups/myNetworkSecurityGroupWUS",
                            "subnet_id": "/subscriptions/cf2be2cb-24b7-4cb0-ba3c-7bdb3966bf29/resourceGroups/TP5/providers/Microsoft.Network/virtualNetworks/myVNetWUS/subnets/mySubnetWUS"
                        },
                        "meta": {},
                        "tainted": false
                    },
                    "deposed": [],
                    "provider": "provider.azurerm"
                },
                "azurerm_subnet_network_security_group_association.associate2": {
                    "type": "azurerm_subnet_network_security_group_association",
                    "depends_on": [
                        "azurerm_network_security_group.myterraformnsg2",
                        "azurerm_subnet.myterraformsubnet2"
                    ],
                    "primary": {
                        "id": "/subscriptions/cf2be2cb-24b7-4cb0-ba3c-7bdb3966bf29/resourceGroups/TP5/providers/Microsoft.Network/virtualNetworks/myVNetEUS/subnets/mySubnetEUS",
                        "attributes": {
                            "id": "/subscriptions/cf2be2cb-24b7-4cb0-ba3c-7bdb3966bf29/resourceGroups/TP5/providers/Microsoft.Network/virtualNetworks/myVNetEUS/subnets/mySubnetEUS",
                            "network_security_group_id": "/subscriptions/cf2be2cb-24b7-4cb0-ba3c-7bdb3966bf29/resourceGroups/TP5/providers/Microsoft.Network/networkSecurityGroups/myNetworkSecurityGroupEUS",
                            "subnet_id": "/subscriptions/cf2be2cb-24b7-4cb0-ba3c-7bdb3966bf29/resourceGroups/TP5/providers/Microsoft.Network/virtualNetworks/myVNetEUS/subnets/mySubnetEUS"
                        },
                        "meta": {},
                        "tainted": false
                    },
                    "deposed": [],
                    "provider": "provider.azurerm"
                },
                "azurerm_subnet_network_security_group_association.associate3": {
                    "type": "azurerm_subnet_network_security_group_association",
                    "depends_on": [
                        "azurerm_network_security_group.myterraformnsg3",
                        "azurerm_subnet.myterraformsubnet3"
                    ],
                    "primary": {
                        "id": "/subscriptions/cf2be2cb-24b7-4cb0-ba3c-7bdb3966bf29/resourceGroups/TP5/providers/Microsoft.Network/virtualNetworks/myVNetNE/subnets/mySubnetNE",
                        "attributes": {
                            "id": "/subscriptions/cf2be2cb-24b7-4cb0-ba3c-7bdb3966bf29/resourceGroups/TP5/providers/Microsoft.Network/virtualNetworks/myVNetNE/subnets/mySubnetNE",
                            "network_security_group_id": "/subscriptions/cf2be2cb-24b7-4cb0-ba3c-7bdb3966bf29/resourceGroups/TP5/providers/Microsoft.Network/networkSecurityGroups/myNetworkSecurityGroupNE",
                            "subnet_id": "/subscriptions/cf2be2cb-24b7-4cb0-ba3c-7bdb3966bf29/resourceGroups/TP5/providers/Microsoft.Network/virtualNetworks/myVNetNE/subnets/mySubnetNE"
                        },
                        "meta": {},
                        "tainted": false
                    },
                    "deposed": [],
                    "provider": "provider.azurerm"
                },
                "azurerm_virtual_machine.myterraformvm.0": {
                    "type": "azurerm_virtual_machine",
                    "depends_on": [
                        "azurerm_availability_set.lbas",
                        "azurerm_network_interface.myterraformnic.*",
                        "azurerm_resource_group.rg",
                        "azurerm_storage_account.mystorageaccount.*"
                    ],
                    "primary": {
                        "id": "/subscriptions/cf2be2cb-24b7-4cb0-ba3c-7bdb3966bf29/resourceGroups/TP5/providers/Microsoft.Compute/virtualMachines/myVMNameWUS0",
                        "attributes": {
                            "availability_set_id": "/subscriptions/cf2be2cb-24b7-4cb0-ba3c-7bdb3966bf29/resourcegroups/tp5/providers/microsoft.compute/availabilitysets/acceptancetestavailability",
                            "boot_diagnostics.#": "1",
                            "boot_diagnostics.0.enabled": "true",
                            "boot_diagnostics.0.storage_uri": "https://diagcf2b636d87e203fa0.blob.core.windows.net/",
                            "delete_data_disks_on_termination": "false",
                            "delete_os_disk_on_termination": "false",
                            "id": "/subscriptions/cf2be2cb-24b7-4cb0-ba3c-7bdb3966bf29/resourceGroups/TP5/providers/Microsoft.Compute/virtualMachines/myVMNameWUS0",
                            "identity.#": "0",
                            "location": "westus",
                            "name": "myVMNameWUS0",
                            "network_interface_ids.#": "1",
                            "network_interface_ids.0": "/subscriptions/cf2be2cb-24b7-4cb0-ba3c-7bdb3966bf29/resourceGroups/TP5/providers/Microsoft.Network/networkInterfaces/myNICWUS0",
                            "os_profile.#": "1",
                            "os_profile.249456377.admin_password": "",
                            "os_profile.249456377.admin_username": "azureuser",
                            "os_profile.249456377.computer_name": "myvm0",
                            "os_profile.249456377.custom_data": "",
                            "os_profile_linux_config.#": "1",
                            "os_profile_linux_config.69840937.disable_password_authentication": "true",
                            "os_profile_linux_config.69840937.ssh_keys.#": "1",
                            "os_profile_linux_config.69840937.ssh_keys.0.key_data": "ssh-rsa  AAAAB3NzaC1yc2EAAAADAQABAAABAQCym+NouF8g0DKCnFhRX6qHBVYXyaTyiPZkwL33Hr4GrYFREP4cDeTNnklIeRwXfXdgOjF5QBnMGQIKe6pki/CoulTkElz62rCOKPVmMYuudTEMmBN7eYOihDPP4Q9BrmDTakwwMpTTNxiPwpjPZaeU8UUVwKQWYDngSOX40oLW68A6oe4QGkbi2j9XqF/HbOuq7dwQV49ZPwZXiIiK0W/NZjyd7vBqUZlifwHJoVxOVhi7zjxUlHESg1qGkWWboiBnXi1a3nq/MOHlGxGdVlhQiWS+zefZsm9ZlpTSUNEuJTOaL874HcF9DtFVl3zCKeAhMzLFp5RpOJkr0taWLAgN",
                            "os_profile_linux_config.69840937.ssh_keys.0.path": "/home/azureuser/.ssh/authorized_keys",
                            "os_profile_secrets.#": "0",
                            "os_profile_windows_config.#": "0",
                            "plan.#": "0",
                            "resource_group_name": "TP5",
                            "storage_data_disk.#": "0",
                            "storage_image_reference.#": "1",
                            "storage_image_reference.363552096.id": "",
                            "storage_image_reference.363552096.offer": "UbuntuServer",
                            "storage_image_reference.363552096.publisher": "Canonical",
                            "storage_image_reference.363552096.sku": "16.04.0-LTS",
                            "storage_image_reference.363552096.version": "latest",
                            "storage_os_disk.#": "1",
                            "storage_os_disk.0.caching": "ReadWrite",
                            "storage_os_disk.0.create_option": "FromImage",
                            "storage_os_disk.0.disk_size_gb": "30",
                            "storage_os_disk.0.image_uri": "",
                            "storage_os_disk.0.managed_disk_id": "/subscriptions/cf2be2cb-24b7-4cb0-ba3c-7bdb3966bf29/resourceGroups/TP5/providers/Microsoft.Compute/disks/myOsDisk0",
                            "storage_os_disk.0.managed_disk_type": "Premium_LRS",
                            "storage_os_disk.0.name": "myOsDisk0",
                            "storage_os_disk.0.os_type": "Linux",
                            "storage_os_disk.0.vhd_uri": "",
                            "storage_os_disk.0.write_accelerator_enabled": "false",
                            "tags.%": "2",
                            "tags.environment": "dev",
                            "tags.name": "tech",
                            "vm_size": "Standard_DS1_v2",
                            "zones.#": "0"
                        },
                        "meta": {},
                        "tainted": false
                    },
                    "deposed": [],
                    "provider": "provider.azurerm"
                },
                "azurerm_virtual_machine.myterraformvm.1": {
                    "type": "azurerm_virtual_machine",
                    "depends_on": [
                        "azurerm_availability_set.lbas",
                        "azurerm_network_interface.myterraformnic.*",
                        "azurerm_resource_group.rg",
                        "azurerm_storage_account.mystorageaccount.*"
                    ],
                    "primary": {
                        "id": "/subscriptions/cf2be2cb-24b7-4cb0-ba3c-7bdb3966bf29/resourceGroups/TP5/providers/Microsoft.Compute/virtualMachines/myVMNameWUS1",
                        "attributes": {
                            "availability_set_id": "/subscriptions/cf2be2cb-24b7-4cb0-ba3c-7bdb3966bf29/resourcegroups/tp5/providers/microsoft.compute/availabilitysets/acceptancetestavailability",
                            "boot_diagnostics.#": "1",
                            "boot_diagnostics.0.enabled": "true",
                            "boot_diagnostics.0.storage_uri": "https://diagcf2b636d87e203fa1.blob.core.windows.net/",
                            "delete_data_disks_on_termination": "false",
                            "delete_os_disk_on_termination": "false",
                            "id": "/subscriptions/cf2be2cb-24b7-4cb0-ba3c-7bdb3966bf29/resourceGroups/TP5/providers/Microsoft.Compute/virtualMachines/myVMNameWUS1",
                            "identity.#": "0",
                            "location": "westus",
                            "name": "myVMNameWUS1",
                            "network_interface_ids.#": "1",
                            "network_interface_ids.0": "/subscriptions/cf2be2cb-24b7-4cb0-ba3c-7bdb3966bf29/resourceGroups/TP5/providers/Microsoft.Network/networkInterfaces/myNICWUS1",
                            "os_profile.#": "1",
                            "os_profile.398809016.admin_password": "",
                            "os_profile.398809016.admin_username": "azureuser",
                            "os_profile.398809016.computer_name": "myvm1",
                            "os_profile.398809016.custom_data": "",
                            "os_profile_linux_config.#": "1",
                            "os_profile_linux_config.69840937.disable_password_authentication": "true",
                            "os_profile_linux_config.69840937.ssh_keys.#": "1",
                            "os_profile_linux_config.69840937.ssh_keys.0.key_data": "ssh-rsa  AAAAB3NzaC1yc2EAAAADAQABAAABAQCym+NouF8g0DKCnFhRX6qHBVYXyaTyiPZkwL33Hr4GrYFREP4cDeTNnklIeRwXfXdgOjF5QBnMGQIKe6pki/CoulTkElz62rCOKPVmMYuudTEMmBN7eYOihDPP4Q9BrmDTakwwMpTTNxiPwpjPZaeU8UUVwKQWYDngSOX40oLW68A6oe4QGkbi2j9XqF/HbOuq7dwQV49ZPwZXiIiK0W/NZjyd7vBqUZlifwHJoVxOVhi7zjxUlHESg1qGkWWboiBnXi1a3nq/MOHlGxGdVlhQiWS+zefZsm9ZlpTSUNEuJTOaL874HcF9DtFVl3zCKeAhMzLFp5RpOJkr0taWLAgN",
                            "os_profile_linux_config.69840937.ssh_keys.0.path": "/home/azureuser/.ssh/authorized_keys",
                            "os_profile_secrets.#": "0",
                            "os_profile_windows_config.#": "0",
                            "plan.#": "0",
                            "resource_group_name": "TP5",
                            "storage_data_disk.#": "0",
                            "storage_image_reference.#": "1",
                            "storage_image_reference.363552096.id": "",
                            "storage_image_reference.363552096.offer": "UbuntuServer",
                            "storage_image_reference.363552096.publisher": "Canonical",
                            "storage_image_reference.363552096.sku": "16.04.0-LTS",
                            "storage_image_reference.363552096.version": "latest",
                            "storage_os_disk.#": "1",
                            "storage_os_disk.0.caching": "ReadWrite",
                            "storage_os_disk.0.create_option": "FromImage",
                            "storage_os_disk.0.disk_size_gb": "30",
                            "storage_os_disk.0.image_uri": "",
                            "storage_os_disk.0.managed_disk_id": "/subscriptions/cf2be2cb-24b7-4cb0-ba3c-7bdb3966bf29/resourceGroups/TP5/providers/Microsoft.Compute/disks/myOsDisk1",
                            "storage_os_disk.0.managed_disk_type": "Premium_LRS",
                            "storage_os_disk.0.name": "myOsDisk1",
                            "storage_os_disk.0.os_type": "Linux",
                            "storage_os_disk.0.vhd_uri": "",
                            "storage_os_disk.0.write_accelerator_enabled": "false",
                            "tags.%": "2",
                            "tags.environment": "dev",
                            "tags.name": "tech",
                            "vm_size": "Standard_DS1_v2",
                            "zones.#": "0"
                        },
                        "meta": {},
                        "tainted": false
                    },
                    "deposed": [],
                    "provider": "provider.azurerm"
                },
                "azurerm_virtual_machine.myterraformvm2": {
                    "type": "azurerm_virtual_machine",
                    "depends_on": [
                        "azurerm_network_interface.myterraformnic2",
                        "azurerm_resource_group.rg",
                        "azurerm_storage_account.mystorageaccount2"
                    ],
                    "primary": {
                        "id": "/subscriptions/cf2be2cb-24b7-4cb0-ba3c-7bdb3966bf29/resourceGroups/TP5/providers/Microsoft.Compute/virtualMachines/myVMNameEUS",
                        "attributes": {
                            "boot_diagnostics.#": "1",
                            "boot_diagnostics.0.enabled": "true",
                            "boot_diagnostics.0.storage_uri": "https://diagcd5806372d25d29d.blob.core.windows.net/",
                            "delete_data_disks_on_termination": "false",
                            "delete_os_disk_on_termination": "false",
                            "id": "/subscriptions/cf2be2cb-24b7-4cb0-ba3c-7bdb3966bf29/resourceGroups/TP5/providers/Microsoft.Compute/virtualMachines/myVMNameEUS",
                            "identity.#": "0",
                            "location": "westus",
                            "name": "myVMNameEUS",
                            "network_interface_ids.#": "1",
                            "network_interface_ids.0": "/subscriptions/cf2be2cb-24b7-4cb0-ba3c-7bdb3966bf29/resourceGroups/TP5/providers/Microsoft.Network/networkInterfaces/myNICEUS",
                            "os_profile.#": "1",
                            "os_profile.3366204251.admin_password": "",
                            "os_profile.3366204251.admin_username": "azureuser",
                            "os_profile.3366204251.computer_name": "myappvm",
                            "os_profile.3366204251.custom_data": "",
                            "os_profile_linux_config.#": "1",
                            "os_profile_linux_config.69840937.disable_password_authentication": "true",
                            "os_profile_linux_config.69840937.ssh_keys.#": "1",
                            "os_profile_linux_config.69840937.ssh_keys.0.key_data": "ssh-rsa  AAAAB3NzaC1yc2EAAAADAQABAAABAQCym+NouF8g0DKCnFhRX6qHBVYXyaTyiPZkwL33Hr4GrYFREP4cDeTNnklIeRwXfXdgOjF5QBnMGQIKe6pki/CoulTkElz62rCOKPVmMYuudTEMmBN7eYOihDPP4Q9BrmDTakwwMpTTNxiPwpjPZaeU8UUVwKQWYDngSOX40oLW68A6oe4QGkbi2j9XqF/HbOuq7dwQV49ZPwZXiIiK0W/NZjyd7vBqUZlifwHJoVxOVhi7zjxUlHESg1qGkWWboiBnXi1a3nq/MOHlGxGdVlhQiWS+zefZsm9ZlpTSUNEuJTOaL874HcF9DtFVl3zCKeAhMzLFp5RpOJkr0taWLAgN",
                            "os_profile_linux_config.69840937.ssh_keys.0.path": "/home/azureuser/.ssh/authorized_keys",
                            "os_profile_secrets.#": "0",
                            "os_profile_windows_config.#": "0",
                            "plan.#": "0",
                            "resource_group_name": "TP5",
                            "storage_data_disk.#": "0",
                            "storage_image_reference.#": "1",
                            "storage_image_reference.363552096.id": "",
                            "storage_image_reference.363552096.offer": "UbuntuServer",
                            "storage_image_reference.363552096.publisher": "Canonical",
                            "storage_image_reference.363552096.sku": "16.04.0-LTS",
                            "storage_image_reference.363552096.version": "latest",
                            "storage_os_disk.#": "1",
                            "storage_os_disk.0.caching": "ReadWrite",
                            "storage_os_disk.0.create_option": "FromImage",
                            "storage_os_disk.0.disk_size_gb": "30",
                            "storage_os_disk.0.image_uri": "",
                            "storage_os_disk.0.managed_disk_id": "/subscriptions/cf2be2cb-24b7-4cb0-ba3c-7bdb3966bf29/resourceGroups/TP5/providers/Microsoft.Compute/disks/myOsDisk-appVM",
                            "storage_os_disk.0.managed_disk_type": "Premium_LRS",
                            "storage_os_disk.0.name": "myOsDisk-appVM",
                            "storage_os_disk.0.os_type": "Linux",
                            "storage_os_disk.0.vhd_uri": "",
                            "storage_os_disk.0.write_accelerator_enabled": "false",
                            "tags.%": "2",
                            "tags.environment": "dev",
                            "tags.name": "APPs",
                            "vm_size": "Standard_DS1_v2",
                            "zones.#": "0"
                        },
                        "meta": {},
                        "tainted": false
                    },
                    "deposed": [],
                    "provider": "provider.azurerm"
                },
                "azurerm_virtual_machine.myterraformvm3": {
                    "type": "azurerm_virtual_machine",
                    "depends_on": [
                        "azurerm_network_interface.myterraformnic3",
                        "azurerm_resource_group.rg",
                        "azurerm_storage_account.mystorageaccount3"
                    ],
                    "primary": {
                        "id": "/subscriptions/cf2be2cb-24b7-4cb0-ba3c-7bdb3966bf29/resourceGroups/TP5/providers/Microsoft.Compute/virtualMachines/myVMNameEN",
                        "attributes": {
                            "boot_diagnostics.#": "1",
                            "boot_diagnostics.0.enabled": "true",
                            "boot_diagnostics.0.storage_uri": "https://diag4c2861b7e19eaf94.blob.core.windows.net/",
                            "delete_data_disks_on_termination": "false",
                            "delete_os_disk_on_termination": "false",
                            "id": "/subscriptions/cf2be2cb-24b7-4cb0-ba3c-7bdb3966bf29/resourceGroups/TP5/providers/Microsoft.Compute/virtualMachines/myVMNameEN",
                            "identity.#": "0",
                            "location": "westus",
                            "name": "myVMNameEN",
                            "network_interface_ids.#": "1",
                            "network_interface_ids.0": "/subscriptions/cf2be2cb-24b7-4cb0-ba3c-7bdb3966bf29/resourceGroups/TP5/providers/Microsoft.Network/networkInterfaces/myNICNE",
                            "os_profile.#": "1",
                            "os_profile.693807964.admin_password": "",
                            "os_profile.693807964.admin_username": "azureuser",
                            "os_profile.693807964.computer_name": "mydatavm",
                            "os_profile.693807964.custom_data": "",
                            "os_profile_linux_config.#": "1",
                            "os_profile_linux_config.69840937.disable_password_authentication": "true",
                            "os_profile_linux_config.69840937.ssh_keys.#": "1",
                            "os_profile_linux_config.69840937.ssh_keys.0.key_data": "ssh-rsa  AAAAB3NzaC1yc2EAAAADAQABAAABAQCym+NouF8g0DKCnFhRX6qHBVYXyaTyiPZkwL33Hr4GrYFREP4cDeTNnklIeRwXfXdgOjF5QBnMGQIKe6pki/CoulTkElz62rCOKPVmMYuudTEMmBN7eYOihDPP4Q9BrmDTakwwMpTTNxiPwpjPZaeU8UUVwKQWYDngSOX40oLW68A6oe4QGkbi2j9XqF/HbOuq7dwQV49ZPwZXiIiK0W/NZjyd7vBqUZlifwHJoVxOVhi7zjxUlHESg1qGkWWboiBnXi1a3nq/MOHlGxGdVlhQiWS+zefZsm9ZlpTSUNEuJTOaL874HcF9DtFVl3zCKeAhMzLFp5RpOJkr0taWLAgN",
                            "os_profile_linux_config.69840937.ssh_keys.0.path": "/home/azureuser/.ssh/authorized_keys",
                            "os_profile_secrets.#": "0",
                            "os_profile_windows_config.#": "0",
                            "plan.#": "0",
                            "resource_group_name": "TP5",
                            "storage_data_disk.#": "0",
                            "storage_image_reference.#": "1",
                            "storage_image_reference.363552096.id": "",
                            "storage_image_reference.363552096.offer": "UbuntuServer",
                            "storage_image_reference.363552096.publisher": "Canonical",
                            "storage_image_reference.363552096.sku": "16.04.0-LTS",
                            "storage_image_reference.363552096.version": "latest",
                            "storage_os_disk.#": "1",
                            "storage_os_disk.0.caching": "ReadWrite",
                            "storage_os_disk.0.create_option": "FromImage",
                            "storage_os_disk.0.disk_size_gb": "30",
                            "storage_os_disk.0.image_uri": "",
                            "storage_os_disk.0.managed_disk_id": "/subscriptions/cf2be2cb-24b7-4cb0-ba3c-7bdb3966bf29/resourceGroups/TP5/providers/Microsoft.Compute/disks/myOsDisk-dataVM",
                            "storage_os_disk.0.managed_disk_type": "Premium_LRS",
                            "storage_os_disk.0.name": "myOsDisk-dataVM",
                            "storage_os_disk.0.os_type": "Linux",
                            "storage_os_disk.0.vhd_uri": "",
                            "storage_os_disk.0.write_accelerator_enabled": "false",
                            "tags.%": "2",
                            "tags.environment": "dev",
                            "tags.name": "APPs",
                            "vm_size": "Standard_DS1_v2",
                            "zones.#": "0"
                        },
                        "meta": {},
                        "tainted": false
                    },
                    "deposed": [],
                    "provider": "provider.azurerm"
                },
                "azurerm_virtual_network.myterraformnetwork": {
                    "type": "azurerm_virtual_network",
                    "depends_on": [
                        "azurerm_resource_group.rg"
                    ],
                    "primary": {
                        "id": "/subscriptions/cf2be2cb-24b7-4cb0-ba3c-7bdb3966bf29/resourceGroups/TP5/providers/Microsoft.Network/virtualNetworks/myVNetWUS",
                        "attributes": {
                            "address_space.#": "1",
                            "address_space.0": "10.0.0.0/27",
                            "ddos_protection_plan.#": "0",
                            "dns_servers.#": "0",
                            "id": "/subscriptions/cf2be2cb-24b7-4cb0-ba3c-7bdb3966bf29/resourceGroups/TP5/providers/Microsoft.Network/virtualNetworks/myVNetWUS",
                            "location": "westus",
                            "name": "myVNetWUS",
                            "resource_group_name": "TP5",
                            "subnet.#": "0",
                            "tags.%": "0"
                        },
                        "meta": {},
                        "tainted": false
                    },
                    "deposed": [],
                    "provider": "provider.azurerm"
                },
                "azurerm_virtual_network.myterraformnetwork2": {
                    "type": "azurerm_virtual_network",
                    "depends_on": [
                        "azurerm_resource_group.rg"
                    ],
                    "primary": {
                        "id": "/subscriptions/cf2be2cb-24b7-4cb0-ba3c-7bdb3966bf29/resourceGroups/TP5/providers/Microsoft.Network/virtualNetworks/myVNetEUS",
                        "attributes": {
                            "address_space.#": "1",
                            "address_space.0": "11.0.0.0/27",
                            "ddos_protection_plan.#": "0",
                            "dns_servers.#": "0",
                            "id": "/subscriptions/cf2be2cb-24b7-4cb0-ba3c-7bdb3966bf29/resourceGroups/TP5/providers/Microsoft.Network/virtualNetworks/myVNetEUS",
                            "location": "westus",
                            "name": "myVNetEUS",
                            "resource_group_name": "TP5",
                            "subnet.#": "0",
                            "tags.%": "0"
                        },
                        "meta": {},
                        "tainted": false
                    },
                    "deposed": [],
                    "provider": "provider.azurerm"
                },
                "azurerm_virtual_network.myterraformnetwork3": {
                    "type": "azurerm_virtual_network",
                    "depends_on": [
                        "azurerm_resource_group.rg"
                    ],
                    "primary": {
                        "id": "/subscriptions/cf2be2cb-24b7-4cb0-ba3c-7bdb3966bf29/resourceGroups/TP5/providers/Microsoft.Network/virtualNetworks/myVNetNE",
                        "attributes": {
                            "address_space.#": "1",
                            "address_space.0": "12.0.0.0/27",
                            "ddos_protection_plan.#": "0",
                            "dns_servers.#": "0",
                            "id": "/subscriptions/cf2be2cb-24b7-4cb0-ba3c-7bdb3966bf29/resourceGroups/TP5/providers/Microsoft.Network/virtualNetworks/myVNetNE",
                            "location": "westus",
                            "name": "myVNetNE",
                            "resource_group_name": "TP5",
                            "subnet.#": "0",
                            "tags.%": "0"
                        },
                        "meta": {},
                        "tainted": false
                    },
                    "deposed": [],
                    "provider": "provider.azurerm"
                },
                "random_id.randomId": {
                    "type": "random_id",
                    "depends_on": [
                        "azurerm_resource_group.rg"
                    ],
                    "primary": {
                        "id": "zytjbYfiA_o",
                        "attributes": {
                            "b64": "zytjbYfiA_o",
                            "b64_std": "zytjbYfiA/o=",
                            "b64_url": "zytjbYfiA_o",
                            "byte_length": "8",
                            "dec": "14928134711931962362",
                            "hex": "cf2b636d87e203fa",
                            "id": "zytjbYfiA_o",
                            "keepers.%": "1",
                            "keepers.resource_group": "TP5"
                        },
                        "meta": {},
                        "tainted": false
                    },
                    "deposed": [],
                    "provider": "provider.random"
                },
                "random_id.randomId2": {
                    "type": "random_id",
                    "depends_on": [
                        "azurerm_resource_group.rg"
                    ],
                    "primary": {
                        "id": "zVgGNy0l0p0",
                        "attributes": {
                            "b64": "zVgGNy0l0p0",
                            "b64_std": "zVgGNy0l0p0=",
                            "b64_url": "zVgGNy0l0p0",
                            "byte_length": "8",
                            "dec": "14796583409776186013",
                            "hex": "cd5806372d25d29d",
                            "id": "zVgGNy0l0p0",
                            "keepers.%": "1",
                            "keepers.resource_group": "TP5"
                        },
                        "meta": {},
                        "tainted": false
                    },
                    "deposed": [],
                    "provider": "provider.random"
                },
                "random_id.randomId3": {
                    "type": "random_id",
                    "depends_on": [
                        "azurerm_resource_group.rg"
                    ],
                    "primary": {
                        "id": "TChht-Ger5Q",
                        "attributes": {
                            "b64": "TChht-Ger5Q",
                            "b64_std": "TChht+Ger5Q=",
                            "b64_url": "TChht-Ger5Q",
                            "byte_length": "8",
                            "dec": "5487743588343132052",
                            "hex": "4c2861b7e19eaf94",
                            "id": "TChht-Ger5Q",
                            "keepers.%": "1",
                            "keepers.resource_group": "TP5"
                        },
                        "meta": {},
                        "tainted": false
                    },
                    "deposed": [],
                    "provider": "provider.random"
                }
            },
            "depends_on": []
        }
    ]
}
